// !$*UTF8*$!
{
	archiveVersion = 1;
	classes = {
	};
	objectVersion = 70;
	objects = {

/* Begin PBXBuildFile section */
		034C71652C64FAFF0040AD4F /* SnapKit in Frameworks */ = {isa = PBXBuildFile; productRef = 034C71642C64FAFF0040AD4F /* SnapKit */; };
		034EADDF2CC78654006C0C9C /* ServiceManagement.framework in Frameworks */ = {isa = PBXBuildFile; fileRef = 034EADDE2CC78654006C0C9C /* ServiceManagement.framework */; };
		034EADE12CC786BF006C0C9C /* climbrHelper.app in CopyFiles */ = {isa = PBXBuildFile; fileRef = 034EADCD2CC78493006C0C9C /* climbrHelper.app */; settings = {ATTRIBUTES = (RemoveHeadersOnCopy, ); }; };
		8A6FF3242CD681B900E8E5EC /* overlay_notification-2.riv in Resources */ = {isa = PBXBuildFile; fileRef = 8A6FF3232CD681B900E8E5EC /* overlay_notification-2.riv */; };
		8A6FF3272CD6828900E8E5EC /* OverlayNotifServices.swift in Sources */ = {isa = PBXBuildFile; fileRef = 8A6FF3262CD6828900E8E5EC /* OverlayNotifServices.swift */; };
		8A6FF3292CD682C700E8E5EC /* OverlayView.swift in Sources */ = {isa = PBXBuildFile; fileRef = 8A6FF3282CD682C700E8E5EC /* OverlayView.swift */; };
		8A6FF32B2CD682ED00E8E5EC /* OverlayWindow.swift in Sources */ = {isa = PBXBuildFile; fileRef = 8A6FF32A2CD682ED00E8E5EC /* OverlayWindow.swift */; };
		8A6FF3532CD891A600E8E5EC /* ModelFixV8.mlmodel in Sources */ = {isa = PBXBuildFile; fileRef = 8A6FF3522CD891A600E8E5EC /* ModelFixV8.mlmodel */; };
		900852932CDA679500317C4F /* splash_screen.riv in Resources */ = {isa = PBXBuildFile; fileRef = 900852922CDA679500317C4F /* splash_screen.riv */; };
		9095DFD02CD6683300280F13 /* main.swift in Sources */ = {isa = PBXBuildFile; fileRef = 9095DFCC2CD6683300280F13 /* main.swift */; };
		9095DFD12CD6683300280F13 /* MainWindow.swift in Sources */ = {isa = PBXBuildFile; fileRef = 9095DFCE2CD6683300280F13 /* MainWindow.swift */; };
		9095DFD22CD6683300280F13 /* AppDelegate+MenuBar+Extension.swift in Sources */ = {isa = PBXBuildFile; fileRef = 9095DFC92CD6683300280F13 /* AppDelegate+MenuBar+Extension.swift */; };
		9095DFD32CD6683300280F13 /* MainVC.swift in Sources */ = {isa = PBXBuildFile; fileRef = 9095DFCD2CD6683300280F13 /* MainVC.swift */; };
		9095DFD42CD6683300280F13 /* AppDelegate.swift in Sources */ = {isa = PBXBuildFile; fileRef = 9095DFCB2CD6683300280F13 /* AppDelegate.swift */; };
		9095DFFC2CD6683D00280F13 /* CLTextButtonV2.swift in Sources */ = {isa = PBXBuildFile; fileRef = 9095DFE12CD6683D00280F13 /* CLTextButtonV2.swift */; };
		9095DFFD2CD6683D00280F13 /* SwinjectExtension.swift in Sources */ = {isa = PBXBuildFile; fileRef = 9095DFF92CD6683D00280F13 /* SwinjectExtension.swift */; };
		9095DFFE2CD6683D00280F13 /* PredictorService.swift in Sources */ = {isa = PBXBuildFile; fileRef = 9095DFDA2CD6683D00280F13 /* PredictorService.swift */; };
		9095DFFF2CD6683D00280F13 /* EquipmentService.swift in Sources */ = {isa = PBXBuildFile; fileRef = 9095DFD72CD6683D00280F13 /* EquipmentService.swift */; };
		9095E0002CD6683D00280F13 /* CLPickerButton.swift in Sources */ = {isa = PBXBuildFile; fileRef = 9095DFE02CD6683D00280F13 /* CLPickerButton.swift */; };
		9095E0012CD6683D00280F13 /* CLImageButton.swift in Sources */ = {isa = PBXBuildFile; fileRef = 9095DFDF2CD6683D00280F13 /* CLImageButton.swift */; };
		9095E0022CD6683D00280F13 /* DateExtension.swift in Sources */ = {isa = PBXBuildFile; fileRef = 9095DFF72CD6683D00280F13 /* DateExtension.swift */; };
		9095E0032CD6683D00280F13 /* CLBlurEffectView.swift in Sources */ = {isa = PBXBuildFile; fileRef = 9095DFF02CD6683D00280F13 /* CLBlurEffectView.swift */; };
		9095E0042CD6683D00280F13 /* CameraService.swift in Sources */ = {isa = PBXBuildFile; fileRef = 9095DFD62CD6683D00280F13 /* CameraService.swift */; };
		9095E0052CD6683D00280F13 /* Divider.swift in Sources */ = {isa = PBXBuildFile; fileRef = 9095DFE52CD6683D00280F13 /* Divider.swift */; };
		9095E0062CD6683D00280F13 /* ProgressService.swift in Sources */ = {isa = PBXBuildFile; fileRef = 9095DFDB2CD6683D00280F13 /* ProgressService.swift */; };
		9095E0072CD6683D00280F13 /* CLGradientContainer.swift in Sources */ = {isa = PBXBuildFile; fileRef = 9095DFF12CD6683D00280F13 /* CLGradientContainer.swift */; };
		9095E0082CD6683D00280F13 /* CollectionExtension.swift in Sources */ = {isa = PBXBuildFile; fileRef = 9095DFF62CD6683D00280F13 /* CollectionExtension.swift */; };
		9095E0092CD6683D00280F13 /* UserDefaultsKey.swift in Sources */ = {isa = PBXBuildFile; fileRef = 9095DFF42CD6683D00280F13 /* UserDefaultsKey.swift */; };
		9095E00A2CD6683D00280F13 /* ExcerciseGuidanceService.swift in Sources */ = {isa = PBXBuildFile; fileRef = 9095DFD82CD6683D00280F13 /* ExcerciseGuidanceService.swift */; };
		9095E00B2CD6683D00280F13 /* CLLabel.swift in Sources */ = {isa = PBXBuildFile; fileRef = 9095DFE92CD6683D00280F13 /* CLLabel.swift */; };
		9095E00C2CD6683D00280F13 /* SubtractedView.swift in Sources */ = {isa = PBXBuildFile; fileRef = 9095DFEE2CD6683D00280F13 /* SubtractedView.swift */; };
		9095E00D2CD6683D00280F13 /* CLTextLabelV2.swift in Sources */ = {isa = PBXBuildFile; fileRef = 9095DFEA2CD6683D00280F13 /* CLTextLabelV2.swift */; };
		9095E00E2CD6683D00280F13 /* NSViewControllerExtension.swift in Sources */ = {isa = PBXBuildFile; fileRef = 9095DFF82CD6683D00280F13 /* NSViewControllerExtension.swift */; };
		9095E00F2CD6683D00280F13 /* CLSFSymbol.swift in Sources */ = {isa = PBXBuildFile; fileRef = 9095DFE72CD6683D00280F13 /* CLSFSymbol.swift */; };
		9095E0102CD6683D00280F13 /* UserService.swift in Sources */ = {isa = PBXBuildFile; fileRef = 9095DFDD2CD6683D00280F13 /* UserService.swift */; };
		9095E0112CD6683D00280F13 /* StreakService.swift in Sources */ = {isa = PBXBuildFile; fileRef = 9095DFDC2CD6683D00280F13 /* StreakService.swift */; };
		9095E0122CD6683D00280F13 /* CLTextField.swift in Sources */ = {isa = PBXBuildFile; fileRef = 9095DFEC2CD6683D00280F13 /* CLTextField.swift */; };
		9095E0132CD6683D00280F13 /* NotificationService.swift in Sources */ = {isa = PBXBuildFile; fileRef = 9095DFD92CD6683D00280F13 /* NotificationService.swift */; };
		9095E0142CD6683D00280F13 /* CLDatePicker.swift in Sources */ = {isa = PBXBuildFile; fileRef = 9095DFE32CD6683D00280F13 /* CLDatePicker.swift */; };
		9095E0152CD6683D00280F13 /* AudioService.swift in Sources */ = {isa = PBXBuildFile; fileRef = 9095DFD52CD6683D00280F13 /* AudioService.swift */; };
		9095E06D2CD6684900280F13 /* crossBodyShoulder-Left.mp4 in Resources */ = {isa = PBXBuildFile; fileRef = 9095E0292CD6684800280F13 /* crossBodyShoulder-Left.mp4 */; };
		9095E06E2CD6684900280F13 /* tricepStatic-Left.mp4 in Resources */ = {isa = PBXBuildFile; fileRef = 9095E0352CD6684800280F13 /* tricepStatic-Left.mp4 */; };
		9095E06F2CD6684900280F13 /* snow.mp3 in Resources */ = {isa = PBXBuildFile; fileRef = 9095E01E2CD6684800280F13 /* snow.mp3 */; };
		9095E0702CD6684900280F13 /* crossBodyShoulder-Right.mp4 in Resources */ = {isa = PBXBuildFile; fileRef = 9095E02A2CD6684800280F13 /* crossBodyShoulder-Right.mp4 */; };
		9095E0712CD6684900280F13 /* next-move.mp3 in Resources */ = {isa = PBXBuildFile; fileRef = 9095E0242CD6684800280F13 /* next-move.mp3 */; };
		9095E0722CD6684900280F13 /* summer.mp3 in Resources */ = {isa = PBXBuildFile; fileRef = 9095E01F2CD6684800280F13 /* summer.mp3 */; };
		9095E0732CD6684900280F13 /* frontShoulderStatic-Left.mp4 in Resources */ = {isa = PBXBuildFile; fileRef = 9095E02B2CD6684800280F13 /* frontShoulderStatic-Left.mp4 */; };
		9095E0742CD6684900280F13 /* upperBackStretch-Up.mp4 in Resources */ = {isa = PBXBuildFile; fileRef = 9095E03A2CD6684800280F13 /* upperBackStretch-Up.mp4 */; };
		9095E0752CD6684900280F13 /* correct.mp3 in Resources */ = {isa = PBXBuildFile; fileRef = 9095E0212CD6684800280F13 /* correct.mp3 */; };
		9095E0762CD6684900280F13 /* lowerBackSpin-Right.mp4 in Resources */ = {isa = PBXBuildFile; fileRef = 9095E02E2CD6684800280F13 /* lowerBackSpin-Right.mp4 */; };
		9095E0772CD6684900280F13 /* neckDeep-Right.mp4 in Resources */ = {isa = PBXBuildFile; fileRef = 9095E0302CD6684800280F13 /* neckDeep-Right.mp4 */; };
		9095E0782CD6684900280F13 /* night.mp3 in Resources */ = {isa = PBXBuildFile; fileRef = 9095E01D2CD6684800280F13 /* night.mp3 */; };
		9095E0792CD6684900280F13 /* neckDeep-Left.mp4 in Resources */ = {isa = PBXBuildFile; fileRef = 9095E02F2CD6684800280F13 /* neckDeep-Left.mp4 */; };
		9095E07A2CD6684900280F13 /* neckRotation-Right.mp4 in Resources */ = {isa = PBXBuildFile; fileRef = 9095E0342CD6684800280F13 /* neckRotation-Right.mp4 */; };
		9095E07B2CD6684900280F13 /* neckRotation-Left.mp4 in Resources */ = {isa = PBXBuildFile; fileRef = 9095E0332CD6684800280F13 /* neckRotation-Left.mp4 */; };
		9095E07C2CD6684900280F13 /* upperBackStretch-Right.mp4 in Resources */ = {isa = PBXBuildFile; fileRef = 9095E0392CD6684800280F13 /* upperBackStretch-Right.mp4 */; };
		9095E07D2CD6684900280F13 /* upperBackStretch-Front.mp4 in Resources */ = {isa = PBXBuildFile; fileRef = 9095E0372CD6684800280F13 /* upperBackStretch-Front.mp4 */; };
		9095E07E2CD6684900280F13 /* upperBackStretch-Left.mp4 in Resources */ = {isa = PBXBuildFile; fileRef = 9095E0382CD6684800280F13 /* upperBackStretch-Left.mp4 */; };
		9095E07F2CD6684900280F13 /* frontShoulderStatic-Right.mp4 in Resources */ = {isa = PBXBuildFile; fileRef = 9095E02C2CD6684800280F13 /* frontShoulderStatic-Right.mp4 */; };
		9095E0802CD6684900280F13 /* tricepStatic-Right.mp4 in Resources */ = {isa = PBXBuildFile; fileRef = 9095E0362CD6684800280F13 /* tricepStatic-Right.mp4 */; };
		9095E0812CD6684900280F13 /* climbr.riv in Resources */ = {isa = PBXBuildFile; fileRef = 9095E0272CD6684800280F13 /* climbr.riv */; };
		9095E0822CD6684900280F13 /* incorrect.mp3 in Resources */ = {isa = PBXBuildFile; fileRef = 9095E0232CD6684800280F13 /* incorrect.mp3 */; };
		9095E0832CD6684900280F13 /* Assets.xcassets in Resources */ = {isa = PBXBuildFile; fileRef = 9095E03F2CD6684800280F13 /* Assets.xcassets */; };
		9095E0842CD6684900280F13 /* countdown.mp3 in Resources */ = {isa = PBXBuildFile; fileRef = 9095E0222CD6684800280F13 /* countdown.mp3 */; };
		9095E0852CD6684900280F13 /* neckExtension-Front.mp4 in Resources */ = {isa = PBXBuildFile; fileRef = 9095E0322CD6684800280F13 /* neckExtension-Front.mp4 */; };
		9095E0862CD6684900280F13 /* neckExtension-Back.mp4 in Resources */ = {isa = PBXBuildFile; fileRef = 9095E0312CD6684800280F13 /* neckExtension-Back.mp4 */; };
		9095E0872CD6684900280F13 /* lowerBackSpin-Left.mp4 in Resources */ = {isa = PBXBuildFile; fileRef = 9095E02D2CD6684800280F13 /* lowerBackSpin-Left.mp4 */; };
		9095E0882CD6684900280F13 /* DaysButtonStackView.swift in Sources */ = {isa = PBXBuildFile; fileRef = 9095E0492CD6684800280F13 /* DaysButtonStackView.swift */; };
		9095E0892CD6684900280F13 /* CurrentMovementView.swift in Sources */ = {isa = PBXBuildFile; fileRef = 9095E05C2CD6684800280F13 /* CurrentMovementView.swift */; };
		9095E08A2CD6684900280F13 /* UserPreference+Extension.swift in Sources */ = {isa = PBXBuildFile; fileRef = 9095E04D2CD6684800280F13 /* UserPreference+Extension.swift */; };
		9095E08B2CD6684900280F13 /* HomeVC+Extension.swift in Sources */ = {isa = PBXBuildFile; fileRef = 9095E0452CD6684800280F13 /* HomeVC+Extension.swift */; };
		9095E08C2CD6684900280F13 /* StretchingResultVC+Extension.swift in Sources */ = {isa = PBXBuildFile; fileRef = 9095E0652CD6684800280F13 /* StretchingResultVC+Extension.swift */; };
		9095E08D2CD6684900280F13 /* TutorialVC+Extension.swift in Sources */ = {isa = PBXBuildFile; fileRef = 9095E06A2CD6684800280F13 /* TutorialVC+Extension.swift */; };
		9095E08F2CD6684900280F13 /* StretchingVC+Extension.swift in Sources */ = {isa = PBXBuildFile; fileRef = 9095E0672CD6684800280F13 /* StretchingVC+Extension.swift */; };
		9095E0902CD6684900280F13 /* Streak.swift in Sources */ = {isa = PBXBuildFile; fileRef = 9095E0192CD6684800280F13 /* Streak.swift */; };
		9095E0912CD6684900280F13 /* CollectionContainerView.swift in Sources */ = {isa = PBXBuildFile; fileRef = 9095E0512CD6684800280F13 /* CollectionContainerView.swift */; };
		9095E0922CD6684900280F13 /* Movement.swift in Sources */ = {isa = PBXBuildFile; fileRef = 9095E0182CD6684800280F13 /* Movement.swift */; };
		9095E0932CD6684900280F13 /* StretchingResultVC.swift in Sources */ = {isa = PBXBuildFile; fileRef = 9095E0642CD6684800280F13 /* StretchingResultVC.swift */; };
		9095E0942CD6684900280F13 /* ExerciseInstructionView.swift in Sources */ = {isa = PBXBuildFile; fileRef = 9095E05E2CD6684800280F13 /* ExerciseInstructionView.swift */; };
		9095E0952CD6684900280F13 /* HomeVC.swift in Sources */ = {isa = PBXBuildFile; fileRef = 9095E0442CD6684800280F13 /* HomeVC.swift */; };
		9095E0962CD6684900280F13 /* ShopItemVC+Extensions.swift in Sources */ = {isa = PBXBuildFile; fileRef = 9095E0572CD6684800280F13 /* ShopItemVC+Extensions.swift */; };
		9095E0972CD6684900280F13 /* ProgressStretchVC.swift in Sources */ = {isa = PBXBuildFile; fileRef = 9095E0612CD6684800280F13 /* ProgressStretchVC.swift */; };
		9095E0982CD6684900280F13 /* GridItemView.swift in Sources */ = {isa = PBXBuildFile; fileRef = 9095E0532CD6684800280F13 /* GridItemView.swift */; };
		9095E0992CD6684900280F13 /* ShopItemVC.swift in Sources */ = {isa = PBXBuildFile; fileRef = 9095E0562CD6684800280F13 /* ShopItemVC.swift */; };
		9095E09A2CD6684900280F13 /* CollectionContainerView+Extensions.swift in Sources */ = {isa = PBXBuildFile; fileRef = 9095E0522CD6684800280F13 /* CollectionContainerView+Extensions.swift */; };
		9095E09B2CD6684900280F13 /* CameraPreviewView.swift in Sources */ = {isa = PBXBuildFile; fileRef = 9095E05B2CD6684800280F13 /* CameraPreviewView.swift */; };
		9095E09C2CD6684900280F13 /* Equipment.swift in Sources */ = {isa = PBXBuildFile; fileRef = 9095E0172CD6684800280F13 /* Equipment.swift */; };
		9095E09D2CD6684900280F13 /* TypeButtonView.swift in Sources */ = {isa = PBXBuildFile; fileRef = 9095E0542CD6684800280F13 /* TypeButtonView.swift */; };
		9095E09E2CD6684900280F13 /* SettingVC+Extension.swift in Sources */ = {isa = PBXBuildFile; fileRef = 9095E0422CD6684800280F13 /* SettingVC+Extension.swift */; };
		9095E09F2CD6684900280F13 /* WorkingHour.swift in Sources */ = {isa = PBXBuildFile; fileRef = 9095E01B2CD6684800280F13 /* WorkingHour.swift */; };
		9095E0A02CD6684900280F13 /* MovementStateView.swift in Sources */ = {isa = PBXBuildFile; fileRef = 9095E05F2CD6684800280F13 /* MovementStateView.swift */; };
		9095E0A12CD6684900280F13 /* ModelFixV5.mlmodel in Sources */ = {isa = PBXBuildFile; fileRef = 9095E03C2CD6684800280F13 /* ModelFixV5.mlmodel */; };
		9095E0A22CD6684900280F13 /* EndSessionAlertVC.swift in Sources */ = {isa = PBXBuildFile; fileRef = 9095E05D2CD6684800280F13 /* EndSessionAlertVC.swift */; };
		9095E0A32CD6684900280F13 /* ChooseCharacterVC.swift in Sources */ = {isa = PBXBuildFile; fileRef = 9095E04C2CD6684800280F13 /* ChooseCharacterVC.swift */; };
		9095E0A42CD6684900280F13 /* DayTimePreferenceView.swift in Sources */ = {isa = PBXBuildFile; fileRef = 9095E04A2CD6684800280F13 /* DayTimePreferenceView.swift */; };
		9095E0A52CD6684900280F13 /* UserPreferenceVC.swift in Sources */ = {isa = PBXBuildFile; fileRef = 9095E04E2CD6684800280F13 /* UserPreferenceVC.swift */; };
		9095E0A62CD6684900280F13 /* StretchingVC.swift in Sources */ = {isa = PBXBuildFile; fileRef = 9095E0662CD6684800280F13 /* StretchingVC.swift */; };
		9095E0A72CD6684900280F13 /* BuyButtonView.swift in Sources */ = {isa = PBXBuildFile; fileRef = 9095E0502CD6684800280F13 /* BuyButtonView.swift */; };
		9095E0A82CD6684900280F13 /* Character.swift in Sources */ = {isa = PBXBuildFile; fileRef = 9095E0162CD6684800280F13 /* Character.swift */; };
		9095E0A92CD6684900280F13 /* SplashVC.swift in Sources */ = {isa = PBXBuildFile; fileRef = 9095E0592CD6684800280F13 /* SplashVC.swift */; };
		9095E0AA2CD6684900280F13 /* MenuBarVC.swift in Sources */ = {isa = PBXBuildFile; fileRef = 9095E0472CD6684800280F13 /* MenuBarVC.swift */; };
		9095E0AB2CD6684900280F13 /* ProgressUserView.swift in Sources */ = {isa = PBXBuildFile; fileRef = 9095E0622CD6684800280F13 /* ProgressUserView.swift */; };
		9095E0AC2CD6684900280F13 /* UserPreference.swift in Sources */ = {isa = PBXBuildFile; fileRef = 9095E01A2CD6684800280F13 /* UserPreference.swift */; };
		9095E0AD2CD6684900280F13 /* NextMovementView.swift in Sources */ = {isa = PBXBuildFile; fileRef = 9095E0602CD6684800280F13 /* NextMovementView.swift */; };
		9095E0AE2CD6684900280F13 /* SettingVC.swift in Sources */ = {isa = PBXBuildFile; fileRef = 9095E0412CD6684800280F13 /* SettingVC.swift */; };
		9095E0AF2CD6684900280F13 /* TutorialVC.swift in Sources */ = {isa = PBXBuildFile; fileRef = 9095E0692CD6684800280F13 /* TutorialVC.swift */; };
		9095E0C12CD6685400280F13 /* StreakManager.swift in Sources */ = {isa = PBXBuildFile; fileRef = 9095E0BE2CD6685400280F13 /* StreakManager.swift */; };
		9095E0C22CD6685400280F13 /* AudioManager.swift in Sources */ = {isa = PBXBuildFile; fileRef = 9095E0B72CD6685400280F13 /* AudioManager.swift */; };
		9095E0C32CD6685400280F13 /* EquipmentManager.swift in Sources */ = {isa = PBXBuildFile; fileRef = 9095E0B92CD6685400280F13 /* EquipmentManager.swift */; };
		9095E0C42CD6685400280F13 /* ProgressManager.swift in Sources */ = {isa = PBXBuildFile; fileRef = 9095E0BD2CD6685400280F13 /* ProgressManager.swift */; };
		9095E0C52CD6685400280F13 /* PersistenceController.swift in Sources */ = {isa = PBXBuildFile; fileRef = 9095E0B32CD6685400280F13 /* PersistenceController.swift */; };
		9095E0C62CD6685400280F13 /* PredictorManager.swift in Sources */ = {isa = PBXBuildFile; fileRef = 9095E0BC2CD6685400280F13 /* PredictorManager.swift */; };
		9095E0C72CD6685400280F13 /* CameraManager.swift in Sources */ = {isa = PBXBuildFile; fileRef = 9095E0B82CD6685400280F13 /* CameraManager.swift */; };
		9095E0C82CD6685400280F13 /* Equipment+CoreDataProperties.swift in Sources */ = {isa = PBXBuildFile; fileRef = 9095E0B22CD6685400280F13 /* Equipment+CoreDataProperties.swift */; };
		9095E0C92CD6685400280F13 /* ClimbrDataSource.xcdatamodel in Sources */ = {isa = PBXBuildFile; fileRef = 9095E0B02CD6685400280F13 /* ClimbrDataSource.xcdatamodel */; };
		9095E0CA2CD6685400280F13 /* UserManager.swift in Sources */ = {isa = PBXBuildFile; fileRef = 9095E0BF2CD6685400280F13 /* UserManager.swift */; };
		9095E0CB2CD6685400280F13 /* NotificationManager.swift in Sources */ = {isa = PBXBuildFile; fileRef = 9095E0BA2CD6685400280F13 /* NotificationManager.swift */; };
		9095E0CC2CD6685400280F13 /* StreakEntity+CoreDataClass.swift in Sources */ = {isa = PBXBuildFile; fileRef = 9095E0B42CD6685400280F13 /* StreakEntity+CoreDataClass.swift */; };
		9095E0CD2CD6685400280F13 /* StreakEntity+CoreDataProperties.swift in Sources */ = {isa = PBXBuildFile; fileRef = 9095E0B52CD6685400280F13 /* StreakEntity+CoreDataProperties.swift */; };
		9095E0CE2CD6685400280F13 /* Equipment+CoreDataClass.swift in Sources */ = {isa = PBXBuildFile; fileRef = 9095E0B12CD6685400280F13 /* Equipment+CoreDataClass.swift */; };
		9095E0CF2CD6685400280F13 /* Predictor.swift in Sources */ = {isa = PBXBuildFile; fileRef = 9095E0BB2CD6685400280F13 /* Predictor.swift */; };
		E71F6E642C6B8B3B001BCFEB /* Swinject in Frameworks */ = {isa = PBXBuildFile; productRef = E71F6E632C6B8B3B001BCFEB /* Swinject */; };
		E7FDDB272C64370E00DE2A7A /* RiveRuntime in Frameworks */ = {isa = PBXBuildFile; productRef = E7FDDB262C64370E00DE2A7A /* RiveRuntime */; };
/* End PBXBuildFile section */

/* Begin PBXCopyFilesBuildPhase section */
		034EADE02CC7867A006C0C9C /* CopyFiles */ = {
			isa = PBXCopyFilesBuildPhase;
			buildActionMask = 2147483647;
			dstPath = Contents/Library/LoginItems;
			dstSubfolderSpec = 1;
			files = (
				034EADE12CC786BF006C0C9C /* climbrHelper.app in CopyFiles */,
			);
			runOnlyForDeploymentPostprocessing = 0;
		};
/* End PBXCopyFilesBuildPhase section */

/* Begin PBXFileReference section */
		034EADCD2CC78493006C0C9C /* climbrHelper.app */ = {isa = PBXFileReference; explicitFileType = wrapper.application; includeInIndex = 0; path = climbrHelper.app; sourceTree = BUILT_PRODUCTS_DIR; };
		034EADDE2CC78654006C0C9C /* ServiceManagement.framework */ = {isa = PBXFileReference; lastKnownFileType = wrapper.framework; name = ServiceManagement.framework; path = System/Library/Frameworks/ServiceManagement.framework; sourceTree = SDKROOT; };
		0367F5AE2C720A5300938747 /* Character+CoreDataClass.swift */ = {isa = PBXFileReference; lastKnownFileType = sourcecode.swift; path = "Character+CoreDataClass.swift"; sourceTree = "<group>"; };
		0367F5AF2C720A5300938747 /* Character+CoreDataProperties.swift */ = {isa = PBXFileReference; lastKnownFileType = sourcecode.swift; path = "Character+CoreDataProperties.swift"; sourceTree = "<group>"; };
		03CD09BF2C6EEEF100BEEE8B /* Info.plist */ = {isa = PBXFileReference; lastKnownFileType = text.plist; path = Info.plist; sourceTree = "<group>"; };
		03CD0A122C6FA8BD00BEEE8B /* Equipment+CoreDataClass.swift */ = {isa = PBXFileReference; lastKnownFileType = sourcecode.swift; path = "Equipment+CoreDataClass.swift"; sourceTree = "<group>"; };
		03CD0A132C6FA8BD00BEEE8B /* Equipment+CoreDataProperties.swift */ = {isa = PBXFileReference; lastKnownFileType = sourcecode.swift; path = "Equipment+CoreDataProperties.swift"; sourceTree = "<group>"; };
		8A6FF3232CD681B900E8E5EC /* overlay_notification-2.riv */ = {isa = PBXFileReference; lastKnownFileType = file; path = "overlay_notification-2.riv"; sourceTree = "<group>"; };
		8A6FF3262CD6828900E8E5EC /* OverlayNotifServices.swift */ = {isa = PBXFileReference; lastKnownFileType = sourcecode.swift; path = OverlayNotifServices.swift; sourceTree = "<group>"; };
		8A6FF3282CD682C700E8E5EC /* OverlayView.swift */ = {isa = PBXFileReference; lastKnownFileType = sourcecode.swift; path = OverlayView.swift; sourceTree = "<group>"; };
		8A6FF32A2CD682ED00E8E5EC /* OverlayWindow.swift */ = {isa = PBXFileReference; lastKnownFileType = sourcecode.swift; path = OverlayWindow.swift; sourceTree = "<group>"; };
		8A6FF3522CD891A600E8E5EC /* ModelFixV8.mlmodel */ = {isa = PBXFileReference; lastKnownFileType = file.mlmodel; path = ModelFixV8.mlmodel; sourceTree = "<group>"; };
		8ABB127F2C66074C00616C57 /* ModelFixV1+Singleton.swift */ = {isa = PBXFileReference; lastKnownFileType = sourcecode.swift; path = "ModelFixV1+Singleton.swift"; sourceTree = "<group>"; };
		8ABB12812C66099200616C57 /* ModelFixV1+Label.swift */ = {isa = PBXFileReference; lastKnownFileType = sourcecode.swift; path = "ModelFixV1+Label.swift"; sourceTree = "<group>"; };
		8ABB12872C661B1000616C57 /* ModelFixV1+FrameRate.swift */ = {isa = PBXFileReference; lastKnownFileType = sourcecode.swift; path = "ModelFixV1+FrameRate.swift"; sourceTree = "<group>"; };
		8ABB12892C661D1500616C57 /* Pose.swift */ = {isa = PBXFileReference; lastKnownFileType = sourcecode.swift; path = Pose.swift; sourceTree = "<group>"; };
		900852922CDA679500317C4F /* splash_screen.riv */ = {isa = PBXFileReference; lastKnownFileType = file; path = splash_screen.riv; sourceTree = "<group>"; };
		9095DFC92CD6683300280F13 /* AppDelegate+MenuBar+Extension.swift */ = {isa = PBXFileReference; lastKnownFileType = sourcecode.swift; path = "AppDelegate+MenuBar+Extension.swift"; sourceTree = "<group>"; };
		9095DFCB2CD6683300280F13 /* AppDelegate.swift */ = {isa = PBXFileReference; lastKnownFileType = sourcecode.swift; path = AppDelegate.swift; sourceTree = "<group>"; };
		9095DFCC2CD6683300280F13 /* main.swift */ = {isa = PBXFileReference; lastKnownFileType = sourcecode.swift; path = main.swift; sourceTree = "<group>"; };
		9095DFCD2CD6683300280F13 /* MainVC.swift */ = {isa = PBXFileReference; lastKnownFileType = sourcecode.swift; path = MainVC.swift; sourceTree = "<group>"; };
		9095DFCE2CD6683300280F13 /* MainWindow.swift */ = {isa = PBXFileReference; lastKnownFileType = sourcecode.swift; path = MainWindow.swift; sourceTree = "<group>"; };
		9095DFD52CD6683D00280F13 /* AudioService.swift */ = {isa = PBXFileReference; lastKnownFileType = sourcecode.swift; path = AudioService.swift; sourceTree = "<group>"; };
		9095DFD62CD6683D00280F13 /* CameraService.swift */ = {isa = PBXFileReference; lastKnownFileType = sourcecode.swift; path = CameraService.swift; sourceTree = "<group>"; };
		9095DFD72CD6683D00280F13 /* EquipmentService.swift */ = {isa = PBXFileReference; lastKnownFileType = sourcecode.swift; path = EquipmentService.swift; sourceTree = "<group>"; };
		9095DFD82CD6683D00280F13 /* ExcerciseGuidanceService.swift */ = {isa = PBXFileReference; lastKnownFileType = sourcecode.swift; path = ExcerciseGuidanceService.swift; sourceTree = "<group>"; };
		9095DFD92CD6683D00280F13 /* NotificationService.swift */ = {isa = PBXFileReference; lastKnownFileType = sourcecode.swift; path = NotificationService.swift; sourceTree = "<group>"; };
		9095DFDA2CD6683D00280F13 /* PredictorService.swift */ = {isa = PBXFileReference; lastKnownFileType = sourcecode.swift; path = PredictorService.swift; sourceTree = "<group>"; };
		9095DFDB2CD6683D00280F13 /* ProgressService.swift */ = {isa = PBXFileReference; lastKnownFileType = sourcecode.swift; path = ProgressService.swift; sourceTree = "<group>"; };
		9095DFDC2CD6683D00280F13 /* StreakService.swift */ = {isa = PBXFileReference; lastKnownFileType = sourcecode.swift; path = StreakService.swift; sourceTree = "<group>"; };
		9095DFDD2CD6683D00280F13 /* UserService.swift */ = {isa = PBXFileReference; lastKnownFileType = sourcecode.swift; path = UserService.swift; sourceTree = "<group>"; };
		9095DFDF2CD6683D00280F13 /* CLImageButton.swift */ = {isa = PBXFileReference; lastKnownFileType = sourcecode.swift; path = CLImageButton.swift; sourceTree = "<group>"; };
		9095DFE02CD6683D00280F13 /* CLPickerButton.swift */ = {isa = PBXFileReference; lastKnownFileType = sourcecode.swift; path = CLPickerButton.swift; sourceTree = "<group>"; };
		9095DFE12CD6683D00280F13 /* CLTextButtonV2.swift */ = {isa = PBXFileReference; lastKnownFileType = sourcecode.swift; path = CLTextButtonV2.swift; sourceTree = "<group>"; };
		9095DFE32CD6683D00280F13 /* CLDatePicker.swift */ = {isa = PBXFileReference; lastKnownFileType = sourcecode.swift; path = CLDatePicker.swift; sourceTree = "<group>"; };
		9095DFE52CD6683D00280F13 /* Divider.swift */ = {isa = PBXFileReference; lastKnownFileType = sourcecode.swift; path = Divider.swift; sourceTree = "<group>"; };
		9095DFE72CD6683D00280F13 /* CLSFSymbol.swift */ = {isa = PBXFileReference; lastKnownFileType = sourcecode.swift; path = CLSFSymbol.swift; sourceTree = "<group>"; };
		9095DFE92CD6683D00280F13 /* CLLabel.swift */ = {isa = PBXFileReference; lastKnownFileType = sourcecode.swift; path = CLLabel.swift; sourceTree = "<group>"; };
		9095DFEA2CD6683D00280F13 /* CLTextLabelV2.swift */ = {isa = PBXFileReference; lastKnownFileType = sourcecode.swift; path = CLTextLabelV2.swift; sourceTree = "<group>"; };
		9095DFEC2CD6683D00280F13 /* CLTextField.swift */ = {isa = PBXFileReference; lastKnownFileType = sourcecode.swift; path = CLTextField.swift; sourceTree = "<group>"; };
		9095DFEE2CD6683D00280F13 /* SubtractedView.swift */ = {isa = PBXFileReference; lastKnownFileType = sourcecode.swift; path = SubtractedView.swift; sourceTree = "<group>"; };
		9095DFF02CD6683D00280F13 /* CLBlurEffectView.swift */ = {isa = PBXFileReference; lastKnownFileType = sourcecode.swift; path = CLBlurEffectView.swift; sourceTree = "<group>"; };
		9095DFF12CD6683D00280F13 /* CLGradientContainer.swift */ = {isa = PBXFileReference; lastKnownFileType = sourcecode.swift; path = CLGradientContainer.swift; sourceTree = "<group>"; };
		9095DFF42CD6683D00280F13 /* UserDefaultsKey.swift */ = {isa = PBXFileReference; lastKnownFileType = sourcecode.swift; path = UserDefaultsKey.swift; sourceTree = "<group>"; };
		9095DFF62CD6683D00280F13 /* CollectionExtension.swift */ = {isa = PBXFileReference; lastKnownFileType = sourcecode.swift; path = CollectionExtension.swift; sourceTree = "<group>"; };
		9095DFF72CD6683D00280F13 /* DateExtension.swift */ = {isa = PBXFileReference; lastKnownFileType = sourcecode.swift; path = DateExtension.swift; sourceTree = "<group>"; };
		9095DFF82CD6683D00280F13 /* NSViewControllerExtension.swift */ = {isa = PBXFileReference; lastKnownFileType = sourcecode.swift; path = NSViewControllerExtension.swift; sourceTree = "<group>"; };
		9095DFF92CD6683D00280F13 /* SwinjectExtension.swift */ = {isa = PBXFileReference; lastKnownFileType = sourcecode.swift; path = SwinjectExtension.swift; sourceTree = "<group>"; };
		9095E0162CD6684800280F13 /* Character.swift */ = {isa = PBXFileReference; lastKnownFileType = sourcecode.swift; path = Character.swift; sourceTree = "<group>"; };
		9095E0172CD6684800280F13 /* Equipment.swift */ = {isa = PBXFileReference; lastKnownFileType = sourcecode.swift; path = Equipment.swift; sourceTree = "<group>"; };
		9095E0182CD6684800280F13 /* Movement.swift */ = {isa = PBXFileReference; lastKnownFileType = sourcecode.swift; path = Movement.swift; sourceTree = "<group>"; };
		9095E0192CD6684800280F13 /* Streak.swift */ = {isa = PBXFileReference; lastKnownFileType = sourcecode.swift; path = Streak.swift; sourceTree = "<group>"; };
		9095E01A2CD6684800280F13 /* UserPreference.swift */ = {isa = PBXFileReference; lastKnownFileType = sourcecode.swift; path = UserPreference.swift; sourceTree = "<group>"; };
		9095E01B2CD6684800280F13 /* WorkingHour.swift */ = {isa = PBXFileReference; lastKnownFileType = sourcecode.swift; path = WorkingHour.swift; sourceTree = "<group>"; };
		9095E01D2CD6684800280F13 /* night.mp3 */ = {isa = PBXFileReference; lastKnownFileType = audio.mp3; path = night.mp3; sourceTree = "<group>"; };
		9095E01E2CD6684800280F13 /* snow.mp3 */ = {isa = PBXFileReference; lastKnownFileType = audio.mp3; path = snow.mp3; sourceTree = "<group>"; };
		9095E01F2CD6684800280F13 /* summer.mp3 */ = {isa = PBXFileReference; lastKnownFileType = audio.mp3; path = summer.mp3; sourceTree = "<group>"; };
		9095E0212CD6684800280F13 /* correct.mp3 */ = {isa = PBXFileReference; lastKnownFileType = audio.mp3; path = correct.mp3; sourceTree = "<group>"; };
		9095E0222CD6684800280F13 /* countdown.mp3 */ = {isa = PBXFileReference; lastKnownFileType = audio.mp3; path = countdown.mp3; sourceTree = "<group>"; };
		9095E0232CD6684800280F13 /* incorrect.mp3 */ = {isa = PBXFileReference; lastKnownFileType = audio.mp3; path = incorrect.mp3; sourceTree = "<group>"; };
		9095E0242CD6684800280F13 /* next-move.mp3 */ = {isa = PBXFileReference; lastKnownFileType = audio.mp3; path = "next-move.mp3"; sourceTree = "<group>"; };
		9095E0272CD6684800280F13 /* climbr.riv */ = {isa = PBXFileReference; lastKnownFileType = file; path = climbr.riv; sourceTree = "<group>"; };
		9095E0292CD6684800280F13 /* crossBodyShoulder-Left.mp4 */ = {isa = PBXFileReference; lastKnownFileType = file; path = "crossBodyShoulder-Left.mp4"; sourceTree = "<group>"; };
		9095E02A2CD6684800280F13 /* crossBodyShoulder-Right.mp4 */ = {isa = PBXFileReference; lastKnownFileType = file; path = "crossBodyShoulder-Right.mp4"; sourceTree = "<group>"; };
		9095E02B2CD6684800280F13 /* frontShoulderStatic-Left.mp4 */ = {isa = PBXFileReference; lastKnownFileType = file; path = "frontShoulderStatic-Left.mp4"; sourceTree = "<group>"; };
		9095E02C2CD6684800280F13 /* frontShoulderStatic-Right.mp4 */ = {isa = PBXFileReference; lastKnownFileType = file; path = "frontShoulderStatic-Right.mp4"; sourceTree = "<group>"; };
		9095E02D2CD6684800280F13 /* lowerBackSpin-Left.mp4 */ = {isa = PBXFileReference; lastKnownFileType = file; path = "lowerBackSpin-Left.mp4"; sourceTree = "<group>"; };
		9095E02E2CD6684800280F13 /* lowerBackSpin-Right.mp4 */ = {isa = PBXFileReference; lastKnownFileType = file; path = "lowerBackSpin-Right.mp4"; sourceTree = "<group>"; };
		9095E02F2CD6684800280F13 /* neckDeep-Left.mp4 */ = {isa = PBXFileReference; lastKnownFileType = file; path = "neckDeep-Left.mp4"; sourceTree = "<group>"; };
		9095E0302CD6684800280F13 /* neckDeep-Right.mp4 */ = {isa = PBXFileReference; lastKnownFileType = file; path = "neckDeep-Right.mp4"; sourceTree = "<group>"; };
		9095E0312CD6684800280F13 /* neckExtension-Back.mp4 */ = {isa = PBXFileReference; lastKnownFileType = file; path = "neckExtension-Back.mp4"; sourceTree = "<group>"; };
		9095E0322CD6684800280F13 /* neckExtension-Front.mp4 */ = {isa = PBXFileReference; lastKnownFileType = file; path = "neckExtension-Front.mp4"; sourceTree = "<group>"; };
		9095E0332CD6684800280F13 /* neckRotation-Left.mp4 */ = {isa = PBXFileReference; lastKnownFileType = file; path = "neckRotation-Left.mp4"; sourceTree = "<group>"; };
		9095E0342CD6684800280F13 /* neckRotation-Right.mp4 */ = {isa = PBXFileReference; lastKnownFileType = file; path = "neckRotation-Right.mp4"; sourceTree = "<group>"; };
		9095E0352CD6684800280F13 /* tricepStatic-Left.mp4 */ = {isa = PBXFileReference; lastKnownFileType = file; path = "tricepStatic-Left.mp4"; sourceTree = "<group>"; };
		9095E0362CD6684800280F13 /* tricepStatic-Right.mp4 */ = {isa = PBXFileReference; lastKnownFileType = file; path = "tricepStatic-Right.mp4"; sourceTree = "<group>"; };
		9095E0372CD6684800280F13 /* upperBackStretch-Front.mp4 */ = {isa = PBXFileReference; lastKnownFileType = file; path = "upperBackStretch-Front.mp4"; sourceTree = "<group>"; };
		9095E0382CD6684800280F13 /* upperBackStretch-Left.mp4 */ = {isa = PBXFileReference; lastKnownFileType = file; path = "upperBackStretch-Left.mp4"; sourceTree = "<group>"; };
		9095E0392CD6684800280F13 /* upperBackStretch-Right.mp4 */ = {isa = PBXFileReference; lastKnownFileType = file; path = "upperBackStretch-Right.mp4"; sourceTree = "<group>"; };
		9095E03A2CD6684800280F13 /* upperBackStretch-Up.mp4 */ = {isa = PBXFileReference; lastKnownFileType = file; path = "upperBackStretch-Up.mp4"; sourceTree = "<group>"; };
		9095E03C2CD6684800280F13 /* ModelFixV5.mlmodel */ = {isa = PBXFileReference; lastKnownFileType = file.mlmodel; path = ModelFixV5.mlmodel; sourceTree = "<group>"; };
		9095E03F2CD6684800280F13 /* Assets.xcassets */ = {isa = PBXFileReference; lastKnownFileType = folder.assetcatalog; path = Assets.xcassets; sourceTree = "<group>"; };
		9095E0412CD6684800280F13 /* SettingVC.swift */ = {isa = PBXFileReference; lastKnownFileType = sourcecode.swift; path = SettingVC.swift; sourceTree = "<group>"; };
		9095E0422CD6684800280F13 /* SettingVC+Extension.swift */ = {isa = PBXFileReference; lastKnownFileType = sourcecode.swift; path = "SettingVC+Extension.swift"; sourceTree = "<group>"; };
		9095E0442CD6684800280F13 /* HomeVC.swift */ = {isa = PBXFileReference; lastKnownFileType = sourcecode.swift; path = HomeVC.swift; sourceTree = "<group>"; };
		9095E0452CD6684800280F13 /* HomeVC+Extension.swift */ = {isa = PBXFileReference; lastKnownFileType = sourcecode.swift; path = "HomeVC+Extension.swift"; sourceTree = "<group>"; };
		9095E0472CD6684800280F13 /* MenuBarVC.swift */ = {isa = PBXFileReference; lastKnownFileType = sourcecode.swift; path = MenuBarVC.swift; sourceTree = "<group>"; };
		9095E0492CD6684800280F13 /* DaysButtonStackView.swift */ = {isa = PBXFileReference; lastKnownFileType = sourcecode.swift; path = DaysButtonStackView.swift; sourceTree = "<group>"; };
		9095E04A2CD6684800280F13 /* DayTimePreferenceView.swift */ = {isa = PBXFileReference; lastKnownFileType = sourcecode.swift; path = DayTimePreferenceView.swift; sourceTree = "<group>"; };
		9095E04C2CD6684800280F13 /* ChooseCharacterVC.swift */ = {isa = PBXFileReference; lastKnownFileType = sourcecode.swift; path = ChooseCharacterVC.swift; sourceTree = "<group>"; };
		9095E04D2CD6684800280F13 /* UserPreference+Extension.swift */ = {isa = PBXFileReference; lastKnownFileType = sourcecode.swift; path = "UserPreference+Extension.swift"; sourceTree = "<group>"; };
		9095E04E2CD6684800280F13 /* UserPreferenceVC.swift */ = {isa = PBXFileReference; lastKnownFileType = sourcecode.swift; path = UserPreferenceVC.swift; sourceTree = "<group>"; };
		9095E0502CD6684800280F13 /* BuyButtonView.swift */ = {isa = PBXFileReference; lastKnownFileType = sourcecode.swift; path = BuyButtonView.swift; sourceTree = "<group>"; };
		9095E0512CD6684800280F13 /* CollectionContainerView.swift */ = {isa = PBXFileReference; lastKnownFileType = sourcecode.swift; path = CollectionContainerView.swift; sourceTree = "<group>"; };
		9095E0522CD6684800280F13 /* CollectionContainerView+Extensions.swift */ = {isa = PBXFileReference; lastKnownFileType = sourcecode.swift; path = "CollectionContainerView+Extensions.swift"; sourceTree = "<group>"; };
		9095E0532CD6684800280F13 /* GridItemView.swift */ = {isa = PBXFileReference; lastKnownFileType = sourcecode.swift; path = GridItemView.swift; sourceTree = "<group>"; };
		9095E0542CD6684800280F13 /* TypeButtonView.swift */ = {isa = PBXFileReference; lastKnownFileType = sourcecode.swift; path = TypeButtonView.swift; sourceTree = "<group>"; };
		9095E0562CD6684800280F13 /* ShopItemVC.swift */ = {isa = PBXFileReference; lastKnownFileType = sourcecode.swift; path = ShopItemVC.swift; sourceTree = "<group>"; };
		9095E0572CD6684800280F13 /* ShopItemVC+Extensions.swift */ = {isa = PBXFileReference; lastKnownFileType = sourcecode.swift; path = "ShopItemVC+Extensions.swift"; sourceTree = "<group>"; };
		9095E0592CD6684800280F13 /* SplashVC.swift */ = {isa = PBXFileReference; lastKnownFileType = sourcecode.swift; path = SplashVC.swift; sourceTree = "<group>"; };
		9095E05B2CD6684800280F13 /* CameraPreviewView.swift */ = {isa = PBXFileReference; lastKnownFileType = sourcecode.swift; path = CameraPreviewView.swift; sourceTree = "<group>"; };
		9095E05C2CD6684800280F13 /* CurrentMovementView.swift */ = {isa = PBXFileReference; lastKnownFileType = sourcecode.swift; path = CurrentMovementView.swift; sourceTree = "<group>"; };
		9095E05D2CD6684800280F13 /* EndSessionAlertVC.swift */ = {isa = PBXFileReference; lastKnownFileType = sourcecode.swift; path = EndSessionAlertVC.swift; sourceTree = "<group>"; };
		9095E05E2CD6684800280F13 /* ExerciseInstructionView.swift */ = {isa = PBXFileReference; lastKnownFileType = sourcecode.swift; path = ExerciseInstructionView.swift; sourceTree = "<group>"; };
		9095E05F2CD6684800280F13 /* MovementStateView.swift */ = {isa = PBXFileReference; lastKnownFileType = sourcecode.swift; path = MovementStateView.swift; sourceTree = "<group>"; };
		9095E0602CD6684800280F13 /* NextMovementView.swift */ = {isa = PBXFileReference; lastKnownFileType = sourcecode.swift; path = NextMovementView.swift; sourceTree = "<group>"; };
		9095E0612CD6684800280F13 /* ProgressStretchVC.swift */ = {isa = PBXFileReference; lastKnownFileType = sourcecode.swift; path = ProgressStretchVC.swift; sourceTree = "<group>"; };
		9095E0622CD6684800280F13 /* ProgressUserView.swift */ = {isa = PBXFileReference; lastKnownFileType = sourcecode.swift; path = ProgressUserView.swift; sourceTree = "<group>"; };
		9095E0642CD6684800280F13 /* StretchingResultVC.swift */ = {isa = PBXFileReference; lastKnownFileType = sourcecode.swift; path = StretchingResultVC.swift; sourceTree = "<group>"; };
		9095E0652CD6684800280F13 /* StretchingResultVC+Extension.swift */ = {isa = PBXFileReference; lastKnownFileType = sourcecode.swift; path = "StretchingResultVC+Extension.swift"; sourceTree = "<group>"; };
		9095E0662CD6684800280F13 /* StretchingVC.swift */ = {isa = PBXFileReference; lastKnownFileType = sourcecode.swift; path = StretchingVC.swift; sourceTree = "<group>"; };
		9095E0672CD6684800280F13 /* StretchingVC+Extension.swift */ = {isa = PBXFileReference; lastKnownFileType = sourcecode.swift; path = "StretchingVC+Extension.swift"; sourceTree = "<group>"; };
		9095E0692CD6684800280F13 /* TutorialVC.swift */ = {isa = PBXFileReference; lastKnownFileType = sourcecode.swift; path = TutorialVC.swift; sourceTree = "<group>"; };
		9095E06A2CD6684800280F13 /* TutorialVC+Extension.swift */ = {isa = PBXFileReference; lastKnownFileType = sourcecode.swift; path = "TutorialVC+Extension.swift"; sourceTree = "<group>"; };
		9095E0B02CD6685400280F13 /* ClimbrDataSource.xcdatamodel */ = {isa = PBXFileReference; lastKnownFileType = wrapper.xcdatamodel; path = ClimbrDataSource.xcdatamodel; sourceTree = "<group>"; };
		9095E0B12CD6685400280F13 /* Equipment+CoreDataClass.swift */ = {isa = PBXFileReference; lastKnownFileType = sourcecode.swift; path = "Equipment+CoreDataClass.swift"; sourceTree = "<group>"; };
		9095E0B22CD6685400280F13 /* Equipment+CoreDataProperties.swift */ = {isa = PBXFileReference; lastKnownFileType = sourcecode.swift; path = "Equipment+CoreDataProperties.swift"; sourceTree = "<group>"; };
		9095E0B32CD6685400280F13 /* PersistenceController.swift */ = {isa = PBXFileReference; lastKnownFileType = sourcecode.swift; path = PersistenceController.swift; sourceTree = "<group>"; };
		9095E0B42CD6685400280F13 /* StreakEntity+CoreDataClass.swift */ = {isa = PBXFileReference; lastKnownFileType = sourcecode.swift; path = "StreakEntity+CoreDataClass.swift"; sourceTree = "<group>"; };
		9095E0B52CD6685400280F13 /* StreakEntity+CoreDataProperties.swift */ = {isa = PBXFileReference; lastKnownFileType = sourcecode.swift; path = "StreakEntity+CoreDataProperties.swift"; sourceTree = "<group>"; };
		9095E0B72CD6685400280F13 /* AudioManager.swift */ = {isa = PBXFileReference; lastKnownFileType = sourcecode.swift; path = AudioManager.swift; sourceTree = "<group>"; };
		9095E0B82CD6685400280F13 /* CameraManager.swift */ = {isa = PBXFileReference; lastKnownFileType = sourcecode.swift; path = CameraManager.swift; sourceTree = "<group>"; };
		9095E0B92CD6685400280F13 /* EquipmentManager.swift */ = {isa = PBXFileReference; lastKnownFileType = sourcecode.swift; path = EquipmentManager.swift; sourceTree = "<group>"; };
		9095E0BA2CD6685400280F13 /* NotificationManager.swift */ = {isa = PBXFileReference; lastKnownFileType = sourcecode.swift; path = NotificationManager.swift; sourceTree = "<group>"; };
		9095E0BB2CD6685400280F13 /* Predictor.swift */ = {isa = PBXFileReference; lastKnownFileType = sourcecode.swift; path = Predictor.swift; sourceTree = "<group>"; };
		9095E0BC2CD6685400280F13 /* PredictorManager.swift */ = {isa = PBXFileReference; lastKnownFileType = sourcecode.swift; path = PredictorManager.swift; sourceTree = "<group>"; };
		9095E0BD2CD6685400280F13 /* ProgressManager.swift */ = {isa = PBXFileReference; lastKnownFileType = sourcecode.swift; path = ProgressManager.swift; sourceTree = "<group>"; };
		9095E0BE2CD6685400280F13 /* StreakManager.swift */ = {isa = PBXFileReference; lastKnownFileType = sourcecode.swift; path = StreakManager.swift; sourceTree = "<group>"; };
		9095E0BF2CD6685400280F13 /* UserManager.swift */ = {isa = PBXFileReference; lastKnownFileType = sourcecode.swift; path = UserManager.swift; sourceTree = "<group>"; };
		AB9A790B2C6FCBF000028B36 /* ShopItemVC.swift */ = {isa = PBXFileReference; fileEncoding = 4; lastKnownFileType = sourcecode.swift; path = ShopItemVC.swift; sourceTree = "<group>"; };
		E7FDDAD32C64301B00DE2A7A /* climbr.app */ = {isa = PBXFileReference; explicitFileType = wrapper.application; includeInIndex = 0; path = climbr.app; sourceTree = BUILT_PRODUCTS_DIR; };
		E7FDDADF2C64301F00DE2A7A /* climbr.entitlements */ = {isa = PBXFileReference; lastKnownFileType = text.plist.entitlements; path = climbr.entitlements; sourceTree = "<group>"; };
		E7FDDB092C6434E700DE2A7A /* SampleViewB.swift */ = {isa = PBXFileReference; lastKnownFileType = sourcecode.swift; path = SampleViewB.swift; sourceTree = "<group>"; };
		E7FDDB0B2C6434EC00DE2A7A /* SampleViewA.swift */ = {isa = PBXFileReference; lastKnownFileType = sourcecode.swift; path = SampleViewA.swift; sourceTree = "<group>"; };
/* End PBXFileReference section */

/* Begin PBXFileSystemSynchronizedBuildFileExceptionSet section */
		034EADDD2CC78573006C0C9C /* PBXFileSystemSynchronizedBuildFileExceptionSet */ = {
			isa = PBXFileSystemSynchronizedBuildFileExceptionSet;
			membershipExceptions = (
				Info.plist,
			);
			target = 034EADCC2CC78493006C0C9C /* climbrHelper */;
		};
/* End PBXFileSystemSynchronizedBuildFileExceptionSet section */

/* Begin PBXFileSystemSynchronizedRootGroup section */
		034EADCE2CC78493006C0C9C /* climbrHelper */ = {isa = PBXFileSystemSynchronizedRootGroup; exceptions = (034EADDD2CC78573006C0C9C /* PBXFileSystemSynchronizedBuildFileExceptionSet */, ); explicitFileTypes = {}; explicitFolders = (); path = climbrHelper; sourceTree = "<group>"; };
/* End PBXFileSystemSynchronizedRootGroup section */

/* Begin PBXFrameworksBuildPhase section */
		034EADCA2CC78493006C0C9C /* Frameworks */ = {
			isa = PBXFrameworksBuildPhase;
			buildActionMask = 2147483647;
			files = (
			);
			runOnlyForDeploymentPostprocessing = 0;
		};
		E7FDDAD02C64301B00DE2A7A /* Frameworks */ = {
			isa = PBXFrameworksBuildPhase;
			buildActionMask = 2147483647;
			files = (
				E7FDDB272C64370E00DE2A7A /* RiveRuntime in Frameworks */,
				034EADDF2CC78654006C0C9C /* ServiceManagement.framework in Frameworks */,
				034C71652C64FAFF0040AD4F /* SnapKit in Frameworks */,
				E71F6E642C6B8B3B001BCFEB /* Swinject in Frameworks */,
			);
			runOnlyForDeploymentPostprocessing = 0;
		};
/* End PBXFrameworksBuildPhase section */

/* Begin PBXGroup section */
		8A6FF3252CD681C900E8E5EC /* Overlay */ = {
			isa = PBXGroup;
			children = (
				8A6FF32A2CD682ED00E8E5EC /* OverlayWindow.swift */,
				8A6FF3282CD682C700E8E5EC /* OverlayView.swift */,
			);
			path = Overlay;
			sourceTree = "<group>";
		};
		9095DFCA2CD6683300280F13 /* Extensions */ = {
			isa = PBXGroup;
			children = (
				9095DFC92CD6683300280F13 /* AppDelegate+MenuBar+Extension.swift */,
			);
			path = Extensions;
			sourceTree = "<group>";
		};
		9095DFCF2CD6683300280F13 /* Supports */ = {
			isa = PBXGroup;
			children = (
				9095DFCA2CD6683300280F13 /* Extensions */,
				9095DFCB2CD6683300280F13 /* AppDelegate.swift */,
				9095DFCC2CD6683300280F13 /* main.swift */,
				9095DFCD2CD6683300280F13 /* MainVC.swift */,
				9095DFCE2CD6683300280F13 /* MainWindow.swift */,
			);
			path = Supports;
			sourceTree = "<group>";
		};
		9095DFDE2CD6683D00280F13 /* Services */ = {
			isa = PBXGroup;
			children = (
				8A6FF3262CD6828900E8E5EC /* OverlayNotifServices.swift */,
				9095DFD52CD6683D00280F13 /* AudioService.swift */,
				9095DFD62CD6683D00280F13 /* CameraService.swift */,
				9095DFD72CD6683D00280F13 /* EquipmentService.swift */,
				9095DFD82CD6683D00280F13 /* ExcerciseGuidanceService.swift */,
				9095DFD92CD6683D00280F13 /* NotificationService.swift */,
				9095DFDA2CD6683D00280F13 /* PredictorService.swift */,
				9095DFDB2CD6683D00280F13 /* ProgressService.swift */,
				9095DFDC2CD6683D00280F13 /* StreakService.swift */,
				9095DFDD2CD6683D00280F13 /* UserService.swift */,
			);
			path = Services;
			sourceTree = "<group>";
		};
		9095DFE22CD6683D00280F13 /* Button */ = {
			isa = PBXGroup;
			children = (
				9095DFDF2CD6683D00280F13 /* CLImageButton.swift */,
				9095DFE02CD6683D00280F13 /* CLPickerButton.swift */,
				9095DFE12CD6683D00280F13 /* CLTextButtonV2.swift */,
			);
			path = Button;
			sourceTree = "<group>";
		};
		9095DFE42CD6683D00280F13 /* DatePicker */ = {
			isa = PBXGroup;
			children = (
				9095DFE32CD6683D00280F13 /* CLDatePicker.swift */,
			);
			path = DatePicker;
			sourceTree = "<group>";
		};
		9095DFE62CD6683D00280F13 /* Dividers */ = {
			isa = PBXGroup;
			children = (
				9095DFE52CD6683D00280F13 /* Divider.swift */,
			);
			path = Dividers;
			sourceTree = "<group>";
		};
		9095DFE82CD6683D00280F13 /* Images */ = {
			isa = PBXGroup;
			children = (
				9095DFE72CD6683D00280F13 /* CLSFSymbol.swift */,
			);
			path = Images;
			sourceTree = "<group>";
		};
		9095DFEB2CD6683D00280F13 /* Labels */ = {
			isa = PBXGroup;
			children = (
				9095DFE92CD6683D00280F13 /* CLLabel.swift */,
				9095DFEA2CD6683D00280F13 /* CLTextLabelV2.swift */,
			);
			path = Labels;
			sourceTree = "<group>";
		};
		9095DFED2CD6683D00280F13 /* TextField */ = {
			isa = PBXGroup;
			children = (
				9095DFEC2CD6683D00280F13 /* CLTextField.swift */,
			);
			path = TextField;
			sourceTree = "<group>";
		};
		9095DFEF2CD6683D00280F13 /* Views */ = {
			isa = PBXGroup;
			children = (
				9095DFEE2CD6683D00280F13 /* SubtractedView.swift */,
			);
			path = Views;
			sourceTree = "<group>";
		};
		9095DFF22CD6683D00280F13 /* VisualEffects */ = {
			isa = PBXGroup;
			children = (
				9095DFF02CD6683D00280F13 /* CLBlurEffectView.swift */,
				9095DFF12CD6683D00280F13 /* CLGradientContainer.swift */,
			);
			path = VisualEffects;
			sourceTree = "<group>";
		};
		9095DFF32CD6683D00280F13 /* Components */ = {
			isa = PBXGroup;
			children = (
				9095DFE22CD6683D00280F13 /* Button */,
				9095DFE42CD6683D00280F13 /* DatePicker */,
				9095DFE62CD6683D00280F13 /* Dividers */,
				9095DFE82CD6683D00280F13 /* Images */,
				9095DFEB2CD6683D00280F13 /* Labels */,
				9095DFED2CD6683D00280F13 /* TextField */,
				9095DFEF2CD6683D00280F13 /* Views */,
				9095DFF22CD6683D00280F13 /* VisualEffects */,
			);
			path = Components;
			sourceTree = "<group>";
		};
		9095DFF52CD6683D00280F13 /* Constants */ = {
			isa = PBXGroup;
			children = (
				9095DFF42CD6683D00280F13 /* UserDefaultsKey.swift */,
			);
			path = Constants;
			sourceTree = "<group>";
		};
		9095DFFA2CD6683D00280F13 /* Extensions */ = {
			isa = PBXGroup;
			children = (
				9095DFF62CD6683D00280F13 /* CollectionExtension.swift */,
				9095DFF72CD6683D00280F13 /* DateExtension.swift */,
				9095DFF82CD6683D00280F13 /* NSViewControllerExtension.swift */,
				9095DFF92CD6683D00280F13 /* SwinjectExtension.swift */,
			);
			path = Extensions;
			sourceTree = "<group>";
		};
		9095DFFB2CD6683D00280F13 /* Shared */ = {
			isa = PBXGroup;
			children = (
				9095DFF32CD6683D00280F13 /* Components */,
				9095DFF52CD6683D00280F13 /* Constants */,
				9095DFFA2CD6683D00280F13 /* Extensions */,
			);
			path = Shared;
			sourceTree = "<group>";
		};
		9095E01C2CD6684800280F13 /* Models */ = {
			isa = PBXGroup;
			children = (
				9095E0162CD6684800280F13 /* Character.swift */,
				9095E0172CD6684800280F13 /* Equipment.swift */,
				9095E0182CD6684800280F13 /* Movement.swift */,
				9095E0192CD6684800280F13 /* Streak.swift */,
				9095E01A2CD6684800280F13 /* UserPreference.swift */,
				9095E01B2CD6684800280F13 /* WorkingHour.swift */,
			);
			path = Models;
			sourceTree = "<group>";
		};
		9095E0202CD6684800280F13 /* background */ = {
			isa = PBXGroup;
			children = (
				9095E01D2CD6684800280F13 /* night.mp3 */,
				9095E01E2CD6684800280F13 /* snow.mp3 */,
				9095E01F2CD6684800280F13 /* summer.mp3 */,
			);
			path = background;
			sourceTree = "<group>";
		};
		9095E0252CD6684800280F13 /* sfx */ = {
			isa = PBXGroup;
			children = (
				9095E0212CD6684800280F13 /* correct.mp3 */,
				9095E0222CD6684800280F13 /* countdown.mp3 */,
				9095E0232CD6684800280F13 /* incorrect.mp3 */,
				9095E0242CD6684800280F13 /* next-move.mp3 */,
			);
			path = sfx;
			sourceTree = "<group>";
		};
		9095E0262CD6684800280F13 /* Music */ = {
			isa = PBXGroup;
			children = (
				9095E0202CD6684800280F13 /* background */,
				9095E0252CD6684800280F13 /* sfx */,
			);
			path = Music;
			sourceTree = "<group>";
		};
		9095E0282CD6684800280F13 /* Rive */ = {
			isa = PBXGroup;
			children = (
				8A6FF3232CD681B900E8E5EC /* overlay_notification-2.riv */,
				900852922CDA679500317C4F /* splash_screen.riv */,
				9095E0272CD6684800280F13 /* climbr.riv */,
			);
			path = Rive;
			sourceTree = "<group>";
		};
		9095E03B2CD6684800280F13 /* Video */ = {
			isa = PBXGroup;
			children = (
				9095E0292CD6684800280F13 /* crossBodyShoulder-Left.mp4 */,
				9095E02A2CD6684800280F13 /* crossBodyShoulder-Right.mp4 */,
				9095E02B2CD6684800280F13 /* frontShoulderStatic-Left.mp4 */,
				9095E02C2CD6684800280F13 /* frontShoulderStatic-Right.mp4 */,
				9095E02D2CD6684800280F13 /* lowerBackSpin-Left.mp4 */,
				9095E02E2CD6684800280F13 /* lowerBackSpin-Right.mp4 */,
				9095E02F2CD6684800280F13 /* neckDeep-Left.mp4 */,
				9095E0302CD6684800280F13 /* neckDeep-Right.mp4 */,
				9095E0312CD6684800280F13 /* neckExtension-Back.mp4 */,
				9095E0322CD6684800280F13 /* neckExtension-Front.mp4 */,
				9095E0332CD6684800280F13 /* neckRotation-Left.mp4 */,
				9095E0342CD6684800280F13 /* neckRotation-Right.mp4 */,
				9095E0352CD6684800280F13 /* tricepStatic-Left.mp4 */,
				9095E0362CD6684800280F13 /* tricepStatic-Right.mp4 */,
				9095E0372CD6684800280F13 /* upperBackStretch-Front.mp4 */,
				9095E0382CD6684800280F13 /* upperBackStretch-Left.mp4 */,
				9095E0392CD6684800280F13 /* upperBackStretch-Right.mp4 */,
				9095E03A2CD6684800280F13 /* upperBackStretch-Up.mp4 */,
			);
			path = Video;
			sourceTree = "<group>";
		};
		9095E03E2CD6684800280F13 /* VisionModel */ = {
			isa = PBXGroup;
			children = (
				8A6FF3522CD891A600E8E5EC /* ModelFixV8.mlmodel */,
				9095E03C2CD6684800280F13 /* ModelFixV5.mlmodel */,
			);
			path = VisionModel;
			sourceTree = "<group>";
		};
		9095E0402CD6684800280F13 /* Resources */ = {
			isa = PBXGroup;
			children = (
				9095E0262CD6684800280F13 /* Music */,
				9095E0282CD6684800280F13 /* Rive */,
				9095E03B2CD6684800280F13 /* Video */,
				9095E03E2CD6684800280F13 /* VisionModel */,
				9095E03F2CD6684800280F13 /* Assets.xcassets */,
			);
			path = Resources;
			sourceTree = "<group>";
		};
		9095E0432CD6684800280F13 /* SubViews */ = {
			isa = PBXGroup;
			children = (
				9095E0412CD6684800280F13 /* SettingVC.swift */,
				9095E0422CD6684800280F13 /* SettingVC+Extension.swift */,
			);
			path = SubViews;
			sourceTree = "<group>";
		};
		9095E0462CD6684800280F13 /* Home */ = {
			isa = PBXGroup;
			children = (
				9095E0432CD6684800280F13 /* SubViews */,
				9095E0442CD6684800280F13 /* HomeVC.swift */,
				9095E0452CD6684800280F13 /* HomeVC+Extension.swift */,
			);
			path = Home;
			sourceTree = "<group>";
		};
		9095E0482CD6684800280F13 /* MenuBarApp */ = {
			isa = PBXGroup;
			children = (
				9095E0472CD6684800280F13 /* MenuBarVC.swift */,
			);
			path = MenuBarApp;
			sourceTree = "<group>";
		};
		9095E04B2CD6684800280F13 /* SubViews */ = {
			isa = PBXGroup;
			children = (
				9095E0492CD6684800280F13 /* DaysButtonStackView.swift */,
				9095E04A2CD6684800280F13 /* DayTimePreferenceView.swift */,
			);
			path = SubViews;
			sourceTree = "<group>";
		};
		9095E04F2CD6684800280F13 /* Onboarding */ = {
			isa = PBXGroup;
			children = (
				9095E04B2CD6684800280F13 /* SubViews */,
				9095E04C2CD6684800280F13 /* ChooseCharacterVC.swift */,
				9095E04D2CD6684800280F13 /* UserPreference+Extension.swift */,
				9095E04E2CD6684800280F13 /* UserPreferenceVC.swift */,
			);
			path = Onboarding;
			sourceTree = "<group>";
		};
		9095E0552CD6684800280F13 /* SubViews */ = {
			isa = PBXGroup;
			children = (
				9095E0502CD6684800280F13 /* BuyButtonView.swift */,
				9095E0512CD6684800280F13 /* CollectionContainerView.swift */,
				9095E0522CD6684800280F13 /* CollectionContainerView+Extensions.swift */,
				9095E0532CD6684800280F13 /* GridItemView.swift */,
				9095E0542CD6684800280F13 /* TypeButtonView.swift */,
			);
			path = SubViews;
			sourceTree = "<group>";
		};
		9095E0582CD6684800280F13 /* Shop */ = {
			isa = PBXGroup;
			children = (
				9095E0552CD6684800280F13 /* SubViews */,
				9095E0562CD6684800280F13 /* ShopItemVC.swift */,
				9095E0572CD6684800280F13 /* ShopItemVC+Extensions.swift */,
			);
			path = Shop;
			sourceTree = "<group>";
		};
		9095E05A2CD6684800280F13 /* Splash */ = {
			isa = PBXGroup;
			children = (
				9095E0592CD6684800280F13 /* SplashVC.swift */,
			);
			path = Splash;
			sourceTree = "<group>";
		};
		9095E0632CD6684800280F13 /* SubViews */ = {
			isa = PBXGroup;
			children = (
				9095E05B2CD6684800280F13 /* CameraPreviewView.swift */,
				9095E05C2CD6684800280F13 /* CurrentMovementView.swift */,
				9095E05D2CD6684800280F13 /* EndSessionAlertVC.swift */,
				9095E05E2CD6684800280F13 /* ExerciseInstructionView.swift */,
				9095E05F2CD6684800280F13 /* MovementStateView.swift */,
				9095E0602CD6684800280F13 /* NextMovementView.swift */,
				9095E0612CD6684800280F13 /* ProgressStretchVC.swift */,
				9095E0622CD6684800280F13 /* ProgressUserView.swift */,
			);
			path = SubViews;
			sourceTree = "<group>";
		};
		9095E0682CD6684800280F13 /* Stretching */ = {
			isa = PBXGroup;
			children = (
				9095E0632CD6684800280F13 /* SubViews */,
				9095E0642CD6684800280F13 /* StretchingResultVC.swift */,
				9095E0652CD6684800280F13 /* StretchingResultVC+Extension.swift */,
				9095E0662CD6684800280F13 /* StretchingVC.swift */,
				9095E0672CD6684800280F13 /* StretchingVC+Extension.swift */,
			);
			path = Stretching;
			sourceTree = "<group>";
		};
		9095E06B2CD6684800280F13 /* Tutorial */ = {
			isa = PBXGroup;
			children = (
				9095E0692CD6684800280F13 /* TutorialVC.swift */,
				9095E06A2CD6684800280F13 /* TutorialVC+Extension.swift */,
			);
			path = Tutorial;
			sourceTree = "<group>";
		};
		9095E06C2CD6684800280F13 /* Screens */ = {
			isa = PBXGroup;
			children = (
				8A6FF3252CD681C900E8E5EC /* Overlay */,
				9095E0462CD6684800280F13 /* Home */,
				9095E0482CD6684800280F13 /* MenuBarApp */,
				9095E04F2CD6684800280F13 /* Onboarding */,
				9095E0582CD6684800280F13 /* Shop */,
				9095E05A2CD6684800280F13 /* Splash */,
				9095E0682CD6684800280F13 /* Stretching */,
				9095E06B2CD6684800280F13 /* Tutorial */,
			);
			path = Screens;
			sourceTree = "<group>";
		};
		9095E0B62CD6685400280F13 /* LocalDataSources */ = {
			isa = PBXGroup;
			children = (
				9095E0B02CD6685400280F13 /* ClimbrDataSource.xcdatamodel */,
				9095E0B12CD6685400280F13 /* Equipment+CoreDataClass.swift */,
				9095E0B22CD6685400280F13 /* Equipment+CoreDataProperties.swift */,
				9095E0B32CD6685400280F13 /* PersistenceController.swift */,
				9095E0B42CD6685400280F13 /* StreakEntity+CoreDataClass.swift */,
				9095E0B52CD6685400280F13 /* StreakEntity+CoreDataProperties.swift */,
			);
			path = LocalDataSources;
			sourceTree = "<group>";
		};
		9095E0C02CD6685400280F13 /* Managers */ = {
			isa = PBXGroup;
			children = (
				9095E0B72CD6685400280F13 /* AudioManager.swift */,
				9095E0B82CD6685400280F13 /* CameraManager.swift */,
				9095E0B92CD6685400280F13 /* EquipmentManager.swift */,
				9095E0BA2CD6685400280F13 /* NotificationManager.swift */,
				9095E0BB2CD6685400280F13 /* Predictor.swift */,
				9095E0BC2CD6685400280F13 /* PredictorManager.swift */,
				9095E0BD2CD6685400280F13 /* ProgressManager.swift */,
				9095E0BE2CD6685400280F13 /* StreakManager.swift */,
				9095E0BF2CD6685400280F13 /* UserManager.swift */,
			);
			path = Managers;
			sourceTree = "<group>";
		};
		E71F6E622C6B8B3B001BCFEB /* Frameworks */ = {
			isa = PBXGroup;
			children = (
				034EADDE2CC78654006C0C9C /* ServiceManagement.framework */,
			);
			name = Frameworks;
			sourceTree = "<group>";
		};
		E76E63032C675AAD001906A9 /* Recovered References */ = {
			isa = PBXGroup;
			children = (
				8ABB12812C66099200616C57 /* ModelFixV1+Label.swift */,
				8ABB12872C661B1000616C57 /* ModelFixV1+FrameRate.swift */,
				8ABB127F2C66074C00616C57 /* ModelFixV1+Singleton.swift */,
				8ABB12892C661D1500616C57 /* Pose.swift */,
				E7FDDB0B2C6434EC00DE2A7A /* SampleViewA.swift */,
				E7FDDB092C6434E700DE2A7A /* SampleViewB.swift */,
				0367F5AE2C720A5300938747 /* Character+CoreDataClass.swift */,
				0367F5AF2C720A5300938747 /* Character+CoreDataProperties.swift */,
				03CD0A122C6FA8BD00BEEE8B /* Equipment+CoreDataClass.swift */,
				03CD0A132C6FA8BD00BEEE8B /* Equipment+CoreDataProperties.swift */,
				AB9A790B2C6FCBF000028B36 /* ShopItemVC.swift */,
			);
			name = "Recovered References";
			sourceTree = "<group>";
		};
		E7FDDACA2C64301B00DE2A7A = {
			isa = PBXGroup;
			children = (
				E7FDDAD52C64301B00DE2A7A /* climbr */,
				034EADCE2CC78493006C0C9C /* climbrHelper */,
				E7FDDAD42C64301B00DE2A7A /* Products */,
				E76E63032C675AAD001906A9 /* Recovered References */,
				E71F6E622C6B8B3B001BCFEB /* Frameworks */,
			);
			sourceTree = "<group>";
		};
		E7FDDAD42C64301B00DE2A7A /* Products */ = {
			isa = PBXGroup;
			children = (
				E7FDDAD32C64301B00DE2A7A /* climbr.app */,
				034EADCD2CC78493006C0C9C /* climbrHelper.app */,
			);
			name = Products;
			sourceTree = "<group>";
		};
		E7FDDAD52C64301B00DE2A7A /* climbr */ = {
			isa = PBXGroup;
			children = (
				9095E0B62CD6685400280F13 /* LocalDataSources */,
				9095E0C02CD6685400280F13 /* Managers */,
				9095E01C2CD6684800280F13 /* Models */,
				9095E0402CD6684800280F13 /* Resources */,
				9095E06C2CD6684800280F13 /* Screens */,
				9095DFDE2CD6683D00280F13 /* Services */,
				9095DFFB2CD6683D00280F13 /* Shared */,
				9095DFCF2CD6683300280F13 /* Supports */,
				03CD09BF2C6EEEF100BEEE8B /* Info.plist */,
				E7FDDADF2C64301F00DE2A7A /* climbr.entitlements */,
			);
			path = climbr;
			sourceTree = "<group>";
		};
/* End PBXGroup section */

/* Begin PBXNativeTarget section */
		034EADCC2CC78493006C0C9C /* climbrHelper */ = {
			isa = PBXNativeTarget;
			buildConfigurationList = 034EADDB2CC78495006C0C9C /* Build configuration list for PBXNativeTarget "climbrHelper" */;
			buildPhases = (
				034EADC92CC78493006C0C9C /* Sources */,
				034EADCA2CC78493006C0C9C /* Frameworks */,
				034EADCB2CC78493006C0C9C /* Resources */,
			);
			buildRules = (
			);
			dependencies = (
			);
			fileSystemSynchronizedGroups = (
				034EADCE2CC78493006C0C9C /* climbrHelper */,
			);
			name = climbrHelper;
			packageProductDependencies = (
			);
			productName = climbrHelper;
			productReference = 034EADCD2CC78493006C0C9C /* climbrHelper.app */;
			productType = "com.apple.product-type.application";
		};
		E7FDDAD22C64301B00DE2A7A /* climbr */ = {
			isa = PBXNativeTarget;
			buildConfigurationList = E7FDDAE22C64301F00DE2A7A /* Build configuration list for PBXNativeTarget "climbr" */;
			buildPhases = (
				E7FDDACF2C64301B00DE2A7A /* Sources */,
				E7FDDAD02C64301B00DE2A7A /* Frameworks */,
				E7FDDAD12C64301B00DE2A7A /* Resources */,
				034EADE02CC7867A006C0C9C /* CopyFiles */,
			);
			buildRules = (
			);
			dependencies = (
			);
			name = climbr;
			packageProductDependencies = (
				E7FDDB262C64370E00DE2A7A /* RiveRuntime */,
				034C71642C64FAFF0040AD4F /* SnapKit */,
				E71F6E632C6B8B3B001BCFEB /* Swinject */,
			);
			productName = climbr;
			productReference = E7FDDAD32C64301B00DE2A7A /* climbr.app */;
			productType = "com.apple.product-type.application";
		};
/* End PBXNativeTarget section */

/* Begin PBXProject section */
		E7FDDACB2C64301B00DE2A7A /* Project object */ = {
			isa = PBXProject;
			attributes = {
				BuildIndependentTargetsInParallel = 1;
				LastSwiftUpdateCheck = 1600;
				LastUpgradeCheck = 1540;
				TargetAttributes = {
					034EADCC2CC78493006C0C9C = {
						CreatedOnToolsVersion = 16.0;
					};
					E7FDDAD22C64301B00DE2A7A = {
						CreatedOnToolsVersion = 15.2;
					};
				};
			};
			buildConfigurationList = E7FDDACE2C64301B00DE2A7A /* Build configuration list for PBXProject "climbr" */;
			compatibilityVersion = "Xcode 14.0";
			developmentRegion = en;
			hasScannedForEncodings = 0;
			knownRegions = (
				en,
				Base,
			);
			mainGroup = E7FDDACA2C64301B00DE2A7A;
			packageReferences = (
				E7FDDB252C64370E00DE2A7A /* XCRemoteSwiftPackageReference "rive-ios" */,
				034C71632C64FAFF0040AD4F /* XCRemoteSwiftPackageReference "SnapKit" */,
				E71F6E612C6B8995001BCFEB /* XCRemoteSwiftPackageReference "Swinject" */,
			);
			productRefGroup = E7FDDAD42C64301B00DE2A7A /* Products */;
			projectDirPath = "";
			projectRoot = "";
			targets = (
				E7FDDAD22C64301B00DE2A7A /* climbr */,
				034EADCC2CC78493006C0C9C /* climbrHelper */,
			);
		};
/* End PBXProject section */

/* Begin PBXResourcesBuildPhase section */
		034EADCB2CC78493006C0C9C /* Resources */ = {
			isa = PBXResourcesBuildPhase;
			buildActionMask = 2147483647;
			files = (
			);
			runOnlyForDeploymentPostprocessing = 0;
		};
		E7FDDAD12C64301B00DE2A7A /* Resources */ = {
			isa = PBXResourcesBuildPhase;
			buildActionMask = 2147483647;
			files = (
				9095E06D2CD6684900280F13 /* crossBodyShoulder-Left.mp4 in Resources */,
				9095E06E2CD6684900280F13 /* tricepStatic-Left.mp4 in Resources */,
				9095E06F2CD6684900280F13 /* snow.mp3 in Resources */,
				9095E0702CD6684900280F13 /* crossBodyShoulder-Right.mp4 in Resources */,
				9095E0712CD6684900280F13 /* next-move.mp3 in Resources */,
				9095E0722CD6684900280F13 /* summer.mp3 in Resources */,
				9095E0732CD6684900280F13 /* frontShoulderStatic-Left.mp4 in Resources */,
				9095E0742CD6684900280F13 /* upperBackStretch-Up.mp4 in Resources */,
				9095E0752CD6684900280F13 /* correct.mp3 in Resources */,
				9095E0762CD6684900280F13 /* lowerBackSpin-Right.mp4 in Resources */,
				9095E0772CD6684900280F13 /* neckDeep-Right.mp4 in Resources */,
				9095E0782CD6684900280F13 /* night.mp3 in Resources */,
				8A6FF3242CD681B900E8E5EC /* overlay_notification-2.riv in Resources */,
				9095E0792CD6684900280F13 /* neckDeep-Left.mp4 in Resources */,
				9095E07A2CD6684900280F13 /* neckRotation-Right.mp4 in Resources */,
				9095E07B2CD6684900280F13 /* neckRotation-Left.mp4 in Resources */,
				9095E07C2CD6684900280F13 /* upperBackStretch-Right.mp4 in Resources */,
				9095E07D2CD6684900280F13 /* upperBackStretch-Front.mp4 in Resources */,
				9095E07E2CD6684900280F13 /* upperBackStretch-Left.mp4 in Resources */,
				9095E07F2CD6684900280F13 /* frontShoulderStatic-Right.mp4 in Resources */,
				9095E0802CD6684900280F13 /* tricepStatic-Right.mp4 in Resources */,
				9095E0812CD6684900280F13 /* climbr.riv in Resources */,
				9095E0822CD6684900280F13 /* incorrect.mp3 in Resources */,
				900852932CDA679500317C4F /* splash_screen.riv in Resources */,
				9095E0832CD6684900280F13 /* Assets.xcassets in Resources */,
				9095E0842CD6684900280F13 /* countdown.mp3 in Resources */,
				9095E0852CD6684900280F13 /* neckExtension-Front.mp4 in Resources */,
				9095E0862CD6684900280F13 /* neckExtension-Back.mp4 in Resources */,
				9095E0872CD6684900280F13 /* lowerBackSpin-Left.mp4 in Resources */,
			);
			runOnlyForDeploymentPostprocessing = 0;
		};
/* End PBXResourcesBuildPhase section */

/* Begin PBXSourcesBuildPhase section */
		034EADC92CC78493006C0C9C /* Sources */ = {
			isa = PBXSourcesBuildPhase;
			buildActionMask = 2147483647;
			files = (
			);
			runOnlyForDeploymentPostprocessing = 0;
		};
		E7FDDACF2C64301B00DE2A7A /* Sources */ = {
			isa = PBXSourcesBuildPhase;
			buildActionMask = 2147483647;
			files = (
				9095DFD02CD6683300280F13 /* main.swift in Sources */,
				9095DFFC2CD6683D00280F13 /* CLTextButtonV2.swift in Sources */,
				9095DFFD2CD6683D00280F13 /* SwinjectExtension.swift in Sources */,
				9095DFFE2CD6683D00280F13 /* PredictorService.swift in Sources */,
				9095DFFF2CD6683D00280F13 /* EquipmentService.swift in Sources */,
				9095E0002CD6683D00280F13 /* CLPickerButton.swift in Sources */,
				9095E0012CD6683D00280F13 /* CLImageButton.swift in Sources */,
				9095E0022CD6683D00280F13 /* DateExtension.swift in Sources */,
				9095E0032CD6683D00280F13 /* CLBlurEffectView.swift in Sources */,
				9095E0042CD6683D00280F13 /* CameraService.swift in Sources */,
				9095E0052CD6683D00280F13 /* Divider.swift in Sources */,
				9095E0062CD6683D00280F13 /* ProgressService.swift in Sources */,
				9095E0072CD6683D00280F13 /* CLGradientContainer.swift in Sources */,
				9095E0082CD6683D00280F13 /* CollectionExtension.swift in Sources */,
				9095E0092CD6683D00280F13 /* UserDefaultsKey.swift in Sources */,
				9095E00A2CD6683D00280F13 /* ExcerciseGuidanceService.swift in Sources */,
				9095E00B2CD6683D00280F13 /* CLLabel.swift in Sources */,
				9095E00C2CD6683D00280F13 /* SubtractedView.swift in Sources */,
				9095E00D2CD6683D00280F13 /* CLTextLabelV2.swift in Sources */,
				9095E00E2CD6683D00280F13 /* NSViewControllerExtension.swift in Sources */,
				9095E00F2CD6683D00280F13 /* CLSFSymbol.swift in Sources */,
				9095E0102CD6683D00280F13 /* UserService.swift in Sources */,
				9095E0112CD6683D00280F13 /* StreakService.swift in Sources */,
				9095E0882CD6684900280F13 /* DaysButtonStackView.swift in Sources */,
				8A6FF3532CD891A600E8E5EC /* ModelFixV8.mlmodel in Sources */,
				9095E0892CD6684900280F13 /* CurrentMovementView.swift in Sources */,
				9095E08A2CD6684900280F13 /* UserPreference+Extension.swift in Sources */,
				9095E08B2CD6684900280F13 /* HomeVC+Extension.swift in Sources */,
				9095E08C2CD6684900280F13 /* StretchingResultVC+Extension.swift in Sources */,
				9095E08D2CD6684900280F13 /* TutorialVC+Extension.swift in Sources */,
				8A6FF32B2CD682ED00E8E5EC /* OverlayWindow.swift in Sources */,
				9095E08F2CD6684900280F13 /* StretchingVC+Extension.swift in Sources */,
				9095E0902CD6684900280F13 /* Streak.swift in Sources */,
				9095E0912CD6684900280F13 /* CollectionContainerView.swift in Sources */,
				9095E0922CD6684900280F13 /* Movement.swift in Sources */,
				9095E0932CD6684900280F13 /* StretchingResultVC.swift in Sources */,
				9095E0942CD6684900280F13 /* ExerciseInstructionView.swift in Sources */,
				9095E0952CD6684900280F13 /* HomeVC.swift in Sources */,
				9095E0962CD6684900280F13 /* ShopItemVC+Extensions.swift in Sources */,
				9095E0972CD6684900280F13 /* ProgressStretchVC.swift in Sources */,
				9095E0982CD6684900280F13 /* GridItemView.swift in Sources */,
				9095E0992CD6684900280F13 /* ShopItemVC.swift in Sources */,
				8A6FF3272CD6828900E8E5EC /* OverlayNotifServices.swift in Sources */,
				9095E09A2CD6684900280F13 /* CollectionContainerView+Extensions.swift in Sources */,
				9095E09B2CD6684900280F13 /* CameraPreviewView.swift in Sources */,
				9095E09C2CD6684900280F13 /* Equipment.swift in Sources */,
				9095E09D2CD6684900280F13 /* TypeButtonView.swift in Sources */,
				9095E09E2CD6684900280F13 /* SettingVC+Extension.swift in Sources */,
				9095E09F2CD6684900280F13 /* WorkingHour.swift in Sources */,
				9095E0A02CD6684900280F13 /* MovementStateView.swift in Sources */,
				9095E0A12CD6684900280F13 /* ModelFixV5.mlmodel in Sources */,
				9095E0A22CD6684900280F13 /* EndSessionAlertVC.swift in Sources */,
				9095E0A32CD6684900280F13 /* ChooseCharacterVC.swift in Sources */,
				9095E0A42CD6684900280F13 /* DayTimePreferenceView.swift in Sources */,
				9095E0A52CD6684900280F13 /* UserPreferenceVC.swift in Sources */,
				9095E0A62CD6684900280F13 /* StretchingVC.swift in Sources */,
				9095E0A72CD6684900280F13 /* BuyButtonView.swift in Sources */,
				9095E0A82CD6684900280F13 /* Character.swift in Sources */,
				9095E0A92CD6684900280F13 /* SplashVC.swift in Sources */,
				9095E0AA2CD6684900280F13 /* MenuBarVC.swift in Sources */,
				9095E0AB2CD6684900280F13 /* ProgressUserView.swift in Sources */,
				9095E0AC2CD6684900280F13 /* UserPreference.swift in Sources */,
				9095E0AD2CD6684900280F13 /* NextMovementView.swift in Sources */,
				9095E0AE2CD6684900280F13 /* SettingVC.swift in Sources */,
				9095E0AF2CD6684900280F13 /* TutorialVC.swift in Sources */,
				9095E0122CD6683D00280F13 /* CLTextField.swift in Sources */,
				9095E0132CD6683D00280F13 /* NotificationService.swift in Sources */,
				9095E0142CD6683D00280F13 /* CLDatePicker.swift in Sources */,
				9095E0C12CD6685400280F13 /* StreakManager.swift in Sources */,
				9095E0C22CD6685400280F13 /* AudioManager.swift in Sources */,
				9095E0C32CD6685400280F13 /* EquipmentManager.swift in Sources */,
				9095E0C42CD6685400280F13 /* ProgressManager.swift in Sources */,
				9095E0C52CD6685400280F13 /* PersistenceController.swift in Sources */,
				9095E0C62CD6685400280F13 /* PredictorManager.swift in Sources */,
				9095E0C72CD6685400280F13 /* CameraManager.swift in Sources */,
				9095E0C82CD6685400280F13 /* Equipment+CoreDataProperties.swift in Sources */,
				9095E0C92CD6685400280F13 /* ClimbrDataSource.xcdatamodel in Sources */,
				9095E0CA2CD6685400280F13 /* UserManager.swift in Sources */,
				9095E0CB2CD6685400280F13 /* NotificationManager.swift in Sources */,
				9095E0CC2CD6685400280F13 /* StreakEntity+CoreDataClass.swift in Sources */,
				9095E0CD2CD6685400280F13 /* StreakEntity+CoreDataProperties.swift in Sources */,
				9095E0CE2CD6685400280F13 /* Equipment+CoreDataClass.swift in Sources */,
				8A6FF3292CD682C700E8E5EC /* OverlayView.swift in Sources */,
				9095E0CF2CD6685400280F13 /* Predictor.swift in Sources */,
				9095E0152CD6683D00280F13 /* AudioService.swift in Sources */,
				9095DFD12CD6683300280F13 /* MainWindow.swift in Sources */,
				9095DFD22CD6683300280F13 /* AppDelegate+MenuBar+Extension.swift in Sources */,
				9095DFD32CD6683300280F13 /* MainVC.swift in Sources */,
				9095DFD42CD6683300280F13 /* AppDelegate.swift in Sources */,
			);
			runOnlyForDeploymentPostprocessing = 0;
		};
/* End PBXSourcesBuildPhase section */

/* Begin XCBuildConfiguration section */
		034EADD92CC78495006C0C9C /* Debug */ = {
			isa = XCBuildConfiguration;
			buildSettings = {
				ASSETCATALOG_COMPILER_APPICON_NAME = AppIcon;
				ASSETCATALOG_COMPILER_GLOBAL_ACCENT_COLOR_NAME = AccentColor;
				CODE_SIGN_ENTITLEMENTS = climbrHelper/climbrHelper.entitlements;
				CODE_SIGN_IDENTITY = "Apple Development";
				CODE_SIGN_STYLE = Automatic;
				COMBINE_HIDPI_IMAGES = YES;
				CURRENT_PROJECT_VERSION = 2;
				DEVELOPMENT_TEAM = P5G5Z7L546;
				ENABLE_HARDENED_RUNTIME = YES;
				GENERATE_INFOPLIST_FILE = YES;
				INFOPLIST_FILE = climbrHelper/Info.plist;
				INFOPLIST_KEY_CFBundleDisplayName = NO;
				INFOPLIST_KEY_LSApplicationCategoryType = NO;
				INFOPLIST_KEY_LSBackgroundOnly = YES;
				INFOPLIST_KEY_NSHumanReadableCopyright = "";
				INFOPLIST_KEY_NSMainStoryboardFile = Main;
				INFOPLIST_KEY_NSPrincipalClass = NSApplication;
				LD_RUNPATH_SEARCH_PATHS = (
					"$(inherited)",
					"@executable_path/../Frameworks",
				);
				MACOSX_DEPLOYMENT_TARGET = 14.0;
				MARKETING_VERSION = 2.0.0;
				PRODUCT_BUNDLE_IDENTIFIER = com.ngaf.climbr.helper;
				PRODUCT_NAME = "$(TARGET_NAME)";
				PROVISIONING_PROFILE_SPECIFIER = "";
				SKIP_INSTALL = YES;
				SWIFT_EMIT_LOC_STRINGS = YES;
				SWIFT_VERSION = 5.0;
			};
			name = Debug;
		};
		034EADDA2CC78495006C0C9C /* Release */ = {
			isa = XCBuildConfiguration;
			buildSettings = {
				ASSETCATALOG_COMPILER_APPICON_NAME = AppIcon;
				ASSETCATALOG_COMPILER_GLOBAL_ACCENT_COLOR_NAME = AccentColor;
				CODE_SIGN_ENTITLEMENTS = climbrHelper/climbrHelper.entitlements;
				CODE_SIGN_IDENTITY = "Apple Development";
				CODE_SIGN_STYLE = Automatic;
				COMBINE_HIDPI_IMAGES = YES;
				CURRENT_PROJECT_VERSION = 2;
				DEVELOPMENT_TEAM = P5G5Z7L546;
				ENABLE_HARDENED_RUNTIME = YES;
				GENERATE_INFOPLIST_FILE = YES;
				INFOPLIST_FILE = climbrHelper/Info.plist;
				INFOPLIST_KEY_CFBundleDisplayName = NO;
				INFOPLIST_KEY_LSApplicationCategoryType = NO;
				INFOPLIST_KEY_LSBackgroundOnly = YES;
				INFOPLIST_KEY_NSHumanReadableCopyright = "";
				INFOPLIST_KEY_NSMainStoryboardFile = Main;
				INFOPLIST_KEY_NSPrincipalClass = NSApplication;
				LD_RUNPATH_SEARCH_PATHS = (
					"$(inherited)",
					"@executable_path/../Frameworks",
				);
				MACOSX_DEPLOYMENT_TARGET = 14.0;
				MARKETING_VERSION = 2.0.0;
				PRODUCT_BUNDLE_IDENTIFIER = com.ngaf.climbr.helper;
				PRODUCT_NAME = "$(TARGET_NAME)";
				PROVISIONING_PROFILE_SPECIFIER = "";
				SKIP_INSTALL = YES;
				SWIFT_EMIT_LOC_STRINGS = YES;
				SWIFT_VERSION = 5.0;
			};
			name = Release;
		};
		E7FDDAE02C64301F00DE2A7A /* Debug */ = {
			isa = XCBuildConfiguration;
			buildSettings = {
				ALWAYS_SEARCH_USER_PATHS = NO;
				ASSETCATALOG_COMPILER_GENERATE_SWIFT_ASSET_SYMBOL_EXTENSIONS = YES;
				CLANG_ANALYZER_NONNULL = YES;
				CLANG_ANALYZER_NUMBER_OBJECT_CONVERSION = YES_AGGRESSIVE;
				CLANG_CXX_LANGUAGE_STANDARD = "gnu++20";
				CLANG_ENABLE_MODULES = YES;
				CLANG_ENABLE_OBJC_ARC = YES;
				CLANG_ENABLE_OBJC_WEAK = YES;
				CLANG_WARN_BLOCK_CAPTURE_AUTORELEASING = YES;
				CLANG_WARN_BOOL_CONVERSION = YES;
				CLANG_WARN_COMMA = YES;
				CLANG_WARN_CONSTANT_CONVERSION = YES;
				CLANG_WARN_DEPRECATED_OBJC_IMPLEMENTATIONS = YES;
				CLANG_WARN_DIRECT_OBJC_ISA_USAGE = YES_ERROR;
				CLANG_WARN_DOCUMENTATION_COMMENTS = YES;
				CLANG_WARN_EMPTY_BODY = YES;
				CLANG_WARN_ENUM_CONVERSION = YES;
				CLANG_WARN_INFINITE_RECURSION = YES;
				CLANG_WARN_INT_CONVERSION = YES;
				CLANG_WARN_NON_LITERAL_NULL_CONVERSION = YES;
				CLANG_WARN_OBJC_IMPLICIT_RETAIN_SELF = YES;
				CLANG_WARN_OBJC_LITERAL_CONVERSION = YES;
				CLANG_WARN_OBJC_ROOT_CLASS = YES_ERROR;
				CLANG_WARN_QUOTED_INCLUDE_IN_FRAMEWORK_HEADER = YES;
				CLANG_WARN_RANGE_LOOP_ANALYSIS = YES;
				CLANG_WARN_STRICT_PROTOTYPES = YES;
				CLANG_WARN_SUSPICIOUS_MOVE = YES;
				CLANG_WARN_UNGUARDED_AVAILABILITY = YES_AGGRESSIVE;
				CLANG_WARN_UNREACHABLE_CODE = YES;
				CLANG_WARN__DUPLICATE_METHOD_MATCH = YES;
				COPY_PHASE_STRIP = NO;
				DEAD_CODE_STRIPPING = YES;
				DEBUG_INFORMATION_FORMAT = dwarf;
				ENABLE_STRICT_OBJC_MSGSEND = YES;
				ENABLE_TESTABILITY = YES;
				ENABLE_USER_SCRIPT_SANDBOXING = YES;
				GCC_C_LANGUAGE_STANDARD = gnu17;
				GCC_DYNAMIC_NO_PIC = NO;
				GCC_NO_COMMON_BLOCKS = YES;
				GCC_OPTIMIZATION_LEVEL = 0;
				GCC_PREPROCESSOR_DEFINITIONS = (
					"DEBUG=1",
					"$(inherited)",
				);
				GCC_WARN_64_TO_32_BIT_CONVERSION = YES;
				GCC_WARN_ABOUT_RETURN_TYPE = YES_ERROR;
				GCC_WARN_UNDECLARED_SELECTOR = YES;
				GCC_WARN_UNINITIALIZED_AUTOS = YES_AGGRESSIVE;
				GCC_WARN_UNUSED_FUNCTION = YES;
				GCC_WARN_UNUSED_VARIABLE = YES;
				LOCALIZATION_PREFERS_STRING_CATALOGS = YES;
				MACOSX_DEPLOYMENT_TARGET = 14.2;
				MTL_ENABLE_DEBUG_INFO = INCLUDE_SOURCE;
				MTL_FAST_MATH = YES;
				ONLY_ACTIVE_ARCH = YES;
				SDKROOT = macosx;
				SWIFT_ACTIVE_COMPILATION_CONDITIONS = "DEBUG $(inherited)";
				SWIFT_OPTIMIZATION_LEVEL = "-Onone";
			};
			name = Debug;
		};
		E7FDDAE12C64301F00DE2A7A /* Release */ = {
			isa = XCBuildConfiguration;
			buildSettings = {
				ALWAYS_SEARCH_USER_PATHS = NO;
				ASSETCATALOG_COMPILER_GENERATE_SWIFT_ASSET_SYMBOL_EXTENSIONS = YES;
				CLANG_ANALYZER_NONNULL = YES;
				CLANG_ANALYZER_NUMBER_OBJECT_CONVERSION = YES_AGGRESSIVE;
				CLANG_CXX_LANGUAGE_STANDARD = "gnu++20";
				CLANG_ENABLE_MODULES = YES;
				CLANG_ENABLE_OBJC_ARC = YES;
				CLANG_ENABLE_OBJC_WEAK = YES;
				CLANG_WARN_BLOCK_CAPTURE_AUTORELEASING = YES;
				CLANG_WARN_BOOL_CONVERSION = YES;
				CLANG_WARN_COMMA = YES;
				CLANG_WARN_CONSTANT_CONVERSION = YES;
				CLANG_WARN_DEPRECATED_OBJC_IMPLEMENTATIONS = YES;
				CLANG_WARN_DIRECT_OBJC_ISA_USAGE = YES_ERROR;
				CLANG_WARN_DOCUMENTATION_COMMENTS = YES;
				CLANG_WARN_EMPTY_BODY = YES;
				CLANG_WARN_ENUM_CONVERSION = YES;
				CLANG_WARN_INFINITE_RECURSION = YES;
				CLANG_WARN_INT_CONVERSION = YES;
				CLANG_WARN_NON_LITERAL_NULL_CONVERSION = YES;
				CLANG_WARN_OBJC_IMPLICIT_RETAIN_SELF = YES;
				CLANG_WARN_OBJC_LITERAL_CONVERSION = YES;
				CLANG_WARN_OBJC_ROOT_CLASS = YES_ERROR;
				CLANG_WARN_QUOTED_INCLUDE_IN_FRAMEWORK_HEADER = YES;
				CLANG_WARN_RANGE_LOOP_ANALYSIS = YES;
				CLANG_WARN_STRICT_PROTOTYPES = YES;
				CLANG_WARN_SUSPICIOUS_MOVE = YES;
				CLANG_WARN_UNGUARDED_AVAILABILITY = YES_AGGRESSIVE;
				CLANG_WARN_UNREACHABLE_CODE = YES;
				CLANG_WARN__DUPLICATE_METHOD_MATCH = YES;
				COPY_PHASE_STRIP = NO;
				DEAD_CODE_STRIPPING = YES;
				DEBUG_INFORMATION_FORMAT = "dwarf-with-dsym";
				ENABLE_NS_ASSERTIONS = NO;
				ENABLE_STRICT_OBJC_MSGSEND = YES;
				ENABLE_USER_SCRIPT_SANDBOXING = YES;
				GCC_C_LANGUAGE_STANDARD = gnu17;
				GCC_NO_COMMON_BLOCKS = YES;
				GCC_WARN_64_TO_32_BIT_CONVERSION = YES;
				GCC_WARN_ABOUT_RETURN_TYPE = YES_ERROR;
				GCC_WARN_UNDECLARED_SELECTOR = YES;
				GCC_WARN_UNINITIALIZED_AUTOS = YES_AGGRESSIVE;
				GCC_WARN_UNUSED_FUNCTION = YES;
				GCC_WARN_UNUSED_VARIABLE = YES;
				LOCALIZATION_PREFERS_STRING_CATALOGS = YES;
				MACOSX_DEPLOYMENT_TARGET = 14.2;
				MTL_ENABLE_DEBUG_INFO = NO;
				MTL_FAST_MATH = YES;
				SDKROOT = macosx;
				SWIFT_COMPILATION_MODE = wholemodule;
			};
			name = Release;
		};
		E7FDDAE32C64301F00DE2A7A /* Debug */ = {
			isa = XCBuildConfiguration;
			buildSettings = {
				ASSETCATALOG_COMPILER_APPICON_NAME = AppIcon;
				ASSETCATALOG_COMPILER_GLOBAL_ACCENT_COLOR_NAME = AccentColor;
				CODE_SIGN_ENTITLEMENTS = climbr/climbr.entitlements;
				CODE_SIGN_IDENTITY = "Apple Development";
				CODE_SIGN_STYLE = Automatic;
				COMBINE_HIDPI_IMAGES = YES;
				CURRENT_PROJECT_VERSION = 2;
				DEAD_CODE_STRIPPING = YES;
				DEVELOPMENT_TEAM = P5G5Z7L546;
				ENABLE_HARDENED_RUNTIME = YES;
				GENERATE_INFOPLIST_FILE = YES;
				INFOPLIST_FILE = climbr/Info.plist;
				INFOPLIST_KEY_LSApplicationCategoryType = "public.app-category.healthcare-fitness";
				INFOPLIST_KEY_LSUIElement = NO;
				INFOPLIST_KEY_NSCameraUsageDescription = "This app will use your webcam to analyze your movement in doing static streching";
				INFOPLIST_KEY_NSHumanReadableCopyright = "";
				INFOPLIST_KEY_NSPrincipalClass = NSApplication;
				INFOPLIST_KEY_UIUserInterfaceStyle = Light;
				LD_RUNPATH_SEARCH_PATHS = (
					"$(inherited)",
					"@executable_path/../Frameworks",
				);
				MACOSX_DEPLOYMENT_TARGET = 14.0;
				MARKETING_VERSION = 2.0.0;
				PRODUCT_BUNDLE_IDENTIFIER = com.ngaf.climbr;
				PRODUCT_NAME = "$(TARGET_NAME)";
				PROVISIONING_PROFILE_SPECIFIER = "";
				SWIFT_EMIT_LOC_STRINGS = YES;
				SWIFT_VERSION = 5.0;
			};
			name = Debug;
		};
		E7FDDAE42C64301F00DE2A7A /* Release */ = {
			isa = XCBuildConfiguration;
			buildSettings = {
				ASSETCATALOG_COMPILER_APPICON_NAME = AppIcon;
				ASSETCATALOG_COMPILER_GLOBAL_ACCENT_COLOR_NAME = AccentColor;
				CODE_SIGN_ENTITLEMENTS = climbr/climbr.entitlements;
				CODE_SIGN_IDENTITY = "Apple Development";
				CODE_SIGN_STYLE = Automatic;
				COMBINE_HIDPI_IMAGES = YES;
				CURRENT_PROJECT_VERSION = 2;
				DEAD_CODE_STRIPPING = YES;
				DEVELOPMENT_TEAM = P5G5Z7L546;
				ENABLE_HARDENED_RUNTIME = YES;
				GENERATE_INFOPLIST_FILE = YES;
				INFOPLIST_FILE = climbr/Info.plist;
				INFOPLIST_KEY_LSApplicationCategoryType = "public.app-category.healthcare-fitness";
				INFOPLIST_KEY_LSUIElement = NO;
				INFOPLIST_KEY_NSCameraUsageDescription = "This app will use your webcam to analyze your movement in doing static streching";
				INFOPLIST_KEY_NSHumanReadableCopyright = "";
				INFOPLIST_KEY_NSPrincipalClass = NSApplication;
				INFOPLIST_KEY_UIUserInterfaceStyle = Light;
				LD_RUNPATH_SEARCH_PATHS = (
					"$(inherited)",
					"@executable_path/../Frameworks",
				);
				MACOSX_DEPLOYMENT_TARGET = 14.0;
				MARKETING_VERSION = 2.0.0;
				PRODUCT_BUNDLE_IDENTIFIER = com.ngaf.climbr;
				PRODUCT_NAME = "$(TARGET_NAME)";
				PROVISIONING_PROFILE_SPECIFIER = "";
				SWIFT_EMIT_LOC_STRINGS = YES;
				SWIFT_VERSION = 5.0;
			};
			name = Release;
		};
/* End XCBuildConfiguration section */

/* Begin XCConfigurationList section */
		034EADDB2CC78495006C0C9C /* Build configuration list for PBXNativeTarget "climbrHelper" */ = {
			isa = XCConfigurationList;
			buildConfigurations = (
				034EADD92CC78495006C0C9C /* Debug */,
				034EADDA2CC78495006C0C9C /* Release */,
			);
			defaultConfigurationIsVisible = 0;
			defaultConfigurationName = Release;
		};
		E7FDDACE2C64301B00DE2A7A /* Build configuration list for PBXProject "climbr" */ = {
			isa = XCConfigurationList;
			buildConfigurations = (
				E7FDDAE02C64301F00DE2A7A /* Debug */,
				E7FDDAE12C64301F00DE2A7A /* Release */,
			);
			defaultConfigurationIsVisible = 0;
			defaultConfigurationName = Release;
		};
		E7FDDAE22C64301F00DE2A7A /* Build configuration list for PBXNativeTarget "climbr" */ = {
			isa = XCConfigurationList;
			buildConfigurations = (
				E7FDDAE32C64301F00DE2A7A /* Debug */,
				E7FDDAE42C64301F00DE2A7A /* Release */,
			);
			defaultConfigurationIsVisible = 0;
			defaultConfigurationName = Release;
		};
/* End XCConfigurationList section */

/* Begin XCRemoteSwiftPackageReference section */
		034C71632C64FAFF0040AD4F /* XCRemoteSwiftPackageReference "SnapKit" */ = {
			isa = XCRemoteSwiftPackageReference;
			repositoryURL = "https://github.com/SnapKit/SnapKit.git";
			requirement = {
				kind = upToNextMajorVersion;
				minimumVersion = 5.0.1;
			};
		};
		E71F6E612C6B8995001BCFEB /* XCRemoteSwiftPackageReference "Swinject" */ = {
			isa = XCRemoteSwiftPackageReference;
			repositoryURL = "https://github.com/Swinject/Swinject.git";
			requirement = {
				kind = upToNextMajorVersion;
				minimumVersion = 2.9.0;
			};
		};
		E7FDDB252C64370E00DE2A7A /* XCRemoteSwiftPackageReference "rive-ios" */ = {
			isa = XCRemoteSwiftPackageReference;
			repositoryURL = "https://github.com/rive-app/rive-ios";
			requirement = {
				kind = upToNextMajorVersion;
				minimumVersion = 6.0.0;
			};
		};
/* End XCRemoteSwiftPackageReference section */

/* Begin XCSwiftPackageProductDependency section */
		034C71642C64FAFF0040AD4F /* SnapKit */ = {
			isa = XCSwiftPackageProductDependency;
			package = 034C71632C64FAFF0040AD4F /* XCRemoteSwiftPackageReference "SnapKit" */;
			productName = SnapKit;
		};
		E71F6E632C6B8B3B001BCFEB /* Swinject */ = {
			isa = XCSwiftPackageProductDependency;
			package = E71F6E612C6B8995001BCFEB /* XCRemoteSwiftPackageReference "Swinject" */;
			productName = Swinject;
		};
		E7FDDB262C64370E00DE2A7A /* RiveRuntime */ = {
			isa = XCSwiftPackageProductDependency;
			package = E7FDDB252C64370E00DE2A7A /* XCRemoteSwiftPackageReference "rive-ios" */;
			productName = RiveRuntime;
		};
/* End XCSwiftPackageProductDependency section */
	};
	rootObject = E7FDDACB2C64301B00DE2A7A /* Project object */;
}
