// !$*UTF8*$!
{
	archiveVersion = 1;
	classes = {
	};
	objectVersion = 56;
	objects = {

/* Begin PBXBuildFile section */
		034C71602C64BFC50040AD4F /* CLImageButton.swift in Sources */ = {isa = PBXBuildFile; fileRef = 034C715F2C64BFC50040AD4F /* CLImageButton.swift */; };
		034C71652C64FAFF0040AD4F /* SnapKit in Frameworks */ = {isa = PBXBuildFile; productRef = 034C71642C64FAFF0040AD4F /* SnapKit */; };
		034C71692C664D210040AD4F /* SettingVC.swift in Sources */ = {isa = PBXBuildFile; fileRef = 034C71682C664D210040AD4F /* SettingVC.swift */; };
		034C716B2C6736040040AD4F /* CLTextLabelV2.swift in Sources */ = {isa = PBXBuildFile; fileRef = 034C716A2C6736040040AD4F /* CLTextLabelV2.swift */; };
		036AA9FE2C6D0A2000956F7C /* SettingVC+Extension.swift in Sources */ = {isa = PBXBuildFile; fileRef = 036AA9FD2C6D0A2000956F7C /* SettingVC+Extension.swift */; };
		03889CBA2C64688A004BC8C8 /* UserPreferences+CoreDataClass.swift in Sources */ = {isa = PBXBuildFile; fileRef = 03889CB02C646889004BC8C8 /* UserPreferences+CoreDataClass.swift */; };
		03889CBB2C64688A004BC8C8 /* UserPreferences+CoreDataProperties.swift in Sources */ = {isa = PBXBuildFile; fileRef = 03889CB12C646889004BC8C8 /* UserPreferences+CoreDataProperties.swift */; };
		03889CBC2C64688A004BC8C8 /* Character+CoreDataClass.swift in Sources */ = {isa = PBXBuildFile; fileRef = 03889CB22C646889004BC8C8 /* Character+CoreDataClass.swift */; };
		03889CBD2C64688A004BC8C8 /* Character+CoreDataProperties.swift in Sources */ = {isa = PBXBuildFile; fileRef = 03889CB32C646889004BC8C8 /* Character+CoreDataProperties.swift */; };
		03889CBE2C64688A004BC8C8 /* User+CoreDataClass.swift in Sources */ = {isa = PBXBuildFile; fileRef = 03889CB42C646889004BC8C8 /* User+CoreDataClass.swift */; };
		03889CBF2C64688A004BC8C8 /* User+CoreDataProperties.swift in Sources */ = {isa = PBXBuildFile; fileRef = 03889CB52C646889004BC8C8 /* User+CoreDataProperties.swift */; };
		03889CC02C64688A004BC8C8 /* Equipment+CoreDataClass.swift in Sources */ = {isa = PBXBuildFile; fileRef = 03889CB62C646889004BC8C8 /* Equipment+CoreDataClass.swift */; };
		03889CC12C64688A004BC8C8 /* Equipment+CoreDataProperties.swift in Sources */ = {isa = PBXBuildFile; fileRef = 03889CB72C646889004BC8C8 /* Equipment+CoreDataProperties.swift */; };
		03CD09BC2C6DDFB600BEEE8B /* ProgressService.swift in Sources */ = {isa = PBXBuildFile; fileRef = 03CD09BB2C6DDFB600BEEE8B /* ProgressService.swift */; };
		03CD09BE2C6DE1B200BEEE8B /* ProgressManager.swift in Sources */ = {isa = PBXBuildFile; fileRef = 03CD09BD2C6DE1B200BEEE8B /* ProgressManager.swift */; };
		03E796C92C6C6BB0003C6121 /* CLPickerButton.swift in Sources */ = {isa = PBXBuildFile; fileRef = 03E796C82C6C6BB0003C6121 /* CLPickerButton.swift */; };
		03E796CB2C6C70DD003C6121 /* HomeVC+Extension.swift in Sources */ = {isa = PBXBuildFile; fileRef = 03E796CA2C6C70DD003C6121 /* HomeVC+Extension.swift */; };
		8A19622D2C6AF79000F7064B /* CLTextField.swift in Sources */ = {isa = PBXBuildFile; fileRef = 8A19622C2C6AF79000F7064B /* CLTextField.swift */; };
		8A1962302C6B030B00F7064B /* CLGradientContainer.swift in Sources */ = {isa = PBXBuildFile; fileRef = 8A19622F2C6B030B00F7064B /* CLGradientContainer.swift */; };
		8A1962332C6B0E1900F7064B /* bgmusic.mp3 in Resources */ = {isa = PBXBuildFile; fileRef = 8A1962312C6B0E1900F7064B /* bgmusic.mp3 */; };
		8AB71C6D2C6BAEB500635C85 /* huh.mp3 in Resources */ = {isa = PBXBuildFile; fileRef = 8AB71C682C6BAEB500635C85 /* huh.mp3 */; };
		8AB71C6E2C6BAEB500635C85 /* correct.mp3 in Resources */ = {isa = PBXBuildFile; fileRef = 8AB71C692C6BAEB500635C85 /* correct.mp3 */; };
		8AB71C6F2C6BAEB500635C85 /* next-move.mp3 in Resources */ = {isa = PBXBuildFile; fileRef = 8AB71C6A2C6BAEB500635C85 /* next-move.mp3 */; };
		8AB71C702C6BAEB500635C85 /* incorrect.mp3 in Resources */ = {isa = PBXBuildFile; fileRef = 8AB71C6B2C6BAEB500635C85 /* incorrect.mp3 */; };
		8AB71C712C6BAEB500635C85 /* yaaas.mp3 in Resources */ = {isa = PBXBuildFile; fileRef = 8AB71C6C2C6BAEB500635C85 /* yaaas.mp3 */; };
		8AB71C732C6CA79900635C85 /* ModelFixV2.mlmodel in Sources */ = {isa = PBXBuildFile; fileRef = 8AB71C722C6CA79900635C85 /* ModelFixV2.mlmodel */; };
		8ABB12792C6539F200616C57 /* CLTextButtonV2.swift in Sources */ = {isa = PBXBuildFile; fileRef = 8ABB12782C6539F200616C57 /* CLTextButtonV2.swift */; };
		8ABB12942C67D36100616C57 /* UserPreferenceVC.swift in Sources */ = {isa = PBXBuildFile; fileRef = 8ABB12932C67D36100616C57 /* UserPreferenceVC.swift */; };
		8ABB12992C68940400616C57 /* CLDatePicker.swift in Sources */ = {isa = PBXBuildFile; fileRef = 8ABB12982C68940400616C57 /* CLDatePicker.swift */; };
		8ABB12AC2C6AEE8200616C57 /* ChooseCharacterVC.swift in Sources */ = {isa = PBXBuildFile; fileRef = 8ABB12AB2C6AEE8200616C57 /* ChooseCharacterVC.swift */; };
		AB9A78722C64BB2B00028B36 /* UserService.swift in Sources */ = {isa = PBXBuildFile; fileRef = AB9A78712C64BB2B00028B36 /* UserService.swift */; };
		AB9A78742C64BB3800028B36 /* EquipmentService.swift in Sources */ = {isa = PBXBuildFile; fileRef = AB9A78732C64BB3800028B36 /* EquipmentService.swift */; };
		AB9A78762C64BB4500028B36 /* NotificationService.swift in Sources */ = {isa = PBXBuildFile; fileRef = AB9A78752C64BB4500028B36 /* NotificationService.swift */; };
		AB9A78782C64BB4F00028B36 /* AudioService.swift in Sources */ = {isa = PBXBuildFile; fileRef = AB9A78772C64BB4F00028B36 /* AudioService.swift */; };
		AB9A787A2C64C9E600028B36 /* AudioManager.swift in Sources */ = {isa = PBXBuildFile; fileRef = AB9A78792C64C9E600028B36 /* AudioManager.swift */; };
		AB9A787C2C64C9EF00028B36 /* UserManager.swift in Sources */ = {isa = PBXBuildFile; fileRef = AB9A787B2C64C9EF00028B36 /* UserManager.swift */; };
		AB9A787E2C64C9FA00028B36 /* EquipmentManager.swift in Sources */ = {isa = PBXBuildFile; fileRef = AB9A787D2C64C9FA00028B36 /* EquipmentManager.swift */; };
		AB9A78802C64CA0900028B36 /* NotificationManager.swift in Sources */ = {isa = PBXBuildFile; fileRef = AB9A787F2C64CA0900028B36 /* NotificationManager.swift */; };
		AB9A78822C64CA1400028B36 /* CameraManager.swift in Sources */ = {isa = PBXBuildFile; fileRef = AB9A78812C64CA1400028B36 /* CameraManager.swift */; };
		AB9A78B42C67D81200028B36 /* Predictor.swift in Sources */ = {isa = PBXBuildFile; fileRef = AB9A78B32C67D81200028B36 /* Predictor.swift */; };
		AB9A78BC2C68A14F00028B36 /* CameraPreviewView.swift in Sources */ = {isa = PBXBuildFile; fileRef = AB9A78BB2C68A14F00028B36 /* CameraPreviewView.swift */; };
		AB9A78BF2C6B39CE00028B36 /* CameraService.swift in Sources */ = {isa = PBXBuildFile; fileRef = AB9A78BE2C6B39CE00028B36 /* CameraService.swift */; };
		E701F0A62C6A7B980069A2DC /* SplashVC.swift in Sources */ = {isa = PBXBuildFile; fileRef = E701F0A52C6A7B980069A2DC /* SplashVC.swift */; };
		E71F6E642C6B8B3B001BCFEB /* Swinject in Frameworks */ = {isa = PBXBuildFile; productRef = E71F6E632C6B8B3B001BCFEB /* Swinject */; };
		E71F6E662C6B8E16001BCFEB /* SwinjectExtension.swift in Sources */ = {isa = PBXBuildFile; fileRef = E71F6E652C6B8E16001BCFEB /* SwinjectExtension.swift */; };
		E74C3AEF2C684C5400631D6F /* StretchingResultVC.swift in Sources */ = {isa = PBXBuildFile; fileRef = E74C3AEE2C684C5400631D6F /* StretchingResultVC.swift */; };
		E74C3AF12C684C6500631D6F /* StretchingResultVC+Extension.swift in Sources */ = {isa = PBXBuildFile; fileRef = E74C3AF02C684C6500631D6F /* StretchingResultVC+Extension.swift */; };
		E74C3AF42C6865B600631D6F /* EndSessionAlertVC.swift in Sources */ = {isa = PBXBuildFile; fileRef = E74C3AF22C6865B600631D6F /* EndSessionAlertVC.swift */; };
		E757EDB22C6A173F00F0F84D /* MovementStateView.swift in Sources */ = {isa = PBXBuildFile; fileRef = E757EDB12C6A173F00F0F84D /* MovementStateView.swift */; };
		E76E63202C6792D0001906A9 /* CollectionExtension.swift in Sources */ = {isa = PBXBuildFile; fileRef = E76E631F2C6792D0001906A9 /* CollectionExtension.swift */; };
		E7826F472C647ADB0052EDD9 /* ClimbrDataSource.xcdatamodeld in Sources */ = {isa = PBXBuildFile; fileRef = E7826F452C647ADB0052EDD9 /* ClimbrDataSource.xcdatamodeld */; };
		E7ABBA422C660A31007A702F /* CurrentMovementView.swift in Sources */ = {isa = PBXBuildFile; fileRef = E7ABBA412C660A31007A702F /* CurrentMovementView.swift */; };
		E7ABBA442C660AAF007A702F /* NSViewControllerExtension.swift in Sources */ = {isa = PBXBuildFile; fileRef = E7ABBA432C660AAF007A702F /* NSViewControllerExtension.swift */; };
		E7ABBA462C670605007A702F /* NextMovementView.swift in Sources */ = {isa = PBXBuildFile; fileRef = E7ABBA452C670605007A702F /* NextMovementView.swift */; };
		E7ABBA492C673F4B007A702F /* Divider.swift in Sources */ = {isa = PBXBuildFile; fileRef = E7ABBA482C673F4B007A702F /* Divider.swift */; };
		E7ABBA4C2C6746D0007A702F /* CLLabel.swift in Sources */ = {isa = PBXBuildFile; fileRef = E7ABBA4B2C6746D0007A702F /* CLLabel.swift */; };
		E7ABBA4F2C674960007A702F /* CLSFSymbol.swift in Sources */ = {isa = PBXBuildFile; fileRef = E7ABBA4E2C674960007A702F /* CLSFSymbol.swift */; };
		E7FDDAD72C64301B00DE2A7A /* AppDelegate.swift in Sources */ = {isa = PBXBuildFile; fileRef = E7FDDAD62C64301B00DE2A7A /* AppDelegate.swift */; };
		E7FDDAD92C64301B00DE2A7A /* MainVC.swift in Sources */ = {isa = PBXBuildFile; fileRef = E7FDDAD82C64301B00DE2A7A /* MainVC.swift */; };
		E7FDDADB2C64301F00DE2A7A /* Assets.xcassets in Resources */ = {isa = PBXBuildFile; fileRef = E7FDDADA2C64301F00DE2A7A /* Assets.xcassets */; };
		E7FDDAE62C64307900DE2A7A /* main.swift in Sources */ = {isa = PBXBuildFile; fileRef = E7FDDAE52C64307900DE2A7A /* main.swift */; };
		E7FDDAEA2C6430F700DE2A7A /* MainWindow.swift in Sources */ = {isa = PBXBuildFile; fileRef = E7FDDAE92C6430F700DE2A7A /* MainWindow.swift */; };
		E7FDDAF72C64346900DE2A7A /* ShopVC.swift in Sources */ = {isa = PBXBuildFile; fileRef = E7FDDAF62C64346900DE2A7A /* ShopVC.swift */; };
		E7FDDB012C64349400DE2A7A /* StretchingVC.swift in Sources */ = {isa = PBXBuildFile; fileRef = E7FDDB002C64349400DE2A7A /* StretchingVC.swift */; };
		E7FDDB032C64349D00DE2A7A /* HomeVC.swift in Sources */ = {isa = PBXBuildFile; fileRef = E7FDDB022C64349D00DE2A7A /* HomeVC.swift */; };
		E7FDDB0C2C6434EC00DE2A7A /* SampleViewA.swift in Sources */ = {isa = PBXBuildFile; fileRef = E7FDDB0B2C6434EC00DE2A7A /* SampleViewA.swift */; };
		E7FDDB0E2C64351300DE2A7A /* User.swift in Sources */ = {isa = PBXBuildFile; fileRef = E7FDDB0D2C64351300DE2A7A /* User.swift */; };
		E7FDDB102C64352000DE2A7A /* Character.swift in Sources */ = {isa = PBXBuildFile; fileRef = E7FDDB0F2C64352000DE2A7A /* Character.swift */; };
		E7FDDB122C64353000DE2A7A /* Equipment.swift in Sources */ = {isa = PBXBuildFile; fileRef = E7FDDB112C64353000DE2A7A /* Equipment.swift */; };
		E7FDDB142C64354300DE2A7A /* UserPreference.swift in Sources */ = {isa = PBXBuildFile; fileRef = E7FDDB132C64354300DE2A7A /* UserPreference.swift */; };
		E7FDDB162C64355000DE2A7A /* Movement.swift in Sources */ = {isa = PBXBuildFile; fileRef = E7FDDB152C64355000DE2A7A /* Movement.swift */; };
		E7FDDB1A2C64359800DE2A7A /* StretchingVC+Extension.swift in Sources */ = {isa = PBXBuildFile; fileRef = E7FDDB192C64359800DE2A7A /* StretchingVC+Extension.swift */; };
		E7FDDB1C2C6435A700DE2A7A /* ShopVC+Extension.swift in Sources */ = {isa = PBXBuildFile; fileRef = E7FDDB1B2C6435A700DE2A7A /* ShopVC+Extension.swift */; };
		E7FDDB242C64363200DE2A7A /* DateExtension.swift in Sources */ = {isa = PBXBuildFile; fileRef = E7FDDB232C64363200DE2A7A /* DateExtension.swift */; };
		E7FDDB272C64370E00DE2A7A /* RiveRuntime in Frameworks */ = {isa = PBXBuildFile; productRef = E7FDDB262C64370E00DE2A7A /* RiveRuntime */; };
		E7FDDB292C64378C00DE2A7A /* ExcerciseGuidanceService.swift in Sources */ = {isa = PBXBuildFile; fileRef = E7FDDB282C64378C00DE2A7A /* ExcerciseGuidanceService.swift */; };
/* End PBXBuildFile section */

/* Begin PBXFileReference section */
		034C715F2C64BFC50040AD4F /* CLImageButton.swift */ = {isa = PBXFileReference; lastKnownFileType = sourcecode.swift; path = CLImageButton.swift; sourceTree = "<group>"; };
		034C71682C664D210040AD4F /* SettingVC.swift */ = {isa = PBXFileReference; lastKnownFileType = sourcecode.swift; path = SettingVC.swift; sourceTree = "<group>"; };
		034C716A2C6736040040AD4F /* CLTextLabelV2.swift */ = {isa = PBXFileReference; lastKnownFileType = sourcecode.swift; path = CLTextLabelV2.swift; sourceTree = "<group>"; };
		036AA9FD2C6D0A2000956F7C /* SettingVC+Extension.swift */ = {isa = PBXFileReference; lastKnownFileType = sourcecode.swift; path = "SettingVC+Extension.swift"; sourceTree = "<group>"; };
		03889CB02C646889004BC8C8 /* UserPreferences+CoreDataClass.swift */ = {isa = PBXFileReference; lastKnownFileType = sourcecode.swift; path = "UserPreferences+CoreDataClass.swift"; sourceTree = "<group>"; };
		03889CB12C646889004BC8C8 /* UserPreferences+CoreDataProperties.swift */ = {isa = PBXFileReference; lastKnownFileType = sourcecode.swift; path = "UserPreferences+CoreDataProperties.swift"; sourceTree = "<group>"; };
		03889CB22C646889004BC8C8 /* Character+CoreDataClass.swift */ = {isa = PBXFileReference; lastKnownFileType = sourcecode.swift; path = "Character+CoreDataClass.swift"; sourceTree = "<group>"; };
		03889CB32C646889004BC8C8 /* Character+CoreDataProperties.swift */ = {isa = PBXFileReference; lastKnownFileType = sourcecode.swift; path = "Character+CoreDataProperties.swift"; sourceTree = "<group>"; };
		03889CB42C646889004BC8C8 /* User+CoreDataClass.swift */ = {isa = PBXFileReference; lastKnownFileType = sourcecode.swift; path = "User+CoreDataClass.swift"; sourceTree = "<group>"; };
		03889CB52C646889004BC8C8 /* User+CoreDataProperties.swift */ = {isa = PBXFileReference; lastKnownFileType = sourcecode.swift; path = "User+CoreDataProperties.swift"; sourceTree = "<group>"; };
		03889CB62C646889004BC8C8 /* Equipment+CoreDataClass.swift */ = {isa = PBXFileReference; lastKnownFileType = sourcecode.swift; path = "Equipment+CoreDataClass.swift"; sourceTree = "<group>"; };
		03889CB72C646889004BC8C8 /* Equipment+CoreDataProperties.swift */ = {isa = PBXFileReference; lastKnownFileType = sourcecode.swift; path = "Equipment+CoreDataProperties.swift"; sourceTree = "<group>"; };
		03CD09BB2C6DDFB600BEEE8B /* ProgressService.swift */ = {isa = PBXFileReference; lastKnownFileType = sourcecode.swift; path = ProgressService.swift; sourceTree = "<group>"; };
		03CD09BD2C6DE1B200BEEE8B /* ProgressManager.swift */ = {isa = PBXFileReference; lastKnownFileType = sourcecode.swift; path = ProgressManager.swift; sourceTree = "<group>"; };
		03E796C82C6C6BB0003C6121 /* CLPickerButton.swift */ = {isa = PBXFileReference; lastKnownFileType = sourcecode.swift; path = CLPickerButton.swift; sourceTree = "<group>"; };
		03E796CA2C6C70DD003C6121 /* HomeVC+Extension.swift */ = {isa = PBXFileReference; lastKnownFileType = sourcecode.swift; path = "HomeVC+Extension.swift"; sourceTree = "<group>"; };
		8A19622C2C6AF79000F7064B /* CLTextField.swift */ = {isa = PBXFileReference; lastKnownFileType = sourcecode.swift; path = CLTextField.swift; sourceTree = "<group>"; };
		8A19622F2C6B030B00F7064B /* CLGradientContainer.swift */ = {isa = PBXFileReference; lastKnownFileType = sourcecode.swift; path = CLGradientContainer.swift; sourceTree = "<group>"; };
		8A1962312C6B0E1900F7064B /* bgmusic.mp3 */ = {isa = PBXFileReference; lastKnownFileType = audio.mp3; path = bgmusic.mp3; sourceTree = "<group>"; };
		8AB71C682C6BAEB500635C85 /* huh.mp3 */ = {isa = PBXFileReference; lastKnownFileType = audio.mp3; path = huh.mp3; sourceTree = "<group>"; };
		8AB71C692C6BAEB500635C85 /* correct.mp3 */ = {isa = PBXFileReference; lastKnownFileType = audio.mp3; path = correct.mp3; sourceTree = "<group>"; };
		8AB71C6A2C6BAEB500635C85 /* next-move.mp3 */ = {isa = PBXFileReference; lastKnownFileType = audio.mp3; path = "next-move.mp3"; sourceTree = "<group>"; };
		8AB71C6B2C6BAEB500635C85 /* incorrect.mp3 */ = {isa = PBXFileReference; lastKnownFileType = audio.mp3; path = incorrect.mp3; sourceTree = "<group>"; };
		8AB71C6C2C6BAEB500635C85 /* yaaas.mp3 */ = {isa = PBXFileReference; lastKnownFileType = audio.mp3; path = yaaas.mp3; sourceTree = "<group>"; };
		8AB71C722C6CA79900635C85 /* ModelFixV2.mlmodel */ = {isa = PBXFileReference; lastKnownFileType = file.mlmodel; path = ModelFixV2.mlmodel; sourceTree = "<group>"; };
		8ABB12782C6539F200616C57 /* CLTextButtonV2.swift */ = {isa = PBXFileReference; lastKnownFileType = sourcecode.swift; path = CLTextButtonV2.swift; sourceTree = "<group>"; };
		8ABB127F2C66074C00616C57 /* ModelFixV1+Singleton.swift */ = {isa = PBXFileReference; lastKnownFileType = sourcecode.swift; path = "ModelFixV1+Singleton.swift"; sourceTree = "<group>"; };
		8ABB12812C66099200616C57 /* ModelFixV1+Label.swift */ = {isa = PBXFileReference; lastKnownFileType = sourcecode.swift; path = "ModelFixV1+Label.swift"; sourceTree = "<group>"; };
		8ABB12872C661B1000616C57 /* ModelFixV1+FrameRate.swift */ = {isa = PBXFileReference; lastKnownFileType = sourcecode.swift; path = "ModelFixV1+FrameRate.swift"; sourceTree = "<group>"; };
		8ABB12892C661D1500616C57 /* Pose.swift */ = {isa = PBXFileReference; lastKnownFileType = sourcecode.swift; path = Pose.swift; sourceTree = "<group>"; };
		8ABB12932C67D36100616C57 /* UserPreferenceVC.swift */ = {isa = PBXFileReference; lastKnownFileType = sourcecode.swift; path = UserPreferenceVC.swift; sourceTree = "<group>"; };
		8ABB12982C68940400616C57 /* CLDatePicker.swift */ = {isa = PBXFileReference; lastKnownFileType = sourcecode.swift; path = CLDatePicker.swift; sourceTree = "<group>"; };
		8ABB12AB2C6AEE8200616C57 /* ChooseCharacterVC.swift */ = {isa = PBXFileReference; lastKnownFileType = sourcecode.swift; path = ChooseCharacterVC.swift; sourceTree = "<group>"; };
		AB9A78712C64BB2B00028B36 /* UserService.swift */ = {isa = PBXFileReference; lastKnownFileType = sourcecode.swift; path = UserService.swift; sourceTree = "<group>"; };
		AB9A78732C64BB3800028B36 /* EquipmentService.swift */ = {isa = PBXFileReference; lastKnownFileType = sourcecode.swift; path = EquipmentService.swift; sourceTree = "<group>"; };
		AB9A78752C64BB4500028B36 /* NotificationService.swift */ = {isa = PBXFileReference; lastKnownFileType = sourcecode.swift; path = NotificationService.swift; sourceTree = "<group>"; };
		AB9A78772C64BB4F00028B36 /* AudioService.swift */ = {isa = PBXFileReference; lastKnownFileType = sourcecode.swift; path = AudioService.swift; sourceTree = "<group>"; };
		AB9A78792C64C9E600028B36 /* AudioManager.swift */ = {isa = PBXFileReference; lastKnownFileType = sourcecode.swift; path = AudioManager.swift; sourceTree = "<group>"; };
		AB9A787B2C64C9EF00028B36 /* UserManager.swift */ = {isa = PBXFileReference; lastKnownFileType = sourcecode.swift; path = UserManager.swift; sourceTree = "<group>"; };
		AB9A787D2C64C9FA00028B36 /* EquipmentManager.swift */ = {isa = PBXFileReference; lastKnownFileType = sourcecode.swift; path = EquipmentManager.swift; sourceTree = "<group>"; };
		AB9A787F2C64CA0900028B36 /* NotificationManager.swift */ = {isa = PBXFileReference; lastKnownFileType = sourcecode.swift; path = NotificationManager.swift; sourceTree = "<group>"; };
		AB9A78812C64CA1400028B36 /* CameraManager.swift */ = {isa = PBXFileReference; lastKnownFileType = sourcecode.swift; path = CameraManager.swift; sourceTree = "<group>"; };
		AB9A78B32C67D81200028B36 /* Predictor.swift */ = {isa = PBXFileReference; lastKnownFileType = sourcecode.swift; path = Predictor.swift; sourceTree = "<group>"; };
		AB9A78BB2C68A14F00028B36 /* CameraPreviewView.swift */ = {isa = PBXFileReference; lastKnownFileType = sourcecode.swift; path = CameraPreviewView.swift; sourceTree = "<group>"; };
		AB9A78BE2C6B39CE00028B36 /* CameraService.swift */ = {isa = PBXFileReference; lastKnownFileType = sourcecode.swift; path = CameraService.swift; sourceTree = "<group>"; };
		E701F0A52C6A7B980069A2DC /* SplashVC.swift */ = {isa = PBXFileReference; lastKnownFileType = sourcecode.swift; path = SplashVC.swift; sourceTree = "<group>"; };
		E71F6E652C6B8E16001BCFEB /* SwinjectExtension.swift */ = {isa = PBXFileReference; lastKnownFileType = sourcecode.swift; path = SwinjectExtension.swift; sourceTree = "<group>"; };
		E74C3AEE2C684C5400631D6F /* StretchingResultVC.swift */ = {isa = PBXFileReference; lastKnownFileType = sourcecode.swift; path = StretchingResultVC.swift; sourceTree = "<group>"; };
		E74C3AF02C684C6500631D6F /* StretchingResultVC+Extension.swift */ = {isa = PBXFileReference; lastKnownFileType = sourcecode.swift; path = "StretchingResultVC+Extension.swift"; sourceTree = "<group>"; };
		E74C3AF22C6865B600631D6F /* EndSessionAlertVC.swift */ = {isa = PBXFileReference; lastKnownFileType = sourcecode.swift; path = EndSessionAlertVC.swift; sourceTree = "<group>"; };
		E757EDB12C6A173F00F0F84D /* MovementStateView.swift */ = {isa = PBXFileReference; lastKnownFileType = sourcecode.swift; path = MovementStateView.swift; sourceTree = "<group>"; };
		E76E631F2C6792D0001906A9 /* CollectionExtension.swift */ = {isa = PBXFileReference; lastKnownFileType = sourcecode.swift; path = CollectionExtension.swift; sourceTree = "<group>"; };
		E7826F462C647ADB0052EDD9 /* ClimbrDataSource.xcdatamodel */ = {isa = PBXFileReference; lastKnownFileType = wrapper.xcdatamodel; path = ClimbrDataSource.xcdatamodel; sourceTree = "<group>"; };
		E7ABBA412C660A31007A702F /* CurrentMovementView.swift */ = {isa = PBXFileReference; lastKnownFileType = sourcecode.swift; path = CurrentMovementView.swift; sourceTree = "<group>"; };
		E7ABBA432C660AAF007A702F /* NSViewControllerExtension.swift */ = {isa = PBXFileReference; lastKnownFileType = sourcecode.swift; path = NSViewControllerExtension.swift; sourceTree = "<group>"; };
		E7ABBA452C670605007A702F /* NextMovementView.swift */ = {isa = PBXFileReference; lastKnownFileType = sourcecode.swift; path = NextMovementView.swift; sourceTree = "<group>"; };
		E7ABBA482C673F4B007A702F /* Divider.swift */ = {isa = PBXFileReference; lastKnownFileType = sourcecode.swift; path = Divider.swift; sourceTree = "<group>"; };
		E7ABBA4B2C6746D0007A702F /* CLLabel.swift */ = {isa = PBXFileReference; lastKnownFileType = sourcecode.swift; path = CLLabel.swift; sourceTree = "<group>"; };
		E7ABBA4E2C674960007A702F /* CLSFSymbol.swift */ = {isa = PBXFileReference; lastKnownFileType = sourcecode.swift; path = CLSFSymbol.swift; sourceTree = "<group>"; };
		E7FDDAD32C64301B00DE2A7A /* climbr.app */ = {isa = PBXFileReference; explicitFileType = wrapper.application; includeInIndex = 0; path = climbr.app; sourceTree = BUILT_PRODUCTS_DIR; };
		E7FDDAD62C64301B00DE2A7A /* AppDelegate.swift */ = {isa = PBXFileReference; lastKnownFileType = sourcecode.swift; path = AppDelegate.swift; sourceTree = "<group>"; };
		E7FDDAD82C64301B00DE2A7A /* MainVC.swift */ = {isa = PBXFileReference; lastKnownFileType = sourcecode.swift; path = MainVC.swift; sourceTree = "<group>"; };
		E7FDDADA2C64301F00DE2A7A /* Assets.xcassets */ = {isa = PBXFileReference; lastKnownFileType = folder.assetcatalog; path = Assets.xcassets; sourceTree = "<group>"; };
		E7FDDADF2C64301F00DE2A7A /* climbr.entitlements */ = {isa = PBXFileReference; lastKnownFileType = text.plist.entitlements; path = climbr.entitlements; sourceTree = "<group>"; };
		E7FDDAE52C64307900DE2A7A /* main.swift */ = {isa = PBXFileReference; lastKnownFileType = sourcecode.swift; path = main.swift; sourceTree = "<group>"; };
		E7FDDAE92C6430F700DE2A7A /* MainWindow.swift */ = {isa = PBXFileReference; lastKnownFileType = sourcecode.swift; path = MainWindow.swift; sourceTree = "<group>"; };
		E7FDDAF62C64346900DE2A7A /* ShopVC.swift */ = {isa = PBXFileReference; lastKnownFileType = sourcecode.swift; path = ShopVC.swift; sourceTree = "<group>"; };
		E7FDDB002C64349400DE2A7A /* StretchingVC.swift */ = {isa = PBXFileReference; lastKnownFileType = sourcecode.swift; path = StretchingVC.swift; sourceTree = "<group>"; };
		E7FDDB022C64349D00DE2A7A /* HomeVC.swift */ = {isa = PBXFileReference; lastKnownFileType = sourcecode.swift; path = HomeVC.swift; sourceTree = "<group>"; };
		E7FDDB0B2C6434EC00DE2A7A /* SampleViewA.swift */ = {isa = PBXFileReference; lastKnownFileType = sourcecode.swift; path = SampleViewA.swift; sourceTree = "<group>"; };
		E7FDDB0D2C64351300DE2A7A /* User.swift */ = {isa = PBXFileReference; lastKnownFileType = sourcecode.swift; path = User.swift; sourceTree = "<group>"; };
		E7FDDB0F2C64352000DE2A7A /* Character.swift */ = {isa = PBXFileReference; lastKnownFileType = sourcecode.swift; path = Character.swift; sourceTree = "<group>"; };
		E7FDDB112C64353000DE2A7A /* Equipment.swift */ = {isa = PBXFileReference; lastKnownFileType = sourcecode.swift; path = Equipment.swift; sourceTree = "<group>"; };
		E7FDDB132C64354300DE2A7A /* UserPreference.swift */ = {isa = PBXFileReference; lastKnownFileType = sourcecode.swift; path = UserPreference.swift; sourceTree = "<group>"; };
		E7FDDB152C64355000DE2A7A /* Movement.swift */ = {isa = PBXFileReference; lastKnownFileType = sourcecode.swift; path = Movement.swift; sourceTree = "<group>"; };
		E7FDDB192C64359800DE2A7A /* StretchingVC+Extension.swift */ = {isa = PBXFileReference; lastKnownFileType = sourcecode.swift; path = "StretchingVC+Extension.swift"; sourceTree = "<group>"; };
		E7FDDB1B2C6435A700DE2A7A /* ShopVC+Extension.swift */ = {isa = PBXFileReference; lastKnownFileType = sourcecode.swift; path = "ShopVC+Extension.swift"; sourceTree = "<group>"; };
		E7FDDB232C64363200DE2A7A /* DateExtension.swift */ = {isa = PBXFileReference; lastKnownFileType = sourcecode.swift; path = DateExtension.swift; sourceTree = "<group>"; };
		E7FDDB282C64378C00DE2A7A /* ExcerciseGuidanceService.swift */ = {isa = PBXFileReference; lastKnownFileType = sourcecode.swift; path = ExcerciseGuidanceService.swift; sourceTree = "<group>"; };
/* End PBXFileReference section */

/* Begin PBXFrameworksBuildPhase section */
		E7FDDAD02C64301B00DE2A7A /* Frameworks */ = {
			isa = PBXFrameworksBuildPhase;
			buildActionMask = 2147483647;
			files = (
				E7FDDB272C64370E00DE2A7A /* RiveRuntime in Frameworks */,
				034C71652C64FAFF0040AD4F /* SnapKit in Frameworks */,
				E71F6E642C6B8B3B001BCFEB /* Swinject in Frameworks */,
			);
			runOnlyForDeploymentPostprocessing = 0;
		};
/* End PBXFrameworksBuildPhase section */

/* Begin PBXGroup section */
		034C715E2C64BFB70040AD4F /* Button */ = {
			isa = PBXGroup;
			children = (
				034C715F2C64BFC50040AD4F /* CLImageButton.swift */,
				8ABB12782C6539F200616C57 /* CLTextButtonV2.swift */,
				03E796C82C6C6BB0003C6121 /* CLPickerButton.swift */,
			);
			path = Button;
			sourceTree = "<group>";
		};
		8A19622B2C6AF77300F7064B /* TextField */ = {
			isa = PBXGroup;
			children = (
				8A19622C2C6AF79000F7064B /* CLTextField.swift */,
			);
			path = TextField;
			sourceTree = "<group>";
		};
		8A19622E2C6B02E500F7064B /* GradientContainer */ = {
			isa = PBXGroup;
			children = (
				8A19622F2C6B030B00F7064B /* CLGradientContainer.swift */,
			);
			path = GradientContainer;
			sourceTree = "<group>";
		};
		8A1962322C6B0E1900F7064B /* Music */ = {
			isa = PBXGroup;
			children = (
				8AB71C692C6BAEB500635C85 /* correct.mp3 */,
				8AB71C682C6BAEB500635C85 /* huh.mp3 */,
				8AB71C6B2C6BAEB500635C85 /* incorrect.mp3 */,
				8AB71C6A2C6BAEB500635C85 /* next-move.mp3 */,
				8AB71C6C2C6BAEB500635C85 /* yaaas.mp3 */,
				8A1962312C6B0E1900F7064B /* bgmusic.mp3 */,
			);
			path = Music;
			sourceTree = "<group>";
		};
		8ABB12332C649D9A00616C57 /* VisionModel */ = {
			isa = PBXGroup;
			children = (
				8AB71C722C6CA79900635C85 /* ModelFixV2.mlmodel */,
				AB9A78B32C67D81200028B36 /* Predictor.swift */,
			);
			path = VisionModel;
			sourceTree = "<group>";
		};
		8ABB12922C67D1AA00616C57 /* Onboarding */ = {
			isa = PBXGroup;
			children = (
				8ABB12932C67D36100616C57 /* UserPreferenceVC.swift */,
				8ABB12AB2C6AEE8200616C57 /* ChooseCharacterVC.swift */,
			);
			path = Onboarding;
			sourceTree = "<group>";
		};
		8ABB12972C6893EC00616C57 /* DatePicker */ = {
			isa = PBXGroup;
			children = (
				8ABB12982C68940400616C57 /* CLDatePicker.swift */,
			);
			path = DatePicker;
			sourceTree = "<group>";
		};
		E701F0A42C6A7B850069A2DC /* Splash */ = {
			isa = PBXGroup;
			children = (
				E701F0A52C6A7B980069A2DC /* SplashVC.swift */,
			);
			path = Splash;
			sourceTree = "<group>";
		};
		E71F6E622C6B8B3B001BCFEB /* Frameworks */ = {
			isa = PBXGroup;
			children = (
			);
			name = Frameworks;
			sourceTree = "<group>";
		};
		E76E63032C675AAD001906A9 /* Recovered References */ = {
			isa = PBXGroup;
			children = (
				8ABB12812C66099200616C57 /* ModelFixV1+Label.swift */,
				8ABB12872C661B1000616C57 /* ModelFixV1+FrameRate.swift */,
				8ABB127F2C66074C00616C57 /* ModelFixV1+Singleton.swift */,
				8ABB12892C661D1500616C57 /* Pose.swift */,
			);
			name = "Recovered References";
			sourceTree = "<group>";
		};
		E7ABBA472C673F3B007A702F /* Dividers */ = {
			isa = PBXGroup;
			children = (
				E7ABBA482C673F4B007A702F /* Divider.swift */,
			);
			path = Dividers;
			sourceTree = "<group>";
		};
		E7ABBA4A2C6746B4007A702F /* Labels */ = {
			isa = PBXGroup;
			children = (
				034C716A2C6736040040AD4F /* CLTextLabelV2.swift */,
				E7ABBA4B2C6746D0007A702F /* CLLabel.swift */,
			);
			path = Labels;
			sourceTree = "<group>";
		};
		E7ABBA4D2C67494C007A702F /* Images */ = {
			isa = PBXGroup;
			children = (
				E7ABBA4E2C674960007A702F /* CLSFSymbol.swift */,
			);
			path = Images;
			sourceTree = "<group>";
		};
		E7FDDACA2C64301B00DE2A7A = {
			isa = PBXGroup;
			children = (
				E7FDDAD52C64301B00DE2A7A /* climbr */,
				E7FDDAD42C64301B00DE2A7A /* Products */,
				E76E63032C675AAD001906A9 /* Recovered References */,
				E71F6E622C6B8B3B001BCFEB /* Frameworks */,
			);
			sourceTree = "<group>";
		};
		E7FDDAD42C64301B00DE2A7A /* Products */ = {
			isa = PBXGroup;
			children = (
				E7FDDAD32C64301B00DE2A7A /* climbr.app */,
			);
			name = Products;
			sourceTree = "<group>";
		};
		E7FDDAD52C64301B00DE2A7A /* climbr */ = {
			isa = PBXGroup;
			children = (
				E7FDDAF22C64341F00DE2A7A /* LocalDataSources */,
				E7FDDAF12C64341400DE2A7A /* Services */,
				E7FDDAF02C64340B00DE2A7A /* Managers */,
				E7FDDAEF2C6433FD00DE2A7A /* Shared */,
				E7FDDAEE2C6433F700DE2A7A /* Models */,
				E7FDDAED2C6433EA00DE2A7A /* Screens */,
				E7FDDAEC2C6433C500DE2A7A /* Resources */,
				E7FDDAEB2C6433B900DE2A7A /* Supports */,
				E7FDDADF2C64301F00DE2A7A /* climbr.entitlements */,
			);
			path = climbr;
			sourceTree = "<group>";
		};
		E7FDDAEB2C6433B900DE2A7A /* Supports */ = {
			isa = PBXGroup;
			children = (
				E7FDDAD62C64301B00DE2A7A /* AppDelegate.swift */,
				E7FDDAE92C6430F700DE2A7A /* MainWindow.swift */,
				E7FDDAD82C64301B00DE2A7A /* MainVC.swift */,
				E7FDDAE52C64307900DE2A7A /* main.swift */,
			);
			path = Supports;
			sourceTree = "<group>";
		};
		E7FDDAEC2C6433C500DE2A7A /* Resources */ = {
			isa = PBXGroup;
			children = (
				8A1962322C6B0E1900F7064B /* Music */,
				8ABB12332C649D9A00616C57 /* VisionModel */,
				E7FDDADA2C64301F00DE2A7A /* Assets.xcassets */,
			);
			path = Resources;
			sourceTree = "<group>";
		};
		E7FDDAED2C6433EA00DE2A7A /* Screens */ = {
			isa = PBXGroup;
			children = (
				E701F0A42C6A7B850069A2DC /* Splash */,
				8ABB12922C67D1AA00616C57 /* Onboarding */,
				E7FDDAF52C64345500DE2A7A /* Shop */,
				E7FDDAF42C64343300DE2A7A /* Stretching */,
				E7FDDAF32C64342E00DE2A7A /* Home */,
			);
			path = Screens;
			sourceTree = "<group>";
		};
		E7FDDAEE2C6433F700DE2A7A /* Models */ = {
			isa = PBXGroup;
			children = (
				E7FDDB0D2C64351300DE2A7A /* User.swift */,
				E7FDDB0F2C64352000DE2A7A /* Character.swift */,
				E7FDDB112C64353000DE2A7A /* Equipment.swift */,
				E7FDDB132C64354300DE2A7A /* UserPreference.swift */,
				E7FDDB152C64355000DE2A7A /* Movement.swift */,
			);
			path = Models;
			sourceTree = "<group>";
		};
		E7FDDAEF2C6433FD00DE2A7A /* Shared */ = {
			isa = PBXGroup;
			children = (
				E7FDDB202C64360800DE2A7A /* Components */,
				E7FDDB1F2C6435FF00DE2A7A /* Extensions */,
			);
			path = Shared;
			sourceTree = "<group>";
		};
		E7FDDAF02C64340B00DE2A7A /* Managers */ = {
			isa = PBXGroup;
			children = (
				AB9A78792C64C9E600028B36 /* AudioManager.swift */,
				AB9A787B2C64C9EF00028B36 /* UserManager.swift */,
				AB9A787D2C64C9FA00028B36 /* EquipmentManager.swift */,
				AB9A787F2C64CA0900028B36 /* NotificationManager.swift */,
				AB9A78812C64CA1400028B36 /* CameraManager.swift */,
				03CD09BD2C6DE1B200BEEE8B /* ProgressManager.swift */,
			);
			path = Managers;
			sourceTree = "<group>";
		};
		E7FDDAF12C64341400DE2A7A /* Services */ = {
			isa = PBXGroup;
			children = (
				E7FDDB282C64378C00DE2A7A /* ExcerciseGuidanceService.swift */,
				AB9A78712C64BB2B00028B36 /* UserService.swift */,
				AB9A78732C64BB3800028B36 /* EquipmentService.swift */,
				AB9A78752C64BB4500028B36 /* NotificationService.swift */,
				AB9A78772C64BB4F00028B36 /* AudioService.swift */,
				AB9A78BE2C6B39CE00028B36 /* CameraService.swift */,
				03CD09BB2C6DDFB600BEEE8B /* ProgressService.swift */,
			);
			path = Services;
			sourceTree = "<group>";
		};
		E7FDDAF22C64341F00DE2A7A /* LocalDataSources */ = {
			isa = PBXGroup;
			children = (
				03889CB02C646889004BC8C8 /* UserPreferences+CoreDataClass.swift */,
				03889CB12C646889004BC8C8 /* UserPreferences+CoreDataProperties.swift */,
				03889CB22C646889004BC8C8 /* Character+CoreDataClass.swift */,
				03889CB32C646889004BC8C8 /* Character+CoreDataProperties.swift */,
				03889CB42C646889004BC8C8 /* User+CoreDataClass.swift */,
				03889CB52C646889004BC8C8 /* User+CoreDataProperties.swift */,
				03889CB62C646889004BC8C8 /* Equipment+CoreDataClass.swift */,
				03889CB72C646889004BC8C8 /* Equipment+CoreDataProperties.swift */,
				E7826F452C647ADB0052EDD9 /* ClimbrDataSource.xcdatamodeld */,
			);
			path = LocalDataSources;
			sourceTree = "<group>";
		};
		E7FDDAF32C64342E00DE2A7A /* Home */ = {
			isa = PBXGroup;
			children = (
				E7FDDB042C6434A300DE2A7A /* SubViews */,
				E7FDDB022C64349D00DE2A7A /* HomeVC.swift */,
				03E796CA2C6C70DD003C6121 /* HomeVC+Extension.swift */,
			);
			path = Home;
			sourceTree = "<group>";
		};
		E7FDDAF42C64343300DE2A7A /* Stretching */ = {
			isa = PBXGroup;
			children = (
				E7FDDB072C6434C700DE2A7A /* SubViews */,
				E7FDDB002C64349400DE2A7A /* StretchingVC.swift */,
				E7FDDB192C64359800DE2A7A /* StretchingVC+Extension.swift */,
				E74C3AEE2C684C5400631D6F /* StretchingResultVC.swift */,
				E74C3AF02C684C6500631D6F /* StretchingResultVC+Extension.swift */,
			);
			path = Stretching;
			sourceTree = "<group>";
		};
		E7FDDAF52C64345500DE2A7A /* Shop */ = {
			isa = PBXGroup;
			children = (
				E7FDDB082C6434D200DE2A7A /* SubViews */,
				E7FDDAF62C64346900DE2A7A /* ShopVC.swift */,
				E7FDDB1B2C6435A700DE2A7A /* ShopVC+Extension.swift */,
			);
			path = Shop;
			sourceTree = "<group>";
		};
		E7FDDB042C6434A300DE2A7A /* SubViews */ = {
			isa = PBXGroup;
			children = (
				034C71682C664D210040AD4F /* SettingVC.swift */,
				036AA9FD2C6D0A2000956F7C /* SettingVC+Extension.swift */,
			);
			path = SubViews;
			sourceTree = "<group>";
		};
		E7FDDB072C6434C700DE2A7A /* SubViews */ = {
			isa = PBXGroup;
			children = (
				E7ABBA412C660A31007A702F /* CurrentMovementView.swift */,
				E7ABBA452C670605007A702F /* NextMovementView.swift */,
				AB9A78BB2C68A14F00028B36 /* CameraPreviewView.swift */,
				E74C3AF22C6865B600631D6F /* EndSessionAlertVC.swift */,
				E757EDB12C6A173F00F0F84D /* MovementStateView.swift */,
			);
			path = SubViews;
			sourceTree = "<group>";
		};
		E7FDDB082C6434D200DE2A7A /* SubViews */ = {
			isa = PBXGroup;
			children = (
				E7FDDB0B2C6434EC00DE2A7A /* SampleViewA.swift */,
			);
			path = SubViews;
			sourceTree = "<group>";
		};
		E7FDDB1F2C6435FF00DE2A7A /* Extensions */ = {
			isa = PBXGroup;
			children = (
				E7FDDB232C64363200DE2A7A /* DateExtension.swift */,
				E7ABBA432C660AAF007A702F /* NSViewControllerExtension.swift */,
				E76E631F2C6792D0001906A9 /* CollectionExtension.swift */,
				E71F6E652C6B8E16001BCFEB /* SwinjectExtension.swift */,
			);
			path = Extensions;
			sourceTree = "<group>";
		};
		E7FDDB202C64360800DE2A7A /* Components */ = {
			isa = PBXGroup;
			children = (
				8A19622E2C6B02E500F7064B /* GradientContainer */,
				8A19622B2C6AF77300F7064B /* TextField */,
				8ABB12972C6893EC00616C57 /* DatePicker */,
				E7ABBA4D2C67494C007A702F /* Images */,
				E7ABBA4A2C6746B4007A702F /* Labels */,
				E7ABBA472C673F3B007A702F /* Dividers */,
				034C715E2C64BFB70040AD4F /* Button */,
			);
			path = Components;
			sourceTree = "<group>";
		};
/* End PBXGroup section */

/* Begin PBXNativeTarget section */
		E7FDDAD22C64301B00DE2A7A /* climbr */ = {
			isa = PBXNativeTarget;
			buildConfigurationList = E7FDDAE22C64301F00DE2A7A /* Build configuration list for PBXNativeTarget "climbr" */;
			buildPhases = (
				E7FDDACF2C64301B00DE2A7A /* Sources */,
				E7FDDAD02C64301B00DE2A7A /* Frameworks */,
				E7FDDAD12C64301B00DE2A7A /* Resources */,
			);
			buildRules = (
			);
			dependencies = (
			);
			name = climbr;
			packageProductDependencies = (
				E7FDDB262C64370E00DE2A7A /* RiveRuntime */,
				034C71642C64FAFF0040AD4F /* SnapKit */,
				E71F6E632C6B8B3B001BCFEB /* Swinject */,
			);
			productName = climbr;
			productReference = E7FDDAD32C64301B00DE2A7A /* climbr.app */;
			productType = "com.apple.product-type.application";
		};
/* End PBXNativeTarget section */

/* Begin PBXProject section */
		E7FDDACB2C64301B00DE2A7A /* Project object */ = {
			isa = PBXProject;
			attributes = {
				BuildIndependentTargetsInParallel = 1;
				LastSwiftUpdateCheck = 1520;
				LastUpgradeCheck = 1540;
				TargetAttributes = {
					E7FDDAD22C64301B00DE2A7A = {
						CreatedOnToolsVersion = 15.2;
					};
				};
			};
			buildConfigurationList = E7FDDACE2C64301B00DE2A7A /* Build configuration list for PBXProject "climbr" */;
			compatibilityVersion = "Xcode 14.0";
			developmentRegion = en;
			hasScannedForEncodings = 0;
			knownRegions = (
				en,
				Base,
			);
			mainGroup = E7FDDACA2C64301B00DE2A7A;
			packageReferences = (
				E7FDDB252C64370E00DE2A7A /* XCRemoteSwiftPackageReference "rive-ios" */,
				034C71632C64FAFF0040AD4F /* XCRemoteSwiftPackageReference "SnapKit" */,
				E71F6E612C6B8995001BCFEB /* XCRemoteSwiftPackageReference "Swinject" */,
			);
			productRefGroup = E7FDDAD42C64301B00DE2A7A /* Products */;
			projectDirPath = "";
			projectRoot = "";
			targets = (
				E7FDDAD22C64301B00DE2A7A /* climbr */,
			);
		};
/* End PBXProject section */

/* Begin PBXResourcesBuildPhase section */
		E7FDDAD12C64301B00DE2A7A /* Resources */ = {
			isa = PBXResourcesBuildPhase;
			buildActionMask = 2147483647;
			files = (
				8AB71C6D2C6BAEB500635C85 /* huh.mp3 in Resources */,
				E7FDDADB2C64301F00DE2A7A /* Assets.xcassets in Resources */,
				8AB71C6F2C6BAEB500635C85 /* next-move.mp3 in Resources */,
				8A1962332C6B0E1900F7064B /* bgmusic.mp3 in Resources */,
				8AB71C702C6BAEB500635C85 /* incorrect.mp3 in Resources */,
				8AB71C712C6BAEB500635C85 /* yaaas.mp3 in Resources */,
				8AB71C6E2C6BAEB500635C85 /* correct.mp3 in Resources */,
			);
			runOnlyForDeploymentPostprocessing = 0;
		};
/* End PBXResourcesBuildPhase section */

/* Begin PBXSourcesBuildPhase section */
		E7FDDACF2C64301B00DE2A7A /* Sources */ = {
			isa = PBXSourcesBuildPhase;
			buildActionMask = 2147483647;
			files = (
				E7FDDB0C2C6434EC00DE2A7A /* SampleViewA.swift in Sources */,
				E7FDDB1A2C64359800DE2A7A /* StretchingVC+Extension.swift in Sources */,
				E7ABBA462C670605007A702F /* NextMovementView.swift in Sources */,
				E76E63202C6792D0001906A9 /* CollectionExtension.swift in Sources */,
				E701F0A62C6A7B980069A2DC /* SplashVC.swift in Sources */,
				E74C3AEF2C684C5400631D6F /* StretchingResultVC.swift in Sources */,
				8ABB12942C67D36100616C57 /* UserPreferenceVC.swift in Sources */,
				8ABB12992C68940400616C57 /* CLDatePicker.swift in Sources */,
				8A19622D2C6AF79000F7064B /* CLTextField.swift in Sources */,
				E7FDDB1C2C6435A700DE2A7A /* ShopVC+Extension.swift in Sources */,
				E7FDDB102C64352000DE2A7A /* Character.swift in Sources */,
				E7ABBA422C660A31007A702F /* CurrentMovementView.swift in Sources */,
				8ABB12792C6539F200616C57 /* CLTextButtonV2.swift in Sources */,
				03CD09BC2C6DDFB600BEEE8B /* ProgressService.swift in Sources */,
				AB9A78762C64BB4500028B36 /* NotificationService.swift in Sources */,
				E71F6E662C6B8E16001BCFEB /* SwinjectExtension.swift in Sources */,
				E74C3AF12C684C6500631D6F /* StretchingResultVC+Extension.swift in Sources */,
				8ABB12AC2C6AEE8200616C57 /* ChooseCharacterVC.swift in Sources */,
				E7FDDB242C64363200DE2A7A /* DateExtension.swift in Sources */,
				8A1962302C6B030B00F7064B /* CLGradientContainer.swift in Sources */,
				036AA9FE2C6D0A2000956F7C /* SettingVC+Extension.swift in Sources */,
				E7FDDAF72C64346900DE2A7A /* ShopVC.swift in Sources */,
				AB9A78BF2C6B39CE00028B36 /* CameraService.swift in Sources */,
				E757EDB22C6A173F00F0F84D /* MovementStateView.swift in Sources */,
				E7FDDB032C64349D00DE2A7A /* HomeVC.swift in Sources */,
				034C71602C64BFC50040AD4F /* CLImageButton.swift in Sources */,
				03E796CB2C6C70DD003C6121 /* HomeVC+Extension.swift in Sources */,
				AB9A787A2C64C9E600028B36 /* AudioManager.swift in Sources */,
				03889CBA2C64688A004BC8C8 /* UserPreferences+CoreDataClass.swift in Sources */,
				03889CBB2C64688A004BC8C8 /* UserPreferences+CoreDataProperties.swift in Sources */,
				E7ABBA442C660AAF007A702F /* NSViewControllerExtension.swift in Sources */,
				03889CBC2C64688A004BC8C8 /* Character+CoreDataClass.swift in Sources */,
				AB9A78802C64CA0900028B36 /* NotificationManager.swift in Sources */,
				8AB71C732C6CA79900635C85 /* ModelFixV2.mlmodel in Sources */,
				03889CBD2C64688A004BC8C8 /* Character+CoreDataProperties.swift in Sources */,
				03889CBE2C64688A004BC8C8 /* User+CoreDataClass.swift in Sources */,
				E7826F472C647ADB0052EDD9 /* ClimbrDataSource.xcdatamodeld in Sources */,
				03889CBF2C64688A004BC8C8 /* User+CoreDataProperties.swift in Sources */,
				E7ABBA4F2C674960007A702F /* CLSFSymbol.swift in Sources */,
				AB9A78B42C67D81200028B36 /* Predictor.swift in Sources */,
				03889CC02C64688A004BC8C8 /* Equipment+CoreDataClass.swift in Sources */,
				AB9A78722C64BB2B00028B36 /* UserService.swift in Sources */,
				03889CC12C64688A004BC8C8 /* Equipment+CoreDataProperties.swift in Sources */,
				AB9A78822C64CA1400028B36 /* CameraManager.swift in Sources */,
				03E796C92C6C6BB0003C6121 /* CLPickerButton.swift in Sources */,
				AB9A78782C64BB4F00028B36 /* AudioService.swift in Sources */,
				E7FDDB122C64353000DE2A7A /* Equipment.swift in Sources */,
				E7FDDAEA2C6430F700DE2A7A /* MainWindow.swift in Sources */,
				E7FDDB162C64355000DE2A7A /* Movement.swift in Sources */,
				E7FDDAD92C64301B00DE2A7A /* MainVC.swift in Sources */,
				E7FDDB012C64349400DE2A7A /* StretchingVC.swift in Sources */,
				E7ABBA492C673F4B007A702F /* Divider.swift in Sources */,
				03CD09BE2C6DE1B200BEEE8B /* ProgressManager.swift in Sources */,
				E7FDDB292C64378C00DE2A7A /* ExcerciseGuidanceService.swift in Sources */,
				E74C3AF42C6865B600631D6F /* EndSessionAlertVC.swift in Sources */,
				E7FDDAD72C64301B00DE2A7A /* AppDelegate.swift in Sources */,
				E7FDDB142C64354300DE2A7A /* UserPreference.swift in Sources */,
				E7FDDAE62C64307900DE2A7A /* main.swift in Sources */,
				E7FDDB0E2C64351300DE2A7A /* User.swift in Sources */,
				AB9A78742C64BB3800028B36 /* EquipmentService.swift in Sources */,
				AB9A787C2C64C9EF00028B36 /* UserManager.swift in Sources */,
				AB9A787E2C64C9FA00028B36 /* EquipmentManager.swift in Sources */,
				E7ABBA4C2C6746D0007A702F /* CLLabel.swift in Sources */,
				034C71692C664D210040AD4F /* SettingVC.swift in Sources */,
				AB9A78BC2C68A14F00028B36 /* CameraPreviewView.swift in Sources */,
				034C716B2C6736040040AD4F /* CLTextLabelV2.swift in Sources */,
			);
			runOnlyForDeploymentPostprocessing = 0;
		};
/* End PBXSourcesBuildPhase section */

/* Begin XCBuildConfiguration section */
		E7FDDAE02C64301F00DE2A7A /* Debug */ = {
			isa = XCBuildConfiguration;
			buildSettings = {
				ALWAYS_SEARCH_USER_PATHS = NO;
				ASSETCATALOG_COMPILER_GENERATE_SWIFT_ASSET_SYMBOL_EXTENSIONS = YES;
				CLANG_ANALYZER_NONNULL = YES;
				CLANG_ANALYZER_NUMBER_OBJECT_CONVERSION = YES_AGGRESSIVE;
				CLANG_CXX_LANGUAGE_STANDARD = "gnu++20";
				CLANG_ENABLE_MODULES = YES;
				CLANG_ENABLE_OBJC_ARC = YES;
				CLANG_ENABLE_OBJC_WEAK = YES;
				CLANG_WARN_BLOCK_CAPTURE_AUTORELEASING = YES;
				CLANG_WARN_BOOL_CONVERSION = YES;
				CLANG_WARN_COMMA = YES;
				CLANG_WARN_CONSTANT_CONVERSION = YES;
				CLANG_WARN_DEPRECATED_OBJC_IMPLEMENTATIONS = YES;
				CLANG_WARN_DIRECT_OBJC_ISA_USAGE = YES_ERROR;
				CLANG_WARN_DOCUMENTATION_COMMENTS = YES;
				CLANG_WARN_EMPTY_BODY = YES;
				CLANG_WARN_ENUM_CONVERSION = YES;
				CLANG_WARN_INFINITE_RECURSION = YES;
				CLANG_WARN_INT_CONVERSION = YES;
				CLANG_WARN_NON_LITERAL_NULL_CONVERSION = YES;
				CLANG_WARN_OBJC_IMPLICIT_RETAIN_SELF = YES;
				CLANG_WARN_OBJC_LITERAL_CONVERSION = YES;
				CLANG_WARN_OBJC_ROOT_CLASS = YES_ERROR;
				CLANG_WARN_QUOTED_INCLUDE_IN_FRAMEWORK_HEADER = YES;
				CLANG_WARN_RANGE_LOOP_ANALYSIS = YES;
				CLANG_WARN_STRICT_PROTOTYPES = YES;
				CLANG_WARN_SUSPICIOUS_MOVE = YES;
				CLANG_WARN_UNGUARDED_AVAILABILITY = YES_AGGRESSIVE;
				CLANG_WARN_UNREACHABLE_CODE = YES;
				CLANG_WARN__DUPLICATE_METHOD_MATCH = YES;
				COPY_PHASE_STRIP = NO;
				DEAD_CODE_STRIPPING = YES;
				DEBUG_INFORMATION_FORMAT = dwarf;
				ENABLE_STRICT_OBJC_MSGSEND = YES;
				ENABLE_TESTABILITY = YES;
				ENABLE_USER_SCRIPT_SANDBOXING = YES;
				GCC_C_LANGUAGE_STANDARD = gnu17;
				GCC_DYNAMIC_NO_PIC = NO;
				GCC_NO_COMMON_BLOCKS = YES;
				GCC_OPTIMIZATION_LEVEL = 0;
				GCC_PREPROCESSOR_DEFINITIONS = (
					"DEBUG=1",
					"$(inherited)",
				);
				GCC_WARN_64_TO_32_BIT_CONVERSION = YES;
				GCC_WARN_ABOUT_RETURN_TYPE = YES_ERROR;
				GCC_WARN_UNDECLARED_SELECTOR = YES;
				GCC_WARN_UNINITIALIZED_AUTOS = YES_AGGRESSIVE;
				GCC_WARN_UNUSED_FUNCTION = YES;
				GCC_WARN_UNUSED_VARIABLE = YES;
				LOCALIZATION_PREFERS_STRING_CATALOGS = YES;
				MACOSX_DEPLOYMENT_TARGET = 14.2;
				MTL_ENABLE_DEBUG_INFO = INCLUDE_SOURCE;
				MTL_FAST_MATH = YES;
				ONLY_ACTIVE_ARCH = YES;
				SDKROOT = macosx;
				SWIFT_ACTIVE_COMPILATION_CONDITIONS = "DEBUG $(inherited)";
				SWIFT_OPTIMIZATION_LEVEL = "-Onone";
			};
			name = Debug;
		};
		E7FDDAE12C64301F00DE2A7A /* Release */ = {
			isa = XCBuildConfiguration;
			buildSettings = {
				ALWAYS_SEARCH_USER_PATHS = NO;
				ASSETCATALOG_COMPILER_GENERATE_SWIFT_ASSET_SYMBOL_EXTENSIONS = YES;
				CLANG_ANALYZER_NONNULL = YES;
				CLANG_ANALYZER_NUMBER_OBJECT_CONVERSION = YES_AGGRESSIVE;
				CLANG_CXX_LANGUAGE_STANDARD = "gnu++20";
				CLANG_ENABLE_MODULES = YES;
				CLANG_ENABLE_OBJC_ARC = YES;
				CLANG_ENABLE_OBJC_WEAK = YES;
				CLANG_WARN_BLOCK_CAPTURE_AUTORELEASING = YES;
				CLANG_WARN_BOOL_CONVERSION = YES;
				CLANG_WARN_COMMA = YES;
				CLANG_WARN_CONSTANT_CONVERSION = YES;
				CLANG_WARN_DEPRECATED_OBJC_IMPLEMENTATIONS = YES;
				CLANG_WARN_DIRECT_OBJC_ISA_USAGE = YES_ERROR;
				CLANG_WARN_DOCUMENTATION_COMMENTS = YES;
				CLANG_WARN_EMPTY_BODY = YES;
				CLANG_WARN_ENUM_CONVERSION = YES;
				CLANG_WARN_INFINITE_RECURSION = YES;
				CLANG_WARN_INT_CONVERSION = YES;
				CLANG_WARN_NON_LITERAL_NULL_CONVERSION = YES;
				CLANG_WARN_OBJC_IMPLICIT_RETAIN_SELF = YES;
				CLANG_WARN_OBJC_LITERAL_CONVERSION = YES;
				CLANG_WARN_OBJC_ROOT_CLASS = YES_ERROR;
				CLANG_WARN_QUOTED_INCLUDE_IN_FRAMEWORK_HEADER = YES;
				CLANG_WARN_RANGE_LOOP_ANALYSIS = YES;
				CLANG_WARN_STRICT_PROTOTYPES = YES;
				CLANG_WARN_SUSPICIOUS_MOVE = YES;
				CLANG_WARN_UNGUARDED_AVAILABILITY = YES_AGGRESSIVE;
				CLANG_WARN_UNREACHABLE_CODE = YES;
				CLANG_WARN__DUPLICATE_METHOD_MATCH = YES;
				COPY_PHASE_STRIP = NO;
				DEAD_CODE_STRIPPING = YES;
				DEBUG_INFORMATION_FORMAT = "dwarf-with-dsym";
				ENABLE_NS_ASSERTIONS = NO;
				ENABLE_STRICT_OBJC_MSGSEND = YES;
				ENABLE_USER_SCRIPT_SANDBOXING = YES;
				GCC_C_LANGUAGE_STANDARD = gnu17;
				GCC_NO_COMMON_BLOCKS = YES;
				GCC_WARN_64_TO_32_BIT_CONVERSION = YES;
				GCC_WARN_ABOUT_RETURN_TYPE = YES_ERROR;
				GCC_WARN_UNDECLARED_SELECTOR = YES;
				GCC_WARN_UNINITIALIZED_AUTOS = YES_AGGRESSIVE;
				GCC_WARN_UNUSED_FUNCTION = YES;
				GCC_WARN_UNUSED_VARIABLE = YES;
				LOCALIZATION_PREFERS_STRING_CATALOGS = YES;
				MACOSX_DEPLOYMENT_TARGET = 14.2;
				MTL_ENABLE_DEBUG_INFO = NO;
				MTL_FAST_MATH = YES;
				SDKROOT = macosx;
				SWIFT_COMPILATION_MODE = wholemodule;
			};
			name = Release;
		};
		E7FDDAE32C64301F00DE2A7A /* Debug */ = {
			isa = XCBuildConfiguration;
			buildSettings = {
				ASSETCATALOG_COMPILER_APPICON_NAME = AppIcon;
				ASSETCATALOG_COMPILER_GLOBAL_ACCENT_COLOR_NAME = AccentColor;
				CODE_SIGN_ENTITLEMENTS = climbr/climbr.entitlements;
				"CODE_SIGN_IDENTITY[sdk=macosx*]" = "Apple Development";
				CODE_SIGN_STYLE = Automatic;
				COMBINE_HIDPI_IMAGES = YES;
				CURRENT_PROJECT_VERSION = 1;
				DEAD_CODE_STRIPPING = YES;
				DEVELOPMENT_TEAM = 57BYB3NG56;
				ENABLE_HARDENED_RUNTIME = YES;
				GENERATE_INFOPLIST_FILE = YES;
				INFOPLIST_KEY_LSApplicationCategoryType = "";
				INFOPLIST_KEY_LSUIElement = YES;
				INFOPLIST_KEY_NSHumanReadableCopyright = "";
				INFOPLIST_KEY_NSPrincipalClass = NSApplication;
				LD_RUNPATH_SEARCH_PATHS = (
					"$(inherited)",
					"@executable_path/../Frameworks",
				);
				MACOSX_DEPLOYMENT_TARGET = 14.0;
				MARKETING_VERSION = 1.0;
				PRODUCT_BUNDLE_IDENTIFIER = com.hkbp.climbr;
				PRODUCT_NAME = "$(TARGET_NAME)";
				SWIFT_EMIT_LOC_STRINGS = YES;
				SWIFT_VERSION = 5.0;
			};
			name = Debug;
		};
		E7FDDAE42C64301F00DE2A7A /* Release */ = {
			isa = XCBuildConfiguration;
			buildSettings = {
				ASSETCATALOG_COMPILER_APPICON_NAME = AppIcon;
				ASSETCATALOG_COMPILER_GLOBAL_ACCENT_COLOR_NAME = AccentColor;
				CODE_SIGN_ENTITLEMENTS = climbr/climbr.entitlements;
				"CODE_SIGN_IDENTITY[sdk=macosx*]" = "Apple Development";
				CODE_SIGN_STYLE = Automatic;
				COMBINE_HIDPI_IMAGES = YES;
				CURRENT_PROJECT_VERSION = 1;
				DEAD_CODE_STRIPPING = YES;
				DEVELOPMENT_TEAM = 57BYB3NG56;
				ENABLE_HARDENED_RUNTIME = YES;
				GENERATE_INFOPLIST_FILE = YES;
				INFOPLIST_KEY_LSApplicationCategoryType = "";
				INFOPLIST_KEY_LSUIElement = YES;
				INFOPLIST_KEY_NSHumanReadableCopyright = "";
				INFOPLIST_KEY_NSPrincipalClass = NSApplication;
				LD_RUNPATH_SEARCH_PATHS = (
					"$(inherited)",
					"@executable_path/../Frameworks",
				);
				MACOSX_DEPLOYMENT_TARGET = 14.0;
				MARKETING_VERSION = 1.0;
				PRODUCT_BUNDLE_IDENTIFIER = com.hkbp.climbr;
				PRODUCT_NAME = "$(TARGET_NAME)";
				SWIFT_EMIT_LOC_STRINGS = YES;
				SWIFT_VERSION = 5.0;
			};
			name = Release;
		};
/* End XCBuildConfiguration section */

/* Begin XCConfigurationList section */
		E7FDDACE2C64301B00DE2A7A /* Build configuration list for PBXProject "climbr" */ = {
			isa = XCConfigurationList;
			buildConfigurations = (
				E7FDDAE02C64301F00DE2A7A /* Debug */,
				E7FDDAE12C64301F00DE2A7A /* Release */,
			);
			defaultConfigurationIsVisible = 0;
			defaultConfigurationName = Release;
		};
		E7FDDAE22C64301F00DE2A7A /* Build configuration list for PBXNativeTarget "climbr" */ = {
			isa = XCConfigurationList;
			buildConfigurations = (
				E7FDDAE32C64301F00DE2A7A /* Debug */,
				E7FDDAE42C64301F00DE2A7A /* Release */,
			);
			defaultConfigurationIsVisible = 0;
			defaultConfigurationName = Release;
		};
/* End XCConfigurationList section */

/* Begin XCRemoteSwiftPackageReference section */
		034C71632C64FAFF0040AD4F /* XCRemoteSwiftPackageReference "SnapKit" */ = {
			isa = XCRemoteSwiftPackageReference;
			repositoryURL = "https://github.com/SnapKit/SnapKit.git";
			requirement = {
				kind = upToNextMajorVersion;
				minimumVersion = 5.0.1;
			};
		};
		E71F6E612C6B8995001BCFEB /* XCRemoteSwiftPackageReference "Swinject" */ = {
			isa = XCRemoteSwiftPackageReference;
			repositoryURL = "https://github.com/Swinject/Swinject.git";
			requirement = {
				kind = upToNextMajorVersion;
				minimumVersion = 2.9.0;
			};
		};
		E7FDDB252C64370E00DE2A7A /* XCRemoteSwiftPackageReference "rive-ios" */ = {
			isa = XCRemoteSwiftPackageReference;
			repositoryURL = "https://github.com/rive-app/rive-ios";
			requirement = {
				kind = upToNextMajorVersion;
				minimumVersion = 6.0.0;
			};
		};
/* End XCRemoteSwiftPackageReference section */

/* Begin XCSwiftPackageProductDependency section */
		034C71642C64FAFF0040AD4F /* SnapKit */ = {
			isa = XCSwiftPackageProductDependency;
			package = 034C71632C64FAFF0040AD4F /* XCRemoteSwiftPackageReference "SnapKit" */;
			productName = SnapKit;
		};
		E71F6E632C6B8B3B001BCFEB /* Swinject */ = {
			isa = XCSwiftPackageProductDependency;
			package = E71F6E612C6B8995001BCFEB /* XCRemoteSwiftPackageReference "Swinject" */;
			productName = Swinject;
		};
		E7FDDB262C64370E00DE2A7A /* RiveRuntime */ = {
			isa = XCSwiftPackageProductDependency;
			package = E7FDDB252C64370E00DE2A7A /* XCRemoteSwiftPackageReference "rive-ios" */;
			productName = RiveRuntime;
		};
/* End XCSwiftPackageProductDependency section */

/* Begin XCVersionGroup section */
		E7826F452C647ADB0052EDD9 /* ClimbrDataSource.xcdatamodeld */ = {
			isa = XCVersionGroup;
			children = (
				E7826F462C647ADB0052EDD9 /* ClimbrDataSource.xcdatamodel */,
			);
			currentVersion = E7826F462C647ADB0052EDD9 /* ClimbrDataSource.xcdatamodel */;
			path = ClimbrDataSource.xcdatamodeld;
			sourceTree = "<group>";
			versionGroupType = wrapper.xcdatamodel;
		};
/* End XCVersionGroup section */
	};
	rootObject = E7FDDACB2C64301B00DE2A7A /* Project object */;
}
