// !$*UTF8*$!
{
	archiveVersion = 1;
	classes = {
	};
	objectVersion = 70;
	objects = {

/* Begin PBXBuildFile section */
		034C71652C64FAFF0040AD4F /* SnapKit in Frameworks */ = {isa = PBXBuildFile; productRef = 034C71642C64FAFF0040AD4F /* SnapKit */; };
		034EADDF2CC78654006C0C9C /* ServiceManagement.framework in Frameworks */ = {isa = PBXBuildFile; fileRef = 034EADDE2CC78654006C0C9C /* ServiceManagement.framework */; };
		034EADE12CC786BF006C0C9C /* climbrHelper.app in CopyFiles */ = {isa = PBXBuildFile; fileRef = 034EADCD2CC78493006C0C9C /* climbrHelper.app */; settings = {ATTRIBUTES = (RemoveHeadersOnCopy, ); }; };
		036AA9FE2C6D0A2000956F7C /* SettingVC+Extension.swift in Sources */ = {isa = PBXBuildFile; fileRef = 036AA9FD2C6D0A2000956F7C /* SettingVC+Extension.swift */; };
		036DFC962CD2166800C9FF5E /* ProgressUserView.swift in Sources */ = {isa = PBXBuildFile; fileRef = 036DFC952CD2166800C9FF5E /* ProgressUserView.swift */; };
		038E84D22C74FACD00677B31 /* summer.mp3 in Resources */ = {isa = PBXBuildFile; fileRef = 038E84D12C74FACD00677B31 /* summer.mp3 */; };
		038E84D42C74FAD300677B31 /* night.mp3 in Resources */ = {isa = PBXBuildFile; fileRef = 038E84D32C74FAD300677B31 /* night.mp3 */; };
		038E84D62C74FADC00677B31 /* snow.mp3 in Resources */ = {isa = PBXBuildFile; fileRef = 038E84D52C74FADC00677B31 /* snow.mp3 */; };
		03C57AB82CD361E500A8D245 /* ProgressStretchVC.swift in Sources */ = {isa = PBXBuildFile; fileRef = 03C57AB72CD361E500A8D245 /* ProgressStretchVC.swift */; };
		03CD09BC2C6DDFB600BEEE8B /* ProgressService.swift in Sources */ = {isa = PBXBuildFile; fileRef = 03CD09BB2C6DDFB600BEEE8B /* ProgressService.swift */; };
		03CD09BE2C6DE1B200BEEE8B /* ProgressManager.swift in Sources */ = {isa = PBXBuildFile; fileRef = 03CD09BD2C6DE1B200BEEE8B /* ProgressManager.swift */; };
		03E796C92C6C6BB0003C6121 /* CLPickerButton.swift in Sources */ = {isa = PBXBuildFile; fileRef = 03E796C82C6C6BB0003C6121 /* CLPickerButton.swift */; };
		03E796CB2C6C70DD003C6121 /* HomeVC+Extension.swift in Sources */ = {isa = PBXBuildFile; fileRef = 03E796CA2C6C70DD003C6121 /* HomeVC+Extension.swift */; };
		03E7B4602C75EF71008D12F5 /* lowerBackSpin-Right.mp4 in Resources */ = {isa = PBXBuildFile; fileRef = 03E7B44E2C75EF70008D12F5 /* lowerBackSpin-Right.mp4 */; };
		03E7B4612C75EF71008D12F5 /* upperBackStretch-Up.mp4 in Resources */ = {isa = PBXBuildFile; fileRef = 03E7B44F2C75EF70008D12F5 /* upperBackStretch-Up.mp4 */; };
		03E7B4622C75EF71008D12F5 /* frontShoulderStatic-Right.mp4 in Resources */ = {isa = PBXBuildFile; fileRef = 03E7B4502C75EF70008D12F5 /* frontShoulderStatic-Right.mp4 */; };
		03E7B4632C75EF71008D12F5 /* neckExtension-Front.mp4 in Resources */ = {isa = PBXBuildFile; fileRef = 03E7B4512C75EF70008D12F5 /* neckExtension-Front.mp4 */; };
		03E7B4642C75EF71008D12F5 /* neckDeep-Right.mp4 in Resources */ = {isa = PBXBuildFile; fileRef = 03E7B4522C75EF70008D12F5 /* neckDeep-Right.mp4 */; };
		03E7B4652C75EF71008D12F5 /* crossBodyShoulder-Left.mp4 in Resources */ = {isa = PBXBuildFile; fileRef = 03E7B4532C75EF70008D12F5 /* crossBodyShoulder-Left.mp4 */; };
		03E7B4662C75EF71008D12F5 /* neckRotation-Left.mp4 in Resources */ = {isa = PBXBuildFile; fileRef = 03E7B4542C75EF70008D12F5 /* neckRotation-Left.mp4 */; };
		03E7B4672C75EF71008D12F5 /* tricepStatic-Left.mp4 in Resources */ = {isa = PBXBuildFile; fileRef = 03E7B4552C75EF70008D12F5 /* tricepStatic-Left.mp4 */; };
		03E7B4682C75EF71008D12F5 /* neckRotation-Right.mp4 in Resources */ = {isa = PBXBuildFile; fileRef = 03E7B4562C75EF70008D12F5 /* neckRotation-Right.mp4 */; };
		03E7B4692C75EF71008D12F5 /* neckDeep-Left.mp4 in Resources */ = {isa = PBXBuildFile; fileRef = 03E7B4572C75EF70008D12F5 /* neckDeep-Left.mp4 */; };
		03E7B46A2C75EF71008D12F5 /* crossBodyShoulder-Right.mp4 in Resources */ = {isa = PBXBuildFile; fileRef = 03E7B4582C75EF70008D12F5 /* crossBodyShoulder-Right.mp4 */; };
		03E7B46B2C75EF71008D12F5 /* upperBackStretch-Left.mp4 in Resources */ = {isa = PBXBuildFile; fileRef = 03E7B4592C75EF71008D12F5 /* upperBackStretch-Left.mp4 */; };
		03E7B46C2C75EF71008D12F5 /* lowerBackSpin-Left.mp4 in Resources */ = {isa = PBXBuildFile; fileRef = 03E7B45A2C75EF71008D12F5 /* lowerBackSpin-Left.mp4 */; };
		03E7B46D2C75EF71008D12F5 /* upperBackStretch-Right.mp4 in Resources */ = {isa = PBXBuildFile; fileRef = 03E7B45B2C75EF71008D12F5 /* upperBackStretch-Right.mp4 */; };
		03E7B46E2C75EF71008D12F5 /* neckExtension-Back.mp4 in Resources */ = {isa = PBXBuildFile; fileRef = 03E7B45C2C75EF71008D12F5 /* neckExtension-Back.mp4 */; };
		03E7B46F2C75EF71008D12F5 /* upperBackStretch-Front.mp4 in Resources */ = {isa = PBXBuildFile; fileRef = 03E7B45D2C75EF71008D12F5 /* upperBackStretch-Front.mp4 */; };
		03E7B4702C75EF71008D12F5 /* frontShoulderStatic-Left.mp4 in Resources */ = {isa = PBXBuildFile; fileRef = 03E7B45E2C75EF71008D12F5 /* frontShoulderStatic-Left.mp4 */; };
		03E7B4712C75EF71008D12F5 /* tricepStatic-Right.mp4 in Resources */ = {isa = PBXBuildFile; fileRef = 03E7B45F2C75EF71008D12F5 /* tricepStatic-Right.mp4 */; };
		8A19622D2C6AF79000F7064B /* CLTextField.swift in Sources */ = {isa = PBXBuildFile; fileRef = 8A19622C2C6AF79000F7064B /* CLTextField.swift */; };
		8A1962302C6B030B00F7064B /* CLGradientContainer.swift in Sources */ = {isa = PBXBuildFile; fileRef = 8A19622F2C6B030B00F7064B /* CLGradientContainer.swift */; };
		8A3E76632CCA5627009FA052 /* ModelFixV5.mlmodel in Sources */ = {isa = PBXBuildFile; fileRef = 8A3E76622CCA5627009FA052 /* ModelFixV5.mlmodel */; };
		8A768C662CD35EFE00898ADB /* ModelFixV7.mlmodel in Sources */ = {isa = PBXBuildFile; fileRef = 8A768C652CD35EFE00898ADB /* ModelFixV7.mlmodel */; };
		8A954C7C2CCF8AF900C75C27 /* WorkingHour.swift in Sources */ = {isa = PBXBuildFile; fileRef = 8A954C7B2CCF8AF900C75C27 /* WorkingHour.swift */; };
		8AB71C6E2C6BAEB500635C85 /* correct.mp3 in Resources */ = {isa = PBXBuildFile; fileRef = 8AB71C692C6BAEB500635C85 /* correct.mp3 */; };
		8AB71C6F2C6BAEB500635C85 /* next-move.mp3 in Resources */ = {isa = PBXBuildFile; fileRef = 8AB71C6A2C6BAEB500635C85 /* next-move.mp3 */; };
		8AB71C702C6BAEB500635C85 /* incorrect.mp3 in Resources */ = {isa = PBXBuildFile; fileRef = 8AB71C6B2C6BAEB500635C85 /* incorrect.mp3 */; };
		8AB71C752C6FB7E600635C85 /* UserPreference+Extension.swift in Sources */ = {isa = PBXBuildFile; fileRef = 8AB71C742C6FB7E600635C85 /* UserPreference+Extension.swift */; };
		8ABB12792C6539F200616C57 /* CLTextButtonV2.swift in Sources */ = {isa = PBXBuildFile; fileRef = 8ABB12782C6539F200616C57 /* CLTextButtonV2.swift */; };
		8ABB12942C67D36100616C57 /* UserPreferenceVC.swift in Sources */ = {isa = PBXBuildFile; fileRef = 8ABB12932C67D36100616C57 /* UserPreferenceVC.swift */; };
		8ABB12992C68940400616C57 /* CLDatePicker.swift in Sources */ = {isa = PBXBuildFile; fileRef = 8ABB12982C68940400616C57 /* CLDatePicker.swift */; };
		8ABB12AC2C6AEE8200616C57 /* ChooseCharacterVC.swift in Sources */ = {isa = PBXBuildFile; fileRef = 8ABB12AB2C6AEE8200616C57 /* ChooseCharacterVC.swift */; };
		90571EB12CCF8D0000AD536D /* Streak.swift in Sources */ = {isa = PBXBuildFile; fileRef = 90571EB02CCF8D0000AD536D /* Streak.swift */; };
		90571EB32CCF8D2C00AD536D /* StreakService.swift in Sources */ = {isa = PBXBuildFile; fileRef = 90571EB22CCF8D2C00AD536D /* StreakService.swift */; };
		90571EB52CCF8D3D00AD536D /* StreakManager.swift in Sources */ = {isa = PBXBuildFile; fileRef = 90571EB42CCF8D3D00AD536D /* StreakManager.swift */; };
		9079CE922CD0EDCD0074FEC5 /* MenuBarVC.swift in Sources */ = {isa = PBXBuildFile; fileRef = 90E5EE8A2CCFB06A00E1E943 /* MenuBarVC.swift */; };
		90A9A2CE2CCF8CA50007120C /* StreakEntity+CoreDataClass.swift in Sources */ = {isa = PBXBuildFile; fileRef = 90A9A2CC2CCF8CA50007120C /* StreakEntity+CoreDataClass.swift */; };
		90A9A2CF2CCF8CA50007120C /* StreakEntity+CoreDataProperties.swift in Sources */ = {isa = PBXBuildFile; fileRef = 90A9A2CD2CCF8CA50007120C /* StreakEntity+CoreDataProperties.swift */; };
		90A9A2D02CCF8CA50007120C /* StreakEntity+CoreDataClass.swift in Sources */ = {isa = PBXBuildFile; fileRef = 90A9A2CC2CCF8CA50007120C /* StreakEntity+CoreDataClass.swift */; };
		90A9A2D12CCF8CA50007120C /* StreakEntity+CoreDataProperties.swift in Sources */ = {isa = PBXBuildFile; fileRef = 90A9A2CD2CCF8CA50007120C /* StreakEntity+CoreDataProperties.swift */; };
		90E5EE882CCF985700E1E943 /* AppDelegate+MenuBar+Extension.swift in Sources */ = {isa = PBXBuildFile; fileRef = 90E5EE872CCF985700E1E943 /* AppDelegate+MenuBar+Extension.swift */; };
		AB9A78722C64BB2B00028B36 /* UserService.swift in Sources */ = {isa = PBXBuildFile; fileRef = AB9A78712C64BB2B00028B36 /* UserService.swift */; };
		AB9A78742C64BB3800028B36 /* EquipmentService.swift in Sources */ = {isa = PBXBuildFile; fileRef = AB9A78732C64BB3800028B36 /* EquipmentService.swift */; };
		AB9A78762C64BB4500028B36 /* NotificationService.swift in Sources */ = {isa = PBXBuildFile; fileRef = AB9A78752C64BB4500028B36 /* NotificationService.swift */; };
		AB9A78782C64BB4F00028B36 /* AudioService.swift in Sources */ = {isa = PBXBuildFile; fileRef = AB9A78772C64BB4F00028B36 /* AudioService.swift */; };
		AB9A787A2C64C9E600028B36 /* AudioManager.swift in Sources */ = {isa = PBXBuildFile; fileRef = AB9A78792C64C9E600028B36 /* AudioManager.swift */; };
		AB9A787C2C64C9EF00028B36 /* UserManager.swift in Sources */ = {isa = PBXBuildFile; fileRef = AB9A787B2C64C9EF00028B36 /* UserManager.swift */; };
		AB9A787E2C64C9FA00028B36 /* EquipmentManager.swift in Sources */ = {isa = PBXBuildFile; fileRef = AB9A787D2C64C9FA00028B36 /* EquipmentManager.swift */; };
		AB9A78802C64CA0900028B36 /* NotificationManager.swift in Sources */ = {isa = PBXBuildFile; fileRef = AB9A787F2C64CA0900028B36 /* NotificationManager.swift */; };
		AB9A78822C64CA1400028B36 /* CameraManager.swift in Sources */ = {isa = PBXBuildFile; fileRef = AB9A78812C64CA1400028B36 /* CameraManager.swift */; };
		AB9A78B42C67D81200028B36 /* PredictorManager.swift in Sources */ = {isa = PBXBuildFile; fileRef = AB9A78B32C67D81200028B36 /* PredictorManager.swift */; };
		AB9A78BC2C68A14F00028B36 /* CameraPreviewView.swift in Sources */ = {isa = PBXBuildFile; fileRef = AB9A78BB2C68A14F00028B36 /* CameraPreviewView.swift */; };
		AB9A78BF2C6B39CE00028B36 /* CameraService.swift in Sources */ = {isa = PBXBuildFile; fileRef = AB9A78BE2C6B39CE00028B36 /* CameraService.swift */; };
		AB9A79002C6C7BD300028B36 /* CollectionContainerView.swift in Sources */ = {isa = PBXBuildFile; fileRef = AB9A78FF2C6C7BD300028B36 /* CollectionContainerView.swift */; };
		AB9A79022C6C7C1C00028B36 /* GridItemView.swift in Sources */ = {isa = PBXBuildFile; fileRef = AB9A79012C6C7C1C00028B36 /* GridItemView.swift */; };
		AB9A79082C6C952600028B36 /* TypeButtonView.swift in Sources */ = {isa = PBXBuildFile; fileRef = AB9A79072C6C952600028B36 /* TypeButtonView.swift */; };
		AB9A790F2C70D8F700028B36 /* BuyButtonView.swift in Sources */ = {isa = PBXBuildFile; fileRef = AB9A790E2C70D8F700028B36 /* BuyButtonView.swift */; };
		ABAFFC1E2C72301A004C729A /* PersistenceController.swift in Sources */ = {isa = PBXBuildFile; fileRef = 03CD0A0C2C6F887300BEEE8B /* PersistenceController.swift */; };
		ABAFFC212C72301F004C729A /* Equipment+CoreDataClass.swift in Sources */ = {isa = PBXBuildFile; fileRef = 03889CB62C646889004BC8C8 /* Equipment+CoreDataClass.swift */; };
		ABAFFC222C72301F004C729A /* Equipment+CoreDataProperties.swift in Sources */ = {isa = PBXBuildFile; fileRef = 03889CB72C646889004BC8C8 /* Equipment+CoreDataProperties.swift */; };
		ABAFFC232C723025004C729A /* TutorialVC+Extension.swift in Sources */ = {isa = PBXBuildFile; fileRef = 030DA2482C70C4AF001F5953 /* TutorialVC+Extension.swift */; };
		ABAFFC252C7230F8004C729A /* ShopItemVC.swift in Sources */ = {isa = PBXBuildFile; fileRef = ABAFFC242C7230F8004C729A /* ShopItemVC.swift */; };
		ABAFFC272C74FB71004C729A /* ShopItemVC+Extensions.swift in Sources */ = {isa = PBXBuildFile; fileRef = ABAFFC262C74FB71004C729A /* ShopItemVC+Extensions.swift */; };
		ABAFFC292C74FBFA004C729A /* CollectionContainerView+Extensions.swift in Sources */ = {isa = PBXBuildFile; fileRef = ABAFFC282C74FBFA004C729A /* CollectionContainerView+Extensions.swift */; };
		ABDE237D2C8487A1008822AB /* climbr.riv in Resources */ = {isa = PBXBuildFile; fileRef = ABDE237C2C8487A1008822AB /* climbr.riv */; };
		E701F0A62C6A7B980069A2DC /* SplashVC.swift in Sources */ = {isa = PBXBuildFile; fileRef = E701F0A52C6A7B980069A2DC /* SplashVC.swift */; };
		E71007BA2C71A9F00059DBA1 /* PredictorService.swift in Sources */ = {isa = PBXBuildFile; fileRef = E71007B92C71A9F00059DBA1 /* PredictorService.swift */; };
		E71007BD2C71D9150059DBA1 /* SubtractedView.swift in Sources */ = {isa = PBXBuildFile; fileRef = E71007BC2C71D9150059DBA1 /* SubtractedView.swift */; };
		E71F6E642C6B8B3B001BCFEB /* Swinject in Frameworks */ = {isa = PBXBuildFile; productRef = E71F6E632C6B8B3B001BCFEB /* Swinject */; };
		E7FDDB272C64370E00DE2A7A /* RiveRuntime in Frameworks */ = {isa = PBXBuildFile; productRef = E7FDDB262C64370E00DE2A7A /* RiveRuntime */; };
/* End PBXBuildFile section */

/* Begin PBXCopyFilesBuildPhase section */
		034EADE02CC7867A006C0C9C /* CopyFiles */ = {
			isa = PBXCopyFilesBuildPhase;
			buildActionMask = 2147483647;
			dstPath = Contents/Library/LoginItems;
			dstSubfolderSpec = 1;
			files = (
				034EADE12CC786BF006C0C9C /* climbrHelper.app in CopyFiles */,
			);
			runOnlyForDeploymentPostprocessing = 0;
		};
/* End PBXCopyFilesBuildPhase section */

/* Begin PBXFileReference section */
		034EADCD2CC78493006C0C9C /* climbrHelper.app */ = {isa = PBXFileReference; explicitFileType = wrapper.application; includeInIndex = 0; path = climbrHelper.app; sourceTree = BUILT_PRODUCTS_DIR; };
		034EADDE2CC78654006C0C9C /* ServiceManagement.framework */ = {isa = PBXFileReference; lastKnownFileType = wrapper.framework; name = ServiceManagement.framework; path = System/Library/Frameworks/ServiceManagement.framework; sourceTree = SDKROOT; };
		0367F5AE2C720A5300938747 /* Character+CoreDataClass.swift */ = {isa = PBXFileReference; lastKnownFileType = sourcecode.swift; path = "Character+CoreDataClass.swift"; sourceTree = "<group>"; };
		0367F5AF2C720A5300938747 /* Character+CoreDataProperties.swift */ = {isa = PBXFileReference; lastKnownFileType = sourcecode.swift; path = "Character+CoreDataProperties.swift"; sourceTree = "<group>"; };
		03CD09BF2C6EEEF100BEEE8B /* Info.plist */ = {isa = PBXFileReference; lastKnownFileType = text.plist; path = Info.plist; sourceTree = "<group>"; };
		03CD0A122C6FA8BD00BEEE8B /* Equipment+CoreDataClass.swift */ = {isa = PBXFileReference; lastKnownFileType = sourcecode.swift; path = "Equipment+CoreDataClass.swift"; sourceTree = "<group>"; };
		03CD0A132C6FA8BD00BEEE8B /* Equipment+CoreDataProperties.swift */ = {isa = PBXFileReference; lastKnownFileType = sourcecode.swift; path = "Equipment+CoreDataProperties.swift"; sourceTree = "<group>"; };
		8ABB127F2C66074C00616C57 /* ModelFixV1+Singleton.swift */ = {isa = PBXFileReference; lastKnownFileType = sourcecode.swift; path = "ModelFixV1+Singleton.swift"; sourceTree = "<group>"; };
		8ABB12812C66099200616C57 /* ModelFixV1+Label.swift */ = {isa = PBXFileReference; lastKnownFileType = sourcecode.swift; path = "ModelFixV1+Label.swift"; sourceTree = "<group>"; };
		8ABB12872C661B1000616C57 /* ModelFixV1+FrameRate.swift */ = {isa = PBXFileReference; lastKnownFileType = sourcecode.swift; path = "ModelFixV1+FrameRate.swift"; sourceTree = "<group>"; };
		8ABB12892C661D1500616C57 /* Pose.swift */ = {isa = PBXFileReference; lastKnownFileType = sourcecode.swift; path = Pose.swift; sourceTree = "<group>"; };
		8ABB12932C67D36100616C57 /* UserPreferenceVC.swift */ = {isa = PBXFileReference; lastKnownFileType = sourcecode.swift; path = UserPreferenceVC.swift; sourceTree = "<group>"; };
		8ABB12982C68940400616C57 /* CLDatePicker.swift */ = {isa = PBXFileReference; lastKnownFileType = sourcecode.swift; path = CLDatePicker.swift; sourceTree = "<group>"; };
		8ABB12AB2C6AEE8200616C57 /* ChooseCharacterVC.swift */ = {isa = PBXFileReference; lastKnownFileType = sourcecode.swift; path = ChooseCharacterVC.swift; sourceTree = "<group>"; };
		90571EB02CCF8D0000AD536D /* Streak.swift */ = {isa = PBXFileReference; lastKnownFileType = sourcecode.swift; path = Streak.swift; sourceTree = "<group>"; };
		90571EB22CCF8D2C00AD536D /* StreakService.swift */ = {isa = PBXFileReference; lastKnownFileType = sourcecode.swift; path = StreakService.swift; sourceTree = "<group>"; };
		90571EB42CCF8D3D00AD536D /* StreakManager.swift */ = {isa = PBXFileReference; lastKnownFileType = sourcecode.swift; path = StreakManager.swift; sourceTree = "<group>"; };
		90A9A2CC2CCF8CA50007120C /* StreakEntity+CoreDataClass.swift */ = {isa = PBXFileReference; lastKnownFileType = sourcecode.swift; path = "StreakEntity+CoreDataClass.swift"; sourceTree = "<group>"; };
		90A9A2CD2CCF8CA50007120C /* StreakEntity+CoreDataProperties.swift */ = {isa = PBXFileReference; lastKnownFileType = sourcecode.swift; path = "StreakEntity+CoreDataProperties.swift"; sourceTree = "<group>"; };
		90E5EE872CCF985700E1E943 /* AppDelegate+MenuBar+Extension.swift */ = {isa = PBXFileReference; lastKnownFileType = sourcecode.swift; path = "AppDelegate+MenuBar+Extension.swift"; sourceTree = "<group>"; };
		90E5EE8A2CCFB06A00E1E943 /* MenuBarVC.swift */ = {isa = PBXFileReference; lastKnownFileType = sourcecode.swift; path = MenuBarVC.swift; sourceTree = "<group>"; };
		AB9A78712C64BB2B00028B36 /* UserService.swift */ = {isa = PBXFileReference; lastKnownFileType = sourcecode.swift; path = UserService.swift; sourceTree = "<group>"; };
		AB9A78732C64BB3800028B36 /* EquipmentService.swift */ = {isa = PBXFileReference; lastKnownFileType = sourcecode.swift; path = EquipmentService.swift; sourceTree = "<group>"; };
		AB9A78752C64BB4500028B36 /* NotificationService.swift */ = {isa = PBXFileReference; lastKnownFileType = sourcecode.swift; path = NotificationService.swift; sourceTree = "<group>"; };
		AB9A78772C64BB4F00028B36 /* AudioService.swift */ = {isa = PBXFileReference; lastKnownFileType = sourcecode.swift; path = AudioService.swift; sourceTree = "<group>"; };
		AB9A78792C64C9E600028B36 /* AudioManager.swift */ = {isa = PBXFileReference; lastKnownFileType = sourcecode.swift; path = AudioManager.swift; sourceTree = "<group>"; };
		AB9A787B2C64C9EF00028B36 /* UserManager.swift */ = {isa = PBXFileReference; lastKnownFileType = sourcecode.swift; path = UserManager.swift; sourceTree = "<group>"; };
		AB9A787D2C64C9FA00028B36 /* EquipmentManager.swift */ = {isa = PBXFileReference; lastKnownFileType = sourcecode.swift; path = EquipmentManager.swift; sourceTree = "<group>"; };
		AB9A787F2C64CA0900028B36 /* NotificationManager.swift */ = {isa = PBXFileReference; lastKnownFileType = sourcecode.swift; path = NotificationManager.swift; sourceTree = "<group>"; };
		AB9A78812C64CA1400028B36 /* CameraManager.swift */ = {isa = PBXFileReference; lastKnownFileType = sourcecode.swift; path = CameraManager.swift; sourceTree = "<group>"; };
		AB9A78B32C67D81200028B36 /* PredictorManager.swift */ = {isa = PBXFileReference; lastKnownFileType = sourcecode.swift; path = PredictorManager.swift; sourceTree = "<group>"; };
		AB9A78BB2C68A14F00028B36 /* CameraPreviewView.swift */ = {isa = PBXFileReference; lastKnownFileType = sourcecode.swift; path = CameraPreviewView.swift; sourceTree = "<group>"; };
		AB9A78BE2C6B39CE00028B36 /* CameraService.swift */ = {isa = PBXFileReference; lastKnownFileType = sourcecode.swift; path = CameraService.swift; sourceTree = "<group>"; };
		AB9A78FF2C6C7BD300028B36 /* CollectionContainerView.swift */ = {isa = PBXFileReference; lastKnownFileType = sourcecode.swift; path = CollectionContainerView.swift; sourceTree = "<group>"; };
		AB9A79012C6C7C1C00028B36 /* GridItemView.swift */ = {isa = PBXFileReference; lastKnownFileType = sourcecode.swift; path = GridItemView.swift; sourceTree = "<group>"; };
		AB9A79072C6C952600028B36 /* TypeButtonView.swift */ = {isa = PBXFileReference; lastKnownFileType = sourcecode.swift; path = TypeButtonView.swift; sourceTree = "<group>"; };
		AB9A790B2C6FCBF000028B36 /* ShopItemVC.swift */ = {isa = PBXFileReference; fileEncoding = 4; lastKnownFileType = sourcecode.swift; path = ShopItemVC.swift; sourceTree = "<group>"; };
		E7FDDAD32C64301B00DE2A7A /* climbr.app */ = {isa = PBXFileReference; explicitFileType = wrapper.application; includeInIndex = 0; path = climbr.app; sourceTree = BUILT_PRODUCTS_DIR; };
		E7FDDADF2C64301F00DE2A7A /* climbr.entitlements */ = {isa = PBXFileReference; lastKnownFileType = text.plist.entitlements; path = climbr.entitlements; sourceTree = "<group>"; };
		E7FDDB092C6434E700DE2A7A /* SampleViewB.swift */ = {isa = PBXFileReference; lastKnownFileType = sourcecode.swift; path = SampleViewB.swift; sourceTree = "<group>"; };
		E7FDDB0B2C6434EC00DE2A7A /* SampleViewA.swift */ = {isa = PBXFileReference; lastKnownFileType = sourcecode.swift; path = SampleViewA.swift; sourceTree = "<group>"; };
/* End PBXFileReference section */

/* Begin PBXFileSystemSynchronizedBuildFileExceptionSet section */
		034EADDD2CC78573006C0C9C /* PBXFileSystemSynchronizedBuildFileExceptionSet */ = {
			isa = PBXFileSystemSynchronizedBuildFileExceptionSet;
			membershipExceptions = (
				Info.plist,
			);
			target = 034EADCC2CC78493006C0C9C /* climbrHelper */;
		};
/* End PBXFileSystemSynchronizedBuildFileExceptionSet section */

/* Begin PBXFileSystemSynchronizedRootGroup section */
		034EADCE2CC78493006C0C9C /* climbrHelper */ = {isa = PBXFileSystemSynchronizedRootGroup; exceptions = (034EADDD2CC78573006C0C9C /* PBXFileSystemSynchronizedBuildFileExceptionSet */, ); explicitFileTypes = {}; explicitFolders = (); path = climbrHelper; sourceTree = "<group>"; };
/* End PBXFileSystemSynchronizedRootGroup section */

/* Begin PBXFrameworksBuildPhase section */
		034EADCA2CC78493006C0C9C /* Frameworks */ = {
			isa = PBXFrameworksBuildPhase;
			buildActionMask = 2147483647;
			files = (
			);
			runOnlyForDeploymentPostprocessing = 0;
		};
		E7FDDAD02C64301B00DE2A7A /* Frameworks */ = {
			isa = PBXFrameworksBuildPhase;
			buildActionMask = 2147483647;
			files = (
				E7FDDB272C64370E00DE2A7A /* RiveRuntime in Frameworks */,
				034EADDF2CC78654006C0C9C /* ServiceManagement.framework in Frameworks */,
				034C71652C64FAFF0040AD4F /* SnapKit in Frameworks */,
				E71F6E642C6B8B3B001BCFEB /* Swinject in Frameworks */,
			);
			runOnlyForDeploymentPostprocessing = 0;
		};
/* End PBXFrameworksBuildPhase section */

/* Begin PBXGroup section */
		900E6FF82CD6194B008917C6 /* Assets */ = {
			isa = PBXGroup;
			children = (
				900E6FF72CD6194B008917C6 /* birdy.riv */,
			);
			path = Assets;
			sourceTree = "<group>";
		};
		900E70012CD6194B008917C6 /* LocalDataSources */ = {
			isa = PBXGroup;
			children = (
				900E6FFA2CD6194B008917C6 /* Equipment+CoreDataClass.swift */,
				900E6FFB2CD6194B008917C6 /* Equipment+CoreDataProperties.swift */,
				900E6FFE2CD6194B008917C6 /* PersistenceController.swift */,
				900E6FFF2CD6194B008917C6 /* StreakEntity+CoreDataClass.swift */,
				900E70002CD6194B008917C6 /* StreakEntity+CoreDataProperties.swift */,
			);
			path = LocalDataSources;
			sourceTree = "<group>";
		};
		900E700B2CD6194B008917C6 /* Managers */ = {
			isa = PBXGroup;
			children = (
				900E70022CD6194B008917C6 /* AudioManager.swift */,
				900E70032CD6194B008917C6 /* CameraManager.swift */,
				900E70042CD6194B008917C6 /* EquipmentManager.swift */,
				900E70052CD6194B008917C6 /* NotificationManager.swift */,
				900E70062CD6194B008917C6 /* Predictor.swift */,
				900E70072CD6194B008917C6 /* PredictorManager.swift */,
				900E70082CD6194B008917C6 /* ProgressManager.swift */,
				900E70092CD6194B008917C6 /* StreakManager.swift */,
				900E700A2CD6194B008917C6 /* UserManager.swift */,
			);
			path = Managers;
			sourceTree = "<group>";
		};
		900E70122CD6194B008917C6 /* Models */ = {
			isa = PBXGroup;
			children = (
				900E700C2CD6194B008917C6 /* Character.swift */,
				900E700D2CD6194B008917C6 /* Equipment.swift */,
				900E700E2CD6194B008917C6 /* Movement.swift */,
				900E700F2CD6194B008917C6 /* Streak.swift */,
				900E70102CD6194B008917C6 /* UserPreference.swift */,
				900E70112CD6194B008917C6 /* WorkingHour.swift */,
			);
			path = Models;
			sourceTree = "<group>";
		};
		900E70162CD6194B008917C6 /* background */ = {
			isa = PBXGroup;
			children = (
				900E70132CD6194B008917C6 /* night.mp3 */,
				900E70142CD6194B008917C6 /* snow.mp3 */,
				900E70152CD6194B008917C6 /* summer.mp3 */,
			);
			path = background;
			sourceTree = "<group>";
		};
		900E701B2CD6194B008917C6 /* sfx */ = {
			isa = PBXGroup;
			children = (
				900E70172CD6194B008917C6 /* correct.mp3 */,
				900E70182CD6194B008917C6 /* countdown.mp3 */,
				900E70192CD6194B008917C6 /* incorrect.mp3 */,
				900E701A2CD6194B008917C6 /* next-move.mp3 */,
			);
			path = sfx;
			sourceTree = "<group>";
		};
		900E701C2CD6194B008917C6 /* Music */ = {
			isa = PBXGroup;
			children = (
				900E70162CD6194B008917C6 /* background */,
				900E701B2CD6194B008917C6 /* sfx */,
			);
			path = Music;
			sourceTree = "<group>";
		};
		900E701E2CD6194B008917C6 /* Rive */ = {
			isa = PBXGroup;
			children = (
				8A768C652CD35EFE00898ADB /* ModelFixV7.mlmodel */,
				8A3E76622CCA5627009FA052 /* ModelFixV5.mlmodel */,
			);
			path = VisionModel;
			sourceTree = "<group>";
		};
		8ABB12922C67D1AA00616C57 /* Onboarding */ = {
			isa = PBXGroup;
			children = (
				8AF185232CD0EDD9000FBC30 /* SubViews */,
				8ABB12932C67D36100616C57 /* UserPreferenceVC.swift */,
				8ABB12AB2C6AEE8200616C57 /* ChooseCharacterVC.swift */,
				8AB71C742C6FB7E600635C85 /* UserPreference+Extension.swift */,
			);
			path = Onboarding;
			sourceTree = "<group>";
		};
		8ABB12972C6893EC00616C57 /* DatePicker */ = {
			isa = PBXGroup;
			children = (
				8ABB12982C68940400616C57 /* CLDatePicker.swift */,
			);
			path = DatePicker;
			sourceTree = "<group>";
		};
		90E5EE862CCF984900E1E943 /* Extensions */ = {
			isa = PBXGroup;
			children = (
				90E5EE872CCF985700E1E943 /* AppDelegate+MenuBar+Extension.swift */,
			);
			path = Extensions;
			sourceTree = "<group>";
		};
		90E5EE892CCFB04500E1E943 /* MenuBarApp */ = {
			isa = PBXGroup;
			children = (
				90E5EE8A2CCFB06A00E1E943 /* MenuBarVC.swift */,
			);
			path = MenuBarApp;
			sourceTree = "<group>";
		};
		AB1C0B662C76636F006B2FA8 /* Rive */ = {
			isa = PBXGroup;
			children = (
				ABDE237C2C8487A1008822AB /* climbr.riv */,
			);
			path = Rive;
			sourceTree = "<group>";
		};
		900E70312CD6194B008917C6 /* Video */ = {
			isa = PBXGroup;
			children = (
				900E701F2CD6194B008917C6 /* crossBodyShoulder-Left.mp4 */,
				900E70202CD6194B008917C6 /* crossBodyShoulder-Right.mp4 */,
				900E70212CD6194B008917C6 /* frontShoulderStatic-Left.mp4 */,
				900E70222CD6194B008917C6 /* frontShoulderStatic-Right.mp4 */,
				900E70232CD6194B008917C6 /* lowerBackSpin-Left.mp4 */,
				900E70242CD6194B008917C6 /* lowerBackSpin-Right.mp4 */,
				900E70252CD6194B008917C6 /* neckDeep-Left.mp4 */,
				900E70262CD6194B008917C6 /* neckDeep-Right.mp4 */,
				900E70272CD6194B008917C6 /* neckExtension-Back.mp4 */,
				900E70282CD6194B008917C6 /* neckExtension-Front.mp4 */,
				900E70292CD6194B008917C6 /* neckRotation-Left.mp4 */,
				900E702A2CD6194B008917C6 /* neckRotation-Right.mp4 */,
				900E702B2CD6194B008917C6 /* tricepStatic-Left.mp4 */,
				900E702C2CD6194B008917C6 /* tricepStatic-Right.mp4 */,
				900E702D2CD6194B008917C6 /* upperBackStretch-Front.mp4 */,
				900E702E2CD6194B008917C6 /* upperBackStretch-Left.mp4 */,
				900E702F2CD6194B008917C6 /* upperBackStretch-Right.mp4 */,
				900E70302CD6194B008917C6 /* upperBackStretch-Up.mp4 */,
			);
			path = Video;
			sourceTree = "<group>";
		};
		900E70342CD6194B008917C6 /* VisionModel */ = {
			isa = PBXGroup;
			children = (
				900E70322CD6194B008917C6 /* ModelFixV5.mlmodel */,
				900E70332CD6194B008917C6 /* ModelFixV7.mlmodel */,
			);
			path = VisionModel;
			sourceTree = "<group>";
		};
		900E70362CD6194B008917C6 /* Resources */ = {
			isa = PBXGroup;
			children = (
				900E701C2CD6194B008917C6 /* Music */,
				900E701E2CD6194B008917C6 /* Rive */,
				900E70312CD6194B008917C6 /* Video */,
				900E70342CD6194B008917C6 /* VisionModel */,
				900E70352CD6194B008917C6 /* Assets.xcassets */,
			);
			path = Resources;
			sourceTree = "<group>";
		};
		900E70392CD6194B008917C6 /* SubViews */ = {
			isa = PBXGroup;
			children = (
				900E70372CD6194B008917C6 /* SettingVC.swift */,
				900E70382CD6194B008917C6 /* SettingVC+Extension.swift */,
			);
			path = SubViews;
			sourceTree = "<group>";
		};
		900E703C2CD6194B008917C6 /* Home */ = {
			isa = PBXGroup;
			children = (
				900E70392CD6194B008917C6 /* SubViews */,
				900E703A2CD6194B008917C6 /* HomeVC.swift */,
				900E703B2CD6194B008917C6 /* HomeVC+Extension.swift */,
			);
			path = Home;
			sourceTree = "<group>";
		};
		900E703E2CD6194B008917C6 /* MenuBarApp */ = {
			isa = PBXGroup;
			children = (
				900E703D2CD6194B008917C6 /* MenuBarVC.swift */,
			);
			path = MenuBarApp;
			sourceTree = "<group>";
		};
		900E70412CD6194B008917C6 /* SubViews */ = {
			isa = PBXGroup;
			children = (
				900E703F2CD6194B008917C6 /* DaysButtonStackView.swift */,
				900E70402CD6194B008917C6 /* DayTimePreferenceView.swift */,
			);
			path = SubViews;
			sourceTree = "<group>";
		};
		900E70452CD6194B008917C6 /* Onboarding */ = {
			isa = PBXGroup;
			children = (
				900E70412CD6194B008917C6 /* SubViews */,
				900E70422CD6194B008917C6 /* ChooseCharacterVC.swift */,
				900E70432CD6194B008917C6 /* UserPreference+Extension.swift */,
				900E70442CD6194B008917C6 /* UserPreferenceVC.swift */,
			);
			path = Onboarding;
			sourceTree = "<group>";
		};
		900E704B2CD6194B008917C6 /* SubViews */ = {
			isa = PBXGroup;
			children = (
				900E70462CD6194B008917C6 /* BuyButtonView.swift */,
				900E70472CD6194B008917C6 /* CollectionContainerView.swift */,
				900E70482CD6194B008917C6 /* CollectionContainerView+Extensions.swift */,
				900E70492CD6194B008917C6 /* GridItemView.swift */,
				900E704A2CD6194B008917C6 /* TypeButtonView.swift */,
			);
			path = SubViews;
			sourceTree = "<group>";
		};
		900E704E2CD6194B008917C6 /* Shop */ = {
			isa = PBXGroup;
			children = (
				900E704B2CD6194B008917C6 /* SubViews */,
				900E704C2CD6194B008917C6 /* ShopItemVC.swift */,
				900E704D2CD6194B008917C6 /* ShopItemVC+Extensions.swift */,
			);
			path = Shop;
			sourceTree = "<group>";
		};
		900E70502CD6194B008917C6 /* Splash */ = {
			isa = PBXGroup;
			children = (
				900E704F2CD6194B008917C6 /* SplashVC.swift */,
			);
			path = Splash;
			sourceTree = "<group>";
		};
		900E70592CD6194B008917C6 /* SubViews */ = {
			isa = PBXGroup;
			children = (
				900E70512CD6194B008917C6 /* CameraPreviewView.swift */,
				900E70522CD6194B008917C6 /* CurrentMovementView.swift */,
				900E70532CD6194B008917C6 /* EndSessionAlertVC.swift */,
				900E70542CD6194B008917C6 /* ExerciseInstructionView.swift */,
				900E70552CD6194B008917C6 /* MovementStateView.swift */,
				900E70562CD6194B008917C6 /* NextMovementView.swift */,
				900E70572CD6194B008917C6 /* ProgressStretchVC.swift */,
				900E70582CD6194B008917C6 /* ProgressUserView.swift */,
			);
			path = SubViews;
			sourceTree = "<group>";
		};
		900E705E2CD6194B008917C6 /* Stretching */ = {
			isa = PBXGroup;
			children = (
				900E70592CD6194B008917C6 /* SubViews */,
				900E705A2CD6194B008917C6 /* StretchingResultVC.swift */,
				900E705B2CD6194B008917C6 /* StretchingResultVC+Extension.swift */,
				900E705C2CD6194B008917C6 /* StretchingVC.swift */,
				900E705D2CD6194B008917C6 /* StretchingVC+Extension.swift */,
			);
			path = Stretching;
			sourceTree = "<group>";
		};
		900E70612CD6194B008917C6 /* Tutorial */ = {
			isa = PBXGroup;
			children = (
				900E705F2CD6194B008917C6 /* TutorialVC.swift */,
				900E70602CD6194B008917C6 /* TutorialVC+Extension.swift */,
			);
			path = Tutorial;
			sourceTree = "<group>";
		};
		900E70622CD6194B008917C6 /* Screens */ = {
			isa = PBXGroup;
			children = (
				900E703C2CD6194B008917C6 /* Home */,
				900E703E2CD6194B008917C6 /* MenuBarApp */,
				900E70452CD6194B008917C6 /* Onboarding */,
				900E704E2CD6194B008917C6 /* Shop */,
				900E70502CD6194B008917C6 /* Splash */,
				900E705E2CD6194B008917C6 /* Stretching */,
				900E70612CD6194B008917C6 /* Tutorial */,
			);
			path = Screens;
			sourceTree = "<group>";
		};
		900E706C2CD6194B008917C6 /* Services */ = {
			isa = PBXGroup;
			children = (
				900E70632CD6194B008917C6 /* AudioService.swift */,
				900E70642CD6194B008917C6 /* CameraService.swift */,
				900E70652CD6194B008917C6 /* EquipmentService.swift */,
				900E70662CD6194B008917C6 /* ExcerciseGuidanceService.swift */,
				900E70672CD6194B008917C6 /* NotificationService.swift */,
				900E70682CD6194B008917C6 /* PredictorService.swift */,
				900E70692CD6194B008917C6 /* ProgressService.swift */,
				900E706A2CD6194B008917C6 /* StreakService.swift */,
				900E706B2CD6194B008917C6 /* UserService.swift */,
			);
			path = Services;
			sourceTree = "<group>";
		};
		900E70702CD6194B008917C6 /* Button */ = {
			isa = PBXGroup;
			children = (
				900E706D2CD6194B008917C6 /* CLImageButton.swift */,
				900E706E2CD6194B008917C6 /* CLPickerButton.swift */,
				900E706F2CD6194B008917C6 /* CLTextButtonV2.swift */,
			);
			path = Button;
			sourceTree = "<group>";
		};
		900E70722CD6194B008917C6 /* DatePicker */ = {
			isa = PBXGroup;
			children = (
				900E70712CD6194B008917C6 /* CLDatePicker.swift */,
			);
			path = DatePicker;
			sourceTree = "<group>";
		};
		900E70742CD6194B008917C6 /* Dividers */ = {
			isa = PBXGroup;
			children = (
				900E70732CD6194B008917C6 /* Divider.swift */,
			);
			path = Dividers;
			sourceTree = "<group>";
		};
		900E70762CD6194B008917C6 /* Images */ = {
			isa = PBXGroup;
			children = (
				900E70752CD6194B008917C6 /* CLSFSymbol.swift */,
			);
			path = Images;
			sourceTree = "<group>";
		};
		900E70792CD6194B008917C6 /* Labels */ = {
			isa = PBXGroup;
			children = (
				900E70772CD6194B008917C6 /* CLLabel.swift */,
				900E70782CD6194B008917C6 /* CLTextLabelV2.swift */,
			);
			path = Labels;
			sourceTree = "<group>";
		};
		900E707B2CD6194B008917C6 /* TextField */ = {
			isa = PBXGroup;
			children = (
				900E707A2CD6194B008917C6 /* CLTextField.swift */,
			);
			path = TextField;
			sourceTree = "<group>";
		};
		900E707D2CD6194B008917C6 /* Views */ = {
			isa = PBXGroup;
			children = (
				900E707C2CD6194B008917C6 /* SubtractedView.swift */,
			);
			path = Views;
			sourceTree = "<group>";
		};
		900E70802CD6194B008917C6 /* VisualEffects */ = {
			isa = PBXGroup;
			children = (
				900E707E2CD6194B008917C6 /* CLBlurEffectView.swift */,
				900E707F2CD6194B008917C6 /* CLGradientContainer.swift */,
			);
			path = VisualEffects;
			sourceTree = "<group>";
		};
		900E70812CD6194B008917C6 /* Components */ = {
			isa = PBXGroup;
			children = (
				900E70702CD6194B008917C6 /* Button */,
				900E70722CD6194B008917C6 /* DatePicker */,
				900E70742CD6194B008917C6 /* Dividers */,
				900E70762CD6194B008917C6 /* Images */,
				900E70792CD6194B008917C6 /* Labels */,
				900E707B2CD6194B008917C6 /* TextField */,
				900E707D2CD6194B008917C6 /* Views */,
				900E70802CD6194B008917C6 /* VisualEffects */,
			);
			path = Components;
			sourceTree = "<group>";
		};
		900E70832CD6194B008917C6 /* Constants */ = {
			isa = PBXGroup;
			children = (
				900E70822CD6194B008917C6 /* UserDefaultsKey.swift */,
			);
			path = Constants;
			sourceTree = "<group>";
		};
		900E70882CD6194B008917C6 /* Extensions */ = {
			isa = PBXGroup;
			children = (
				900E70842CD6194B008917C6 /* CollectionExtension.swift */,
				900E70852CD6194B008917C6 /* DateExtension.swift */,
				900E70862CD6194B008917C6 /* NSViewControllerExtension.swift */,
				900E70872CD6194B008917C6 /* SwinjectExtension.swift */,
			);
			path = Extensions;
			sourceTree = "<group>";
		};
		900E70892CD6194B008917C6 /* Shared */ = {
			isa = PBXGroup;
			children = (
				900E70812CD6194B008917C6 /* Components */,
				900E70832CD6194B008917C6 /* Constants */,
				900E70882CD6194B008917C6 /* Extensions */,
			);
			path = Shared;
			sourceTree = "<group>";
		};
		900E708B2CD6194B008917C6 /* Extensions */ = {
			isa = PBXGroup;
			children = (
				900E708A2CD6194B008917C6 /* AppDelegate+MenuBar+Extension.swift */,
			);
			path = Extensions;
			sourceTree = "<group>";
		};
		900E70902CD6194B008917C6 /* Supports */ = {
			isa = PBXGroup;
			children = (
				900E708B2CD6194B008917C6 /* Extensions */,
				900E708C2CD6194B008917C6 /* AppDelegate.swift */,
				900E708D2CD6194B008917C6 /* main.swift */,
				900E708E2CD6194B008917C6 /* MainVC.swift */,
				900E708F2CD6194B008917C6 /* MainWindow.swift */,
			);
			path = Supports;
			sourceTree = "<group>";
		};
		E71F6E622C6B8B3B001BCFEB /* Frameworks */ = {
			isa = PBXGroup;
			children = (
				034EADDE2CC78654006C0C9C /* ServiceManagement.framework */,
			);
			name = Frameworks;
			sourceTree = "<group>";
		};
		E76E63032C675AAD001906A9 /* Recovered References */ = {
			isa = PBXGroup;
			children = (
				8ABB12812C66099200616C57 /* ModelFixV1+Label.swift */,
				8ABB12872C661B1000616C57 /* ModelFixV1+FrameRate.swift */,
				8ABB127F2C66074C00616C57 /* ModelFixV1+Singleton.swift */,
				8ABB12892C661D1500616C57 /* Pose.swift */,
				E7FDDB0B2C6434EC00DE2A7A /* SampleViewA.swift */,
				E7FDDB092C6434E700DE2A7A /* SampleViewB.swift */,
				0367F5AE2C720A5300938747 /* Character+CoreDataClass.swift */,
				0367F5AF2C720A5300938747 /* Character+CoreDataProperties.swift */,
				03CD0A122C6FA8BD00BEEE8B /* Equipment+CoreDataClass.swift */,
				03CD0A132C6FA8BD00BEEE8B /* Equipment+CoreDataProperties.swift */,
				AB9A790B2C6FCBF000028B36 /* ShopItemVC.swift */,
			);
			name = "Recovered References";
			sourceTree = "<group>";
		};
		E7FDDACA2C64301B00DE2A7A = {
			isa = PBXGroup;
			children = (
				E7FDDAD52C64301B00DE2A7A /* climbr */,
				034EADCE2CC78493006C0C9C /* climbrHelper */,
				E7FDDAD42C64301B00DE2A7A /* Products */,
				E76E63032C675AAD001906A9 /* Recovered References */,
				E71F6E622C6B8B3B001BCFEB /* Frameworks */,
			);
			sourceTree = "<group>";
		};
		E7FDDAD42C64301B00DE2A7A /* Products */ = {
			isa = PBXGroup;
			children = (
				E7FDDAD32C64301B00DE2A7A /* climbr.app */,
				034EADCD2CC78493006C0C9C /* climbrHelper.app */,
			);
			name = Products;
			sourceTree = "<group>";
		};
		E7FDDAD52C64301B00DE2A7A /* climbr */ = {
			isa = PBXGroup;
			children = (
				900E6FF82CD6194B008917C6 /* Assets */,
				900E70012CD6194B008917C6 /* LocalDataSources */,
				900E700B2CD6194B008917C6 /* Managers */,
				900E70122CD6194B008917C6 /* Models */,
				900E70362CD6194B008917C6 /* Resources */,
				900E70622CD6194B008917C6 /* Screens */,
				900E706C2CD6194B008917C6 /* Services */,
				900E70892CD6194B008917C6 /* Shared */,
				900E70902CD6194B008917C6 /* Supports */,
				03CD09BF2C6EEEF100BEEE8B /* Info.plist */,
				E7FDDADF2C64301F00DE2A7A /* climbr.entitlements */,
			);
			path = climbr;
			sourceTree = "<group>";
		};
/* End PBXGroup section */

/* Begin PBXNativeTarget section */
		034EADCC2CC78493006C0C9C /* climbrHelper */ = {
			isa = PBXNativeTarget;
			buildConfigurationList = 034EADDB2CC78495006C0C9C /* Build configuration list for PBXNativeTarget "climbrHelper" */;
			buildPhases = (
				034EADC92CC78493006C0C9C /* Sources */,
				034EADCA2CC78493006C0C9C /* Frameworks */,
				034EADCB2CC78493006C0C9C /* Resources */,
			);
			buildRules = (
			);
			dependencies = (
			);
			fileSystemSynchronizedGroups = (
				034EADCE2CC78493006C0C9C /* climbrHelper */,
			);
			name = climbrHelper;
			packageProductDependencies = (
			);
			productName = climbrHelper;
			productReference = 034EADCD2CC78493006C0C9C /* climbrHelper.app */;
			productType = "com.apple.product-type.application";
		};
		E7FDDAD22C64301B00DE2A7A /* climbr */ = {
			isa = PBXNativeTarget;
			buildConfigurationList = E7FDDAE22C64301F00DE2A7A /* Build configuration list for PBXNativeTarget "climbr" */;
			buildPhases = (
				E7FDDACF2C64301B00DE2A7A /* Sources */,
				E7FDDAD02C64301B00DE2A7A /* Frameworks */,
				E7FDDAD12C64301B00DE2A7A /* Resources */,
				034EADE02CC7867A006C0C9C /* CopyFiles */,
			);
			buildRules = (
			);
			dependencies = (
			);
			name = climbr;
			packageProductDependencies = (
				E7FDDB262C64370E00DE2A7A /* RiveRuntime */,
				034C71642C64FAFF0040AD4F /* SnapKit */,
				E71F6E632C6B8B3B001BCFEB /* Swinject */,
			);
			productName = climbr;
			productReference = E7FDDAD32C64301B00DE2A7A /* climbr.app */;
			productType = "com.apple.product-type.application";
		};
/* End PBXNativeTarget section */

/* Begin PBXProject section */
		E7FDDACB2C64301B00DE2A7A /* Project object */ = {
			isa = PBXProject;
			attributes = {
				BuildIndependentTargetsInParallel = 1;
				LastSwiftUpdateCheck = 1600;
				LastUpgradeCheck = 1540;
				TargetAttributes = {
					034EADCC2CC78493006C0C9C = {
						CreatedOnToolsVersion = 16.0;
					};
					E7FDDAD22C64301B00DE2A7A = {
						CreatedOnToolsVersion = 15.2;
					};
				};
			};
			buildConfigurationList = E7FDDACE2C64301B00DE2A7A /* Build configuration list for PBXProject "climbr" */;
			compatibilityVersion = "Xcode 14.0";
			developmentRegion = en;
			hasScannedForEncodings = 0;
			knownRegions = (
				en,
				Base,
			);
			mainGroup = E7FDDACA2C64301B00DE2A7A;
			packageReferences = (
				E7FDDB252C64370E00DE2A7A /* XCRemoteSwiftPackageReference "rive-ios" */,
				034C71632C64FAFF0040AD4F /* XCRemoteSwiftPackageReference "SnapKit" */,
				E71F6E612C6B8995001BCFEB /* XCRemoteSwiftPackageReference "Swinject" */,
			);
			productRefGroup = E7FDDAD42C64301B00DE2A7A /* Products */;
			projectDirPath = "";
			projectRoot = "";
			targets = (
				E7FDDAD22C64301B00DE2A7A /* climbr */,
				034EADCC2CC78493006C0C9C /* climbrHelper */,
			);
		};
/* End PBXProject section */

/* Begin PBXResourcesBuildPhase section */
		034EADCB2CC78493006C0C9C /* Resources */ = {
			isa = PBXResourcesBuildPhase;
			buildActionMask = 2147483647;
			files = (
			);
			runOnlyForDeploymentPostprocessing = 0;
		};
		E7FDDAD12C64301B00DE2A7A /* Resources */ = {
			isa = PBXResourcesBuildPhase;
			buildActionMask = 2147483647;
			files = (
				900E70EA2CD6194B008917C6 /* neckExtension-Front.mp4 in Resources */,
				900E70EB2CD6194B008917C6 /* climbr.riv in Resources */,
				900E70EC2CD6194B008917C6 /* frontShoulderStatic-Right.mp4 in Resources */,
				900E70ED2CD6194B008917C6 /* upperBackStretch-Right.mp4 in Resources */,
				900E70EE2CD6194B008917C6 /* neckRotation-Left.mp4 in Resources */,
				900E70EF2CD6194B008917C6 /* correct.mp3 in Resources */,
				900E70F02CD6194B008917C6 /* crossBodyShoulder-Right.mp4 in Resources */,
				900E70F12CD6194B008917C6 /* lowerBackSpin-Right.mp4 in Resources */,
				900E70F22CD6194B008917C6 /* tricepStatic-Left.mp4 in Resources */,
				900E70F32CD6194B008917C6 /* neckExtension-Back.mp4 in Resources */,
				900E70F42CD6194B008917C6 /* next-move.mp3 in Resources */,
				900E70F52CD6194B008917C6 /* countdown.mp3 in Resources */,
				900E70F62CD6194B008917C6 /* frontShoulderStatic-Left.mp4 in Resources */,
				900E70F72CD6194B008917C6 /* crossBodyShoulder-Left.mp4 in Resources */,
				900E70F82CD6194B008917C6 /* upperBackStretch-Up.mp4 in Resources */,
				900E70F92CD6194B008917C6 /* neckDeep-Right.mp4 in Resources */,
				900E70FA2CD6194B008917C6 /* upperBackStretch-Left.mp4 in Resources */,
				900E70FB2CD6194B008917C6 /* upperBackStretch-Front.mp4 in Resources */,
				900E70FC2CD6194B008917C6 /* incorrect.mp3 in Resources */,
				900E70FD2CD6194B008917C6 /* lowerBackSpin-Left.mp4 in Resources */,
				900E70FE2CD6194B008917C6 /* summer.mp3 in Resources */,
				900E70FF2CD6194B008917C6 /* birdy.riv in Resources */,
				900E71002CD6194B008917C6 /* neckDeep-Left.mp4 in Resources */,
				900E71012CD6194B008917C6 /* snow.mp3 in Resources */,
				900E71022CD6194B008917C6 /* Assets.xcassets in Resources */,
				900E71032CD6194B008917C6 /* neckRotation-Right.mp4 in Resources */,
				900E71042CD6194B008917C6 /* tricepStatic-Right.mp4 in Resources */,
				900E71052CD6194B008917C6 /* night.mp3 in Resources */,
			);
			runOnlyForDeploymentPostprocessing = 0;
		};
/* End PBXResourcesBuildPhase section */

/* Begin PBXSourcesBuildPhase section */
		034EADC92CC78493006C0C9C /* Sources */ = {
			isa = PBXSourcesBuildPhase;
			buildActionMask = 2147483647;
			files = (
			);
			runOnlyForDeploymentPostprocessing = 0;
		};
		E7FDDACF2C64301B00DE2A7A /* Sources */ = {
			isa = PBXSourcesBuildPhase;
			buildActionMask = 2147483647;
			files = (
				900E70922CD6194B008917C6 /* Equipment.swift in Sources */,
				900E70932CD6194B008917C6 /* MainWindow.swift in Sources */,
				900E70942CD6194B008917C6 /* SettingVC+Extension.swift in Sources */,
				900E70952CD6194B008917C6 /* ModelFixV5.mlmodel in Sources */,
				900E70962CD6194B008917C6 /* GridItemView.swift in Sources */,
				900E70972CD6194B008917C6 /* ProgressManager.swift in Sources */,
				900E70982CD6194B008917C6 /* Streak.swift in Sources */,
				900E70992CD6194B008917C6 /* TutorialVC+Extension.swift in Sources */,
				900E709A2CD6194B008917C6 /* PredictorService.swift in Sources */,
				900E709B2CD6194B008917C6 /* StretchingResultVC+Extension.swift in Sources */,
				900E709C2CD6194B008917C6 /* PersistenceController.swift in Sources */,
				900E709D2CD6194B008917C6 /* CLLabel.swift in Sources */,
				900E709E2CD6194B008917C6 /* StretchingVC.swift in Sources */,
				900E709F2CD6194B008917C6 /* StretchingResultVC.swift in Sources */,
				900E70A02CD6194B008917C6 /* CLTextField.swift in Sources */,
				900E70A12CD6194B008917C6 /* StreakEntity+CoreDataProperties.swift in Sources */,
				900E70A22CD6194B008917C6 /* ShopItemVC.swift in Sources */,
				900E70A32CD6194B008917C6 /* CLBlurEffectView.swift in Sources */,
				900E70A42CD6194B008917C6 /* CollectionContainerView+Extensions.swift in Sources */,
				900E70A52CD6194B008917C6 /* NextMovementView.swift in Sources */,
				900E70A62CD6194B008917C6 /* ProgressStretchVC.swift in Sources */,
				900E70A72CD6194B008917C6 /* Equipment+CoreDataClass.swift in Sources */,
				900E70A82CD6194B008917C6 /* CameraService.swift in Sources */,
				900E70A92CD6194B008917C6 /* UserPreference.swift in Sources */,
				900E70AA2CD6194B008917C6 /* HomeVC.swift in Sources */,
				900E70AB2CD6194B008917C6 /* UserManager.swift in Sources */,
				900E70AC2CD6194B008917C6 /* StretchingVC+Extension.swift in Sources */,
				900E70AD2CD6194B008917C6 /* MainVC.swift in Sources */,
				900E70AE2CD6194B008917C6 /* CollectionExtension.swift in Sources */,
				900E70AF2CD6194B008917C6 /* MovementStateView.swift in Sources */,
				900E70B12CD6194B008917C6 /* EquipmentService.swift in Sources */,
				900E70B22CD6194B008917C6 /* ExerciseInstructionView.swift in Sources */,
				900E70B32CD6194B008917C6 /* UserDefaultsKey.swift in Sources */,
				900E70B42CD6194B008917C6 /* AppDelegate.swift in Sources */,
				900E70B52CD6194B008917C6 /* MenuBarVC.swift in Sources */,
				900E70B62CD6194B008917C6 /* ModelFixV7.mlmodel in Sources */,
				900E70B72CD6194B008917C6 /* UserPreferenceVC.swift in Sources */,
				900E70B82CD6194B008917C6 /* CameraManager.swift in Sources */,
				900E70B92CD6194B008917C6 /* CLDatePicker.swift in Sources */,
				900E70BA2CD6194B008917C6 /* SplashVC.swift in Sources */,
				900E70BB2CD6194B008917C6 /* DayTimePreferenceView.swift in Sources */,
				900E70BC2CD6194B008917C6 /* CLTextLabelV2.swift in Sources */,
				900E70BD2CD6194B008917C6 /* TutorialVC.swift in Sources */,
				900E70BE2CD6194B008917C6 /* CLImageButton.swift in Sources */,
				900E70BF2CD6194B008917C6 /* ExcerciseGuidanceService.swift in Sources */,
				900E70C02CD6194B008917C6 /* Divider.swift in Sources */,
				900E70C12CD6194B008917C6 /* EquipmentManager.swift in Sources */,
				900E70C22CD6194B008917C6 /* ChooseCharacterVC.swift in Sources */,
				900E70C32CD6194B008917C6 /* SettingVC.swift in Sources */,
				900E70C42CD6194B008917C6 /* BuyButtonView.swift in Sources */,
				900E70C52CD6194B008917C6 /* CameraPreviewView.swift in Sources */,
				900E70C62CD6194B008917C6 /* CLGradientContainer.swift in Sources */,
				900E70C82CD6194B008917C6 /* CollectionContainerView.swift in Sources */,
				900E70C92CD6194B008917C6 /* AudioService.swift in Sources */,
				900E70CA2CD6194B008917C6 /* NSViewControllerExtension.swift in Sources */,
				900E70CB2CD6194B008917C6 /* Movement.swift in Sources */,
				900E70CC2CD6194B008917C6 /* CLSFSymbol.swift in Sources */,
				900E70CD2CD6194B008917C6 /* StreakEntity+CoreDataClass.swift in Sources */,
				900E70CE2CD6194B008917C6 /* DateExtension.swift in Sources */,
				900E70CF2CD6194B008917C6 /* CLPickerButton.swift in Sources */,
				900E70D02CD6194B008917C6 /* AudioManager.swift in Sources */,
				900E70D12CD6194B008917C6 /* Equipment+CoreDataProperties.swift in Sources */,
				900E70D22CD6194B008917C6 /* UserPreference+Extension.swift in Sources */,
				900E70D32CD6194B008917C6 /* Predictor.swift in Sources */,
				900E70D42CD6194B008917C6 /* ShopItemVC+Extensions.swift in Sources */,
				900E70D52CD6194B008917C6 /* AppDelegate+MenuBar+Extension.swift in Sources */,
				900E70D62CD6194B008917C6 /* SubtractedView.swift in Sources */,
				900E70D72CD6194B008917C6 /* PredictorManager.swift in Sources */,
				900E70D82CD6194B008917C6 /* StreakManager.swift in Sources */,
				900E70D92CD6194B008917C6 /* Character.swift in Sources */,
				900E70DA2CD6194B008917C6 /* CLTextButtonV2.swift in Sources */,
				900E70DB2CD6194B008917C6 /* SwinjectExtension.swift in Sources */,
				900E70DC2CD6194B008917C6 /* ProgressUserView.swift in Sources */,
				900E70DD2CD6194B008917C6 /* HomeVC+Extension.swift in Sources */,
				900E70DE2CD6194B008917C6 /* DaysButtonStackView.swift in Sources */,
				900E70DF2CD6194B008917C6 /* WorkingHour.swift in Sources */,
				900E70E02CD6194B008917C6 /* TypeButtonView.swift in Sources */,
				900E70E12CD6194B008917C6 /* StreakService.swift in Sources */,
				900E70E22CD6194B008917C6 /* main.swift in Sources */,
				900E70E32CD6194B008917C6 /* UserService.swift in Sources */,
				900E70E42CD6194B008917C6 /* CurrentMovementView.swift in Sources */,
				900E70E52CD6194B008917C6 /* NotificationManager.swift in Sources */,
				900E70E62CD6194B008917C6 /* EndSessionAlertVC.swift in Sources */,
				900E70E72CD6194B008917C6 /* NotificationService.swift in Sources */,
				900E70E92CD6194B008917C6 /* ProgressService.swift in Sources */,
			);
			runOnlyForDeploymentPostprocessing = 0;
		};
/* End PBXSourcesBuildPhase section */

/* Begin XCBuildConfiguration section */
		034EADD92CC78495006C0C9C /* Debug */ = {
			isa = XCBuildConfiguration;
			buildSettings = {
				ASSETCATALOG_COMPILER_APPICON_NAME = AppIcon;
				ASSETCATALOG_COMPILER_GLOBAL_ACCENT_COLOR_NAME = AccentColor;
				CODE_SIGN_ENTITLEMENTS = climbrHelper/climbrHelper.entitlements;
				CODE_SIGN_STYLE = Manual;
				COMBINE_HIDPI_IMAGES = YES;
				CURRENT_PROJECT_VERSION = 1;
				DEVELOPMENT_TEAM = "";
				ENABLE_HARDENED_RUNTIME = YES;
				GENERATE_INFOPLIST_FILE = YES;
				INFOPLIST_FILE = climbrHelper/Info.plist;
				INFOPLIST_KEY_CFBundleDisplayName = NO;
				INFOPLIST_KEY_LSApplicationCategoryType = NO;
				INFOPLIST_KEY_LSBackgroundOnly = YES;
				INFOPLIST_KEY_NSHumanReadableCopyright = "";
				INFOPLIST_KEY_NSMainStoryboardFile = Main;
				INFOPLIST_KEY_NSPrincipalClass = NSApplication;
				LD_RUNPATH_SEARCH_PATHS = (
					"$(inherited)",
					"@executable_path/../Frameworks",
				);
				MACOSX_DEPLOYMENT_TARGET = 15.0;
				MARKETING_VERSION = 1.0;
				PRODUCT_BUNDLE_IDENTIFIER = com.hkbp.climbr.helper;
				PRODUCT_NAME = "$(TARGET_NAME)";
				PROVISIONING_PROFILE_SPECIFIER = "";
				SKIP_INSTALL = YES;
				SWIFT_EMIT_LOC_STRINGS = YES;
				SWIFT_VERSION = 5.0;
			};
			name = Debug;
		};
		034EADDA2CC78495006C0C9C /* Release */ = {
			isa = XCBuildConfiguration;
			buildSettings = {
				ASSETCATALOG_COMPILER_APPICON_NAME = AppIcon;
				ASSETCATALOG_COMPILER_GLOBAL_ACCENT_COLOR_NAME = AccentColor;
				CODE_SIGN_ENTITLEMENTS = climbrHelper/climbrHelper.entitlements;
				CODE_SIGN_STYLE = Manual;
				COMBINE_HIDPI_IMAGES = YES;
				CURRENT_PROJECT_VERSION = 1;
				DEVELOPMENT_TEAM = "";
				ENABLE_HARDENED_RUNTIME = YES;
				GENERATE_INFOPLIST_FILE = YES;
				INFOPLIST_FILE = climbrHelper/Info.plist;
				INFOPLIST_KEY_CFBundleDisplayName = NO;
				INFOPLIST_KEY_LSApplicationCategoryType = NO;
				INFOPLIST_KEY_LSBackgroundOnly = YES;
				INFOPLIST_KEY_NSHumanReadableCopyright = "";
				INFOPLIST_KEY_NSMainStoryboardFile = Main;
				INFOPLIST_KEY_NSPrincipalClass = NSApplication;
				LD_RUNPATH_SEARCH_PATHS = (
					"$(inherited)",
					"@executable_path/../Frameworks",
				);
				MACOSX_DEPLOYMENT_TARGET = 15.0;
				MARKETING_VERSION = 1.0;
				PRODUCT_BUNDLE_IDENTIFIER = com.hkbp.climbr.helper;
				PRODUCT_NAME = "$(TARGET_NAME)";
				PROVISIONING_PROFILE_SPECIFIER = "";
				SKIP_INSTALL = YES;
				SWIFT_EMIT_LOC_STRINGS = YES;
				SWIFT_VERSION = 5.0;
			};
			name = Release;
		};
		E7FDDAE02C64301F00DE2A7A /* Debug */ = {
			isa = XCBuildConfiguration;
			buildSettings = {
				ALWAYS_SEARCH_USER_PATHS = NO;
				ASSETCATALOG_COMPILER_GENERATE_SWIFT_ASSET_SYMBOL_EXTENSIONS = YES;
				CLANG_ANALYZER_NONNULL = YES;
				CLANG_ANALYZER_NUMBER_OBJECT_CONVERSION = YES_AGGRESSIVE;
				CLANG_CXX_LANGUAGE_STANDARD = "gnu++20";
				CLANG_ENABLE_MODULES = YES;
				CLANG_ENABLE_OBJC_ARC = YES;
				CLANG_ENABLE_OBJC_WEAK = YES;
				CLANG_WARN_BLOCK_CAPTURE_AUTORELEASING = YES;
				CLANG_WARN_BOOL_CONVERSION = YES;
				CLANG_WARN_COMMA = YES;
				CLANG_WARN_CONSTANT_CONVERSION = YES;
				CLANG_WARN_DEPRECATED_OBJC_IMPLEMENTATIONS = YES;
				CLANG_WARN_DIRECT_OBJC_ISA_USAGE = YES_ERROR;
				CLANG_WARN_DOCUMENTATION_COMMENTS = YES;
				CLANG_WARN_EMPTY_BODY = YES;
				CLANG_WARN_ENUM_CONVERSION = YES;
				CLANG_WARN_INFINITE_RECURSION = YES;
				CLANG_WARN_INT_CONVERSION = YES;
				CLANG_WARN_NON_LITERAL_NULL_CONVERSION = YES;
				CLANG_WARN_OBJC_IMPLICIT_RETAIN_SELF = YES;
				CLANG_WARN_OBJC_LITERAL_CONVERSION = YES;
				CLANG_WARN_OBJC_ROOT_CLASS = YES_ERROR;
				CLANG_WARN_QUOTED_INCLUDE_IN_FRAMEWORK_HEADER = YES;
				CLANG_WARN_RANGE_LOOP_ANALYSIS = YES;
				CLANG_WARN_STRICT_PROTOTYPES = YES;
				CLANG_WARN_SUSPICIOUS_MOVE = YES;
				CLANG_WARN_UNGUARDED_AVAILABILITY = YES_AGGRESSIVE;
				CLANG_WARN_UNREACHABLE_CODE = YES;
				CLANG_WARN__DUPLICATE_METHOD_MATCH = YES;
				COPY_PHASE_STRIP = NO;
				DEAD_CODE_STRIPPING = YES;
				DEBUG_INFORMATION_FORMAT = dwarf;
				ENABLE_STRICT_OBJC_MSGSEND = YES;
				ENABLE_TESTABILITY = YES;
				ENABLE_USER_SCRIPT_SANDBOXING = YES;
				GCC_C_LANGUAGE_STANDARD = gnu17;
				GCC_DYNAMIC_NO_PIC = NO;
				GCC_NO_COMMON_BLOCKS = YES;
				GCC_OPTIMIZATION_LEVEL = 0;
				GCC_PREPROCESSOR_DEFINITIONS = (
					"DEBUG=1",
					"$(inherited)",
				);
				GCC_WARN_64_TO_32_BIT_CONVERSION = YES;
				GCC_WARN_ABOUT_RETURN_TYPE = YES_ERROR;
				GCC_WARN_UNDECLARED_SELECTOR = YES;
				GCC_WARN_UNINITIALIZED_AUTOS = YES_AGGRESSIVE;
				GCC_WARN_UNUSED_FUNCTION = YES;
				GCC_WARN_UNUSED_VARIABLE = YES;
				LOCALIZATION_PREFERS_STRING_CATALOGS = YES;
				MACOSX_DEPLOYMENT_TARGET = 14.2;
				MTL_ENABLE_DEBUG_INFO = INCLUDE_SOURCE;
				MTL_FAST_MATH = YES;
				ONLY_ACTIVE_ARCH = YES;
				SDKROOT = macosx;
				SWIFT_ACTIVE_COMPILATION_CONDITIONS = "DEBUG $(inherited)";
				SWIFT_OPTIMIZATION_LEVEL = "-Onone";
			};
			name = Debug;
		};
		E7FDDAE12C64301F00DE2A7A /* Release */ = {
			isa = XCBuildConfiguration;
			buildSettings = {
				ALWAYS_SEARCH_USER_PATHS = NO;
				ASSETCATALOG_COMPILER_GENERATE_SWIFT_ASSET_SYMBOL_EXTENSIONS = YES;
				CLANG_ANALYZER_NONNULL = YES;
				CLANG_ANALYZER_NUMBER_OBJECT_CONVERSION = YES_AGGRESSIVE;
				CLANG_CXX_LANGUAGE_STANDARD = "gnu++20";
				CLANG_ENABLE_MODULES = YES;
				CLANG_ENABLE_OBJC_ARC = YES;
				CLANG_ENABLE_OBJC_WEAK = YES;
				CLANG_WARN_BLOCK_CAPTURE_AUTORELEASING = YES;
				CLANG_WARN_BOOL_CONVERSION = YES;
				CLANG_WARN_COMMA = YES;
				CLANG_WARN_CONSTANT_CONVERSION = YES;
				CLANG_WARN_DEPRECATED_OBJC_IMPLEMENTATIONS = YES;
				CLANG_WARN_DIRECT_OBJC_ISA_USAGE = YES_ERROR;
				CLANG_WARN_DOCUMENTATION_COMMENTS = YES;
				CLANG_WARN_EMPTY_BODY = YES;
				CLANG_WARN_ENUM_CONVERSION = YES;
				CLANG_WARN_INFINITE_RECURSION = YES;
				CLANG_WARN_INT_CONVERSION = YES;
				CLANG_WARN_NON_LITERAL_NULL_CONVERSION = YES;
				CLANG_WARN_OBJC_IMPLICIT_RETAIN_SELF = YES;
				CLANG_WARN_OBJC_LITERAL_CONVERSION = YES;
				CLANG_WARN_OBJC_ROOT_CLASS = YES_ERROR;
				CLANG_WARN_QUOTED_INCLUDE_IN_FRAMEWORK_HEADER = YES;
				CLANG_WARN_RANGE_LOOP_ANALYSIS = YES;
				CLANG_WARN_STRICT_PROTOTYPES = YES;
				CLANG_WARN_SUSPICIOUS_MOVE = YES;
				CLANG_WARN_UNGUARDED_AVAILABILITY = YES_AGGRESSIVE;
				CLANG_WARN_UNREACHABLE_CODE = YES;
				CLANG_WARN__DUPLICATE_METHOD_MATCH = YES;
				COPY_PHASE_STRIP = NO;
				DEAD_CODE_STRIPPING = YES;
				DEBUG_INFORMATION_FORMAT = "dwarf-with-dsym";
				ENABLE_NS_ASSERTIONS = NO;
				ENABLE_STRICT_OBJC_MSGSEND = YES;
				ENABLE_USER_SCRIPT_SANDBOXING = YES;
				GCC_C_LANGUAGE_STANDARD = gnu17;
				GCC_NO_COMMON_BLOCKS = YES;
				GCC_WARN_64_TO_32_BIT_CONVERSION = YES;
				GCC_WARN_ABOUT_RETURN_TYPE = YES_ERROR;
				GCC_WARN_UNDECLARED_SELECTOR = YES;
				GCC_WARN_UNINITIALIZED_AUTOS = YES_AGGRESSIVE;
				GCC_WARN_UNUSED_FUNCTION = YES;
				GCC_WARN_UNUSED_VARIABLE = YES;
				LOCALIZATION_PREFERS_STRING_CATALOGS = YES;
				MACOSX_DEPLOYMENT_TARGET = 14.2;
				MTL_ENABLE_DEBUG_INFO = NO;
				MTL_FAST_MATH = YES;
				SDKROOT = macosx;
				SWIFT_COMPILATION_MODE = wholemodule;
			};
			name = Release;
		};
		E7FDDAE32C64301F00DE2A7A /* Debug */ = {
			isa = XCBuildConfiguration;
			buildSettings = {
				ASSETCATALOG_COMPILER_APPICON_NAME = AppIcon;
				ASSETCATALOG_COMPILER_GLOBAL_ACCENT_COLOR_NAME = AccentColor;
				CODE_SIGN_ENTITLEMENTS = climbr/climbr.entitlements;
				"CODE_SIGN_IDENTITY[sdk=macosx*]" = "-";
				CODE_SIGN_STYLE = Manual;
				COMBINE_HIDPI_IMAGES = YES;
				CURRENT_PROJECT_VERSION = 1;
				DEAD_CODE_STRIPPING = YES;
				DEVELOPMENT_TEAM = "";
				ENABLE_HARDENED_RUNTIME = YES;
				GENERATE_INFOPLIST_FILE = YES;
				INFOPLIST_FILE = climbr/Info.plist;
				INFOPLIST_KEY_LSApplicationCategoryType = "public.app-category.healthcare-fitness";
				INFOPLIST_KEY_LSUIElement = NO;
				INFOPLIST_KEY_NSCameraUsageDescription = "This app will use your webcam to analyze your movement in doing static streching";
				INFOPLIST_KEY_NSHumanReadableCopyright = "";
				INFOPLIST_KEY_NSPrincipalClass = NSApplication;
				INFOPLIST_KEY_UIUserInterfaceStyle = Light;
				LD_RUNPATH_SEARCH_PATHS = (
					"$(inherited)",
					"@executable_path/../Frameworks",
				);
				MACOSX_DEPLOYMENT_TARGET = 14.0;
				MARKETING_VERSION = 1.0.0;
				PRODUCT_BUNDLE_IDENTIFIER = com.hkbp.climbr;
				PRODUCT_NAME = "$(TARGET_NAME)";
				PROVISIONING_PROFILE_SPECIFIER = "";
				SWIFT_EMIT_LOC_STRINGS = YES;
				SWIFT_VERSION = 5.0;
			};
			name = Debug;
		};
		E7FDDAE42C64301F00DE2A7A /* Release */ = {
			isa = XCBuildConfiguration;
			buildSettings = {
				ASSETCATALOG_COMPILER_APPICON_NAME = AppIcon;
				ASSETCATALOG_COMPILER_GLOBAL_ACCENT_COLOR_NAME = AccentColor;
				CODE_SIGN_ENTITLEMENTS = climbr/climbr.entitlements;
				"CODE_SIGN_IDENTITY[sdk=macosx*]" = "-";
				CODE_SIGN_STYLE = Manual;
				COMBINE_HIDPI_IMAGES = YES;
				CURRENT_PROJECT_VERSION = 1;
				DEAD_CODE_STRIPPING = YES;
				DEVELOPMENT_TEAM = "";
				ENABLE_HARDENED_RUNTIME = YES;
				GENERATE_INFOPLIST_FILE = YES;
				INFOPLIST_FILE = climbr/Info.plist;
				INFOPLIST_KEY_LSApplicationCategoryType = "public.app-category.healthcare-fitness";
				INFOPLIST_KEY_LSUIElement = NO;
				INFOPLIST_KEY_NSCameraUsageDescription = "This app will use your webcam to analyze your movement in doing static streching";
				INFOPLIST_KEY_NSHumanReadableCopyright = "";
				INFOPLIST_KEY_NSPrincipalClass = NSApplication;
				INFOPLIST_KEY_UIUserInterfaceStyle = Light;
				LD_RUNPATH_SEARCH_PATHS = (
					"$(inherited)",
					"@executable_path/../Frameworks",
				);
				MACOSX_DEPLOYMENT_TARGET = 14.0;
				MARKETING_VERSION = 1.0.0;
				PRODUCT_BUNDLE_IDENTIFIER = com.hkbp.climbr;
				PRODUCT_NAME = "$(TARGET_NAME)";
				PROVISIONING_PROFILE_SPECIFIER = "";
				SWIFT_EMIT_LOC_STRINGS = YES;
				SWIFT_VERSION = 5.0;
			};
			name = Release;
		};
/* End XCBuildConfiguration section */

/* Begin XCConfigurationList section */
		034EADDB2CC78495006C0C9C /* Build configuration list for PBXNativeTarget "climbrHelper" */ = {
			isa = XCConfigurationList;
			buildConfigurations = (
				034EADD92CC78495006C0C9C /* Debug */,
				034EADDA2CC78495006C0C9C /* Release */,
			);
			defaultConfigurationIsVisible = 0;
			defaultConfigurationName = Release;
		};
		E7FDDACE2C64301B00DE2A7A /* Build configuration list for PBXProject "climbr" */ = {
			isa = XCConfigurationList;
			buildConfigurations = (
				E7FDDAE02C64301F00DE2A7A /* Debug */,
				E7FDDAE12C64301F00DE2A7A /* Release */,
			);
			defaultConfigurationIsVisible = 0;
			defaultConfigurationName = Release;
		};
		E7FDDAE22C64301F00DE2A7A /* Build configuration list for PBXNativeTarget "climbr" */ = {
			isa = XCConfigurationList;
			buildConfigurations = (
				E7FDDAE32C64301F00DE2A7A /* Debug */,
				E7FDDAE42C64301F00DE2A7A /* Release */,
			);
			defaultConfigurationIsVisible = 0;
			defaultConfigurationName = Release;
		};
/* End XCConfigurationList section */

/* Begin XCRemoteSwiftPackageReference section */
		034C71632C64FAFF0040AD4F /* XCRemoteSwiftPackageReference "SnapKit" */ = {
			isa = XCRemoteSwiftPackageReference;
			repositoryURL = "https://github.com/SnapKit/SnapKit.git";
			requirement = {
				kind = upToNextMajorVersion;
				minimumVersion = 5.0.1;
			};
		};
		E71F6E612C6B8995001BCFEB /* XCRemoteSwiftPackageReference "Swinject" */ = {
			isa = XCRemoteSwiftPackageReference;
			repositoryURL = "https://github.com/Swinject/Swinject.git";
			requirement = {
				kind = upToNextMajorVersion;
				minimumVersion = 2.9.0;
			};
		};
		E7FDDB252C64370E00DE2A7A /* XCRemoteSwiftPackageReference "rive-ios" */ = {
			isa = XCRemoteSwiftPackageReference;
			repositoryURL = "https://github.com/rive-app/rive-ios";
			requirement = {
				kind = upToNextMajorVersion;
				minimumVersion = 6.0.0;
			};
		};
/* End XCRemoteSwiftPackageReference section */

/* Begin XCSwiftPackageProductDependency section */
		034C71642C64FAFF0040AD4F /* SnapKit */ = {
			isa = XCSwiftPackageProductDependency;
			package = 034C71632C64FAFF0040AD4F /* XCRemoteSwiftPackageReference "SnapKit" */;
			productName = SnapKit;
		};
		E71F6E632C6B8B3B001BCFEB /* Swinject */ = {
			isa = XCSwiftPackageProductDependency;
			package = E71F6E612C6B8995001BCFEB /* XCRemoteSwiftPackageReference "Swinject" */;
			productName = Swinject;
		};
		E7FDDB262C64370E00DE2A7A /* RiveRuntime */ = {
			isa = XCSwiftPackageProductDependency;
			package = E7FDDB252C64370E00DE2A7A /* XCRemoteSwiftPackageReference "rive-ios" */;
			productName = RiveRuntime;
		};
/* End XCSwiftPackageProductDependency section */
	};
	rootObject = E7FDDACB2C64301B00DE2A7A /* Project object */;
}
